// !$*UTF8*$!
{
	archiveVersion = 1;
	classes = {
	};
	objectVersion = 46;
	objects = {

/* Begin PBXBuildFile section */
		7B06EC6C19886FCE00C44892 /* SettingsViewController.swift in Sources */ = {isa = PBXBuildFile; fileRef = 7B06EC6B19886FCE00C44892 /* SettingsViewController.swift */; };
		7B06EC701988798600C44892 /* IOSKnobControl.m in Sources */ = {isa = PBXBuildFile; fileRef = 7B06EC6F1988798600C44892 /* IOSKnobControl.m */; };
		7B06EC72198879C500C44892 /* ThemeViewController.swift in Sources */ = {isa = PBXBuildFile; fileRef = 7B06EC71198879C500C44892 /* ThemeViewController.swift */; };
		7B06EC741988AC6F00C44892 /* SettingLabelTableViewCell.swift in Sources */ = {isa = PBXBuildFile; fileRef = 7B06EC731988AC6F00C44892 /* SettingLabelTableViewCell.swift */; };
		7B06EC761988AD6E00C44892 /* SettingNavigationTableViewCell.swift in Sources */ = {isa = PBXBuildFile; fileRef = 7B06EC751988AD6E00C44892 /* SettingNavigationTableViewCell.swift */; };
		7B06EC781988AE0A00C44892 /* SettingNavigationValueTableViewCell.swift in Sources */ = {isa = PBXBuildFile; fileRef = 7B06EC771988AE0A00C44892 /* SettingNavigationValueTableViewCell.swift */; };
		7B1152011974340900869E15 /* DubsarServer.m in Sources */ = {isa = PBXBuildFile; fileRef = 7B1152001974340900869E15 /* DubsarServer.m */; };
		7B115203197435C100869E15 /* client_secret.txt in Resources */ = {isa = PBXBuildFile; fileRef = 7B115202197435C100869E15 /* client_secret.txt */; };
		7B1B4E79197450F5008F38BF /* Main.storyboard in Resources */ = {isa = PBXBuildFile; fileRef = 7BAC226219732D6C00D2AEA4 /* Main.storyboard */; };
		7B1B4E7B19747EB6008F38BF /* WordViewController.swift in Sources */ = {isa = PBXBuildFile; fileRef = 7B1B4E7A19747EB6008F38BF /* WordViewController.swift */; };
		7B1FDE2E19894E81004519D4 /* SettingSwitchValueTableViewCell.swift in Sources */ = {isa = PBXBuildFile; fileRef = 7B1FDE2D19894E81004519D4 /* SettingSwitchValueTableViewCell.swift */; };
		7B2F4642198AEAC500F57D21 /* DownloadButtonImage.m in Sources */ = {isa = PBXBuildFile; fileRef = 7B2F4641198AEAC500F57D21 /* DownloadButtonImage.m */; };
		7B2F4644198AF79200F57D21 /* DownloadBarButtonItem.swift in Sources */ = {isa = PBXBuildFile; fileRef = 7B2F4643198AF79200F57D21 /* DownloadBarButtonItem.swift */; };
		7B2F464B198B1CC100F57D21 /* UIApplication+NetworkRefCount.m in Sources */ = {isa = PBXBuildFile; fileRef = 7B2F464A198B1CC100F57D21 /* UIApplication+NetworkRefCount.m */; };
		7B497C8D1978546000563A4B /* ScrollingSynsetView.swift in Sources */ = {isa = PBXBuildFile; fileRef = 7B497C8C1978546000563A4B /* ScrollingSynsetView.swift */; };
		7B497C971978889700563A4B /* SynsetPointerView.swift in Sources */ = {isa = PBXBuildFile; fileRef = 7B497C961978889700563A4B /* SynsetPointerView.swift */; };
		7B497C991979C3AF00563A4B /* NavButton.swift in Sources */ = {isa = PBXBuildFile; fileRef = 7B497C981979C3AF00563A4B /* NavButton.swift */; };
		7B62D75019773272006A797C /* NavButtonImage.m in Sources */ = {isa = PBXBuildFile; fileRef = 7B62D74F19773272006A797C /* NavButtonImage.m */; };
		7B62D752197782F2006A797C /* SynsetSampleView.swift in Sources */ = {isa = PBXBuildFile; fileRef = 7B62D751197782F2006A797C /* SynsetSampleView.swift */; };
		7B66C019198D3E5200257DDB /* SystemConfiguration.framework in Frameworks */ = {isa = PBXBuildFile; fileRef = 7B66C018198D3E5200257DDB /* SystemConfiguration.framework */; };
		7B66C01C198D4D5900257DDB /* CGHelper.m in Sources */ = {isa = PBXBuildFile; fileRef = 7B66C01B198D4D5900257DDB /* CGHelper.m */; };
		7B66C01E198D585B00257DDB /* GradientView.swift in Sources */ = {isa = PBXBuildFile; fileRef = 7B66C01D198D585B00257DDB /* GradientView.swift */; };
		7B670D0D1973851F00E83937 /* iTunesArtwork in Resources */ = {isa = PBXBuildFile; fileRef = 7B670D0B1973851F00E83937 /* iTunesArtwork */; };
		7B670D0E1973851F00E83937 /* iTunesArtwork@2x in Resources */ = {isa = PBXBuildFile; fileRef = 7B670D0C1973851F00E83937 /* iTunesArtwork@2x */; };
		7B670D10197398B600E83937 /* Settings.bundle in Resources */ = {isa = PBXBuildFile; fileRef = 7B670D0F197398B600E83937 /* Settings.bundle */; };
		7B6CC038197E1C3800151799 /* OpenWordTableViewCell.swift in Sources */ = {isa = PBXBuildFile; fileRef = 7B6CC037197E1C3800151799 /* OpenWordTableViewCell.swift */; };
		7B7382F5198418EA00880CF2 /* AboutViewController.swift in Sources */ = {isa = PBXBuildFile; fileRef = 7B7382F4198418EA00880CF2 /* AboutViewController.swift */; };
		7B7382FB1984700900880CF2 /* FAQViewController.swift in Sources */ = {isa = PBXBuildFile; fileRef = 7B7382FA1984700900880CF2 /* FAQViewController.swift */; };
		7B7D3E93197DB3DC00619DEA /* KeyboardHelper.m in Sources */ = {isa = PBXBuildFile; fileRef = 7B7D3E92197DB3DC00619DEA /* KeyboardHelper.m */; };
		7B82C93E19760A0E0077D1A0 /* SynsetViewController.swift in Sources */ = {isa = PBXBuildFile; fileRef = 7B82C93D19760A0E0077D1A0 /* SynsetViewController.swift */; };
		7B82C94119760D5F0077D1A0 /* SynsetHeaderView.swift in Sources */ = {isa = PBXBuildFile; fileRef = 7B82C94019760D5F0077D1A0 /* SynsetHeaderView.swift */; };
		7B82C94319760EDC0077D1A0 /* DubsarModelsSynset+ViewSizing.swift in Sources */ = {isa = PBXBuildFile; fileRef = 7B82C94219760EDC0077D1A0 /* DubsarModelsSynset+ViewSizing.swift */; };
		7B82D29E1974A12400F983F6 /* LoadingTableViewCell.swift in Sources */ = {isa = PBXBuildFile; fileRef = 7B82D29D1974A12400F983F6 /* LoadingTableViewCell.swift */; };
		7B82D2A01974A3A400F983F6 /* SenseTableViewCell.swift in Sources */ = {isa = PBXBuildFile; fileRef = 7B82D29F1974A3A400F983F6 /* SenseTableViewCell.swift */; };
		7BA85A5619848DA100222A6D /* AppConfiguration.swift in Sources */ = {isa = PBXBuildFile; fileRef = 7BA85A5519848DA100222A6D /* AppConfiguration.swift */; };
		7BA90E0A197786D400D5C180 /* PushWrapper.m in Sources */ = {isa = PBXBuildFile; fileRef = 7BA90E09197786D400D5C180 /* PushWrapper.m */; };
		7BAC225F19732D6C00D2AEA4 /* AppDelegate.swift in Sources */ = {isa = PBXBuildFile; fileRef = 7BAC225E19732D6C00D2AEA4 /* AppDelegate.swift */; };
		7BAC226119732D6C00D2AEA4 /* MainViewController.swift in Sources */ = {isa = PBXBuildFile; fileRef = 7BAC226019732D6C00D2AEA4 /* MainViewController.swift */; };
		7BAC226619732D6C00D2AEA4 /* Images.xcassets in Resources */ = {isa = PBXBuildFile; fileRef = 7BAC226519732D6C00D2AEA4 /* Images.xcassets */; };
		7BAC227219732D6C00D2AEA4 /* DubsarTests.swift in Sources */ = {isa = PBXBuildFile; fileRef = 7BAC227119732D6C00D2AEA4 /* DubsarTests.swift */; };
		7BAC229C1973322F00D2AEA4 /* Dubsar.m in Sources */ = {isa = PBXBuildFile; fileRef = 7BAC228A1973322F00D2AEA4 /* Dubsar.m */; };
		7BAC22CF19734A9100D2AEA4 /* AutocompleterTest.m in Sources */ = {isa = PBXBuildFile; fileRef = 7BAC22BE19734A9100D2AEA4 /* AutocompleterTest.m */; };
		7BAC22D019734A9100D2AEA4 /* DailyWordTest.m in Sources */ = {isa = PBXBuildFile; fileRef = 7BAC22C019734A9100D2AEA4 /* DailyWordTest.m */; };
		7BAC22D119734A9100D2AEA4 /* ModelTestCase.m in Sources */ = {isa = PBXBuildFile; fileRef = 7BAC22C219734A9100D2AEA4 /* ModelTestCase.m */; };
		7BAC22D219734A9100D2AEA4 /* PartOfSpeechDictionaryTest.m in Sources */ = {isa = PBXBuildFile; fileRef = 7BAC22C419734A9100D2AEA4 /* PartOfSpeechDictionaryTest.m */; };
		7BAC22D319734A9100D2AEA4 /* PointerDictionaryTest.m in Sources */ = {isa = PBXBuildFile; fileRef = 7BAC22C619734A9100D2AEA4 /* PointerDictionaryTest.m */; };
		7BAC22D419734A9100D2AEA4 /* SearchTest.m in Sources */ = {isa = PBXBuildFile; fileRef = 7BAC22C819734A9100D2AEA4 /* SearchTest.m */; };
		7BAC22D519734A9100D2AEA4 /* SenseTest.m in Sources */ = {isa = PBXBuildFile; fileRef = 7BAC22CA19734A9100D2AEA4 /* SenseTest.m */; };
		7BAC22D619734A9100D2AEA4 /* SynsetTest.m in Sources */ = {isa = PBXBuildFile; fileRef = 7BAC22CC19734A9100D2AEA4 /* SynsetTest.m */; };
		7BAC22D719734A9100D2AEA4 /* WordTest.m in Sources */ = {isa = PBXBuildFile; fileRef = 7BAC22CE19734A9100D2AEA4 /* WordTest.m */; };
		7BAC23491973639200D2AEA4 /* DubsarModels.framework in Frameworks */ = {isa = PBXBuildFile; fileRef = 7BAC23481973639200D2AEA4 /* DubsarModels.framework */; };
		7BAC234F1973698100D2AEA4 /* DubsarModels.framework in Frameworks */ = {isa = PBXBuildFile; fileRef = 7BAC23481973639200D2AEA4 /* DubsarModels.framework */; };
		7BAC23591973753300D2AEA4 /* libsqlite3.0.dylib in Frameworks */ = {isa = PBXBuildFile; fileRef = 7BAC23581973753300D2AEA4 /* libsqlite3.0.dylib */; };
		7BAC235E1973754F00D2AEA4 /* libsqlite3.0.dylib in Frameworks */ = {isa = PBXBuildFile; fileRef = 7BAC23581973753300D2AEA4 /* libsqlite3.0.dylib */; };
		7BBBD6D71989B54D0030FDA9 /* DatabaseManager.m in Sources */ = {isa = PBXBuildFile; fileRef = 7BBBD6D61989B54D0030FDA9 /* DatabaseManager.m */; };
		7BBBD6DD1989C8850030FDA9 /* ioapi.c in Sources */ = {isa = PBXBuildFile; fileRef = 7BBBD6D91989C8850030FDA9 /* ioapi.c */; };
		7BBBD6DE1989C8850030FDA9 /* unzip.c in Sources */ = {isa = PBXBuildFile; fileRef = 7BBBD6DB1989C8850030FDA9 /* unzip.c */; };
		7BBBD6E01989C8AA0030FDA9 /* libz.dylib in Frameworks */ = {isa = PBXBuildFile; fileRef = 7BBBD6DF1989C8AA0030FDA9 /* libz.dylib */; };
		7BBBD6E21989E6070030FDA9 /* DownloadProgressTableViewCell.swift in Sources */ = {isa = PBXBuildFile; fileRef = 7BBBD6E11989E6070030FDA9 /* DownloadProgressTableViewCell.swift */; };
		7BBF83701974D58400969765 /* SearchViewController.swift in Sources */ = {isa = PBXBuildFile; fileRef = 7BBF836F1974D58400969765 /* SearchViewController.swift */; };
		7BBF83721974DB8200969765 /* WordTableViewCell.swift in Sources */ = {isa = PBXBuildFile; fileRef = 7BBF83711974DB8200969765 /* WordTableViewCell.swift */; };
		7BBF83741975871300969765 /* BaseViewController.swift in Sources */ = {isa = PBXBuildFile; fileRef = 7BBF83731975871300969765 /* BaseViewController.swift */; };
		7BBF837D1975C8A400969765 /* DubsarModelsWord+ViewSizing.swift in Sources */ = {isa = PBXBuildFile; fileRef = 7BBF837C1975C8A400969765 /* DubsarModelsWord+ViewSizing.swift */; };
		7BBF837F1975CDBD00969765 /* NSString+ViewSizing.swift in Sources */ = {isa = PBXBuildFile; fileRef = 7BBF837E1975CDBD00969765 /* NSString+ViewSizing.swift */; };
		7BBF83821975DF0C00969765 /* DubsarModelsSense+ViewSizing.swift in Sources */ = {isa = PBXBuildFile; fileRef = 7BBF83811975DF0C00969765 /* DubsarModelsSense+ViewSizing.swift */; };
		7BCA161E197D6E260016C104 /* AlphabetView.swift in Sources */ = {isa = PBXBuildFile; fileRef = 7BCA161D197D6E260016C104 /* AlphabetView.swift */; };
		7BD8459D198DD013000C3EA5 /* Router.swift in Sources */ = {isa = PBXBuildFile; fileRef = 7BD8459C198DD013000C3EA5 /* Router.swift */; };
		7BD845AA19904D2E000C3EA5 /* DMLOG.swift in Sources */ = {isa = PBXBuildFile; fileRef = 7BD845A919904D2E000C3EA5 /* DMLOG.swift */; };
		7BDE9B631979FDF8002E7574 /* OpenSenseTableViewCell.swift in Sources */ = {isa = PBXBuildFile; fileRef = 7BDE9B621979FDF8002E7574 /* OpenSenseTableViewCell.swift */; };
		7BDE9B65197C6B1E002E7574 /* AutocompleterView.swift in Sources */ = {isa = PBXBuildFile; fileRef = 7BDE9B64197C6B1E002E7574 /* AutocompleterView.swift */; };
/* End PBXBuildFile section */

/* Begin PBXContainerItemProxy section */
		7B66C014198C8F6F00257DDB /* PBXContainerItemProxy */ = {
			isa = PBXContainerItemProxy;
			containerPortal = 7BAC225119732D6C00D2AEA4 /* Project object */;
			proxyType = 1;
			remoteGlobalIDString = 7BAC225819732D6C00D2AEA4;
			remoteInfo = Dubsar;
		};
		7B66C016198C8F7000257DDB /* PBXContainerItemProxy */ = {
			isa = PBXContainerItemProxy;
			containerPortal = 7BAC225119732D6C00D2AEA4 /* Project object */;
			proxyType = 1;
			remoteGlobalIDString = 7BAC225819732D6C00D2AEA4;
			remoteInfo = Dubsar;
		};
		7BAC226C19732D6C00D2AEA4 /* PBXContainerItemProxy */ = {
			isa = PBXContainerItemProxy;
			containerPortal = 7BAC225119732D6C00D2AEA4 /* Project object */;
			proxyType = 1;
			remoteGlobalIDString = 7BAC225819732D6C00D2AEA4;
			remoteInfo = Dubsar;
		};
		7BAC234B1973697600D2AEA4 /* PBXContainerItemProxy */ = {
			isa = PBXContainerItemProxy;
			containerPortal = 7BAC225119732D6C00D2AEA4 /* Project object */;
			proxyType = 1;
			remoteGlobalIDString = 7BAC225819732D6C00D2AEA4;
			remoteInfo = Dubsar;
		};
		7BAC234D1973697600D2AEA4 /* PBXContainerItemProxy */ = {
			isa = PBXContainerItemProxy;
			containerPortal = 7BAC225119732D6C00D2AEA4 /* Project object */;
			proxyType = 1;
			remoteGlobalIDString = 7BAC225819732D6C00D2AEA4;
			remoteInfo = Dubsar;
		};
		7BAC235A1973754900D2AEA4 /* PBXContainerItemProxy */ = {
			isa = PBXContainerItemProxy;
			containerPortal = 7BAC225119732D6C00D2AEA4 /* Project object */;
			proxyType = 1;
			remoteGlobalIDString = 7BAC225819732D6C00D2AEA4;
			remoteInfo = Dubsar;
		};
		7BAC235C1973754900D2AEA4 /* PBXContainerItemProxy */ = {
			isa = PBXContainerItemProxy;
			containerPortal = 7BAC225119732D6C00D2AEA4 /* Project object */;
			proxyType = 1;
			remoteGlobalIDString = 7BAC225819732D6C00D2AEA4;
			remoteInfo = Dubsar;
		};
/* End PBXContainerItemProxy section */

/* Begin PBXFileReference section */
		7B06EC6B19886FCE00C44892 /* SettingsViewController.swift */ = {isa = PBXFileReference; fileEncoding = 4; lastKnownFileType = sourcecode.swift; path = SettingsViewController.swift; sourceTree = "<group>"; };
		7B06EC6E1988798600C44892 /* IOSKnobControl.h */ = {isa = PBXFileReference; fileEncoding = 4; lastKnownFileType = sourcecode.c.h; path = IOSKnobControl.h; sourceTree = "<group>"; };
		7B06EC6F1988798600C44892 /* IOSKnobControl.m */ = {isa = PBXFileReference; fileEncoding = 4; lastKnownFileType = sourcecode.c.objc; path = IOSKnobControl.m; sourceTree = "<group>"; };
		7B06EC71198879C500C44892 /* ThemeViewController.swift */ = {isa = PBXFileReference; fileEncoding = 4; lastKnownFileType = sourcecode.swift; path = ThemeViewController.swift; sourceTree = "<group>"; };
		7B06EC731988AC6F00C44892 /* SettingLabelTableViewCell.swift */ = {isa = PBXFileReference; fileEncoding = 4; lastKnownFileType = sourcecode.swift; path = SettingLabelTableViewCell.swift; sourceTree = "<group>"; };
		7B06EC751988AD6E00C44892 /* SettingNavigationTableViewCell.swift */ = {isa = PBXFileReference; fileEncoding = 4; lastKnownFileType = sourcecode.swift; path = SettingNavigationTableViewCell.swift; sourceTree = "<group>"; };
		7B06EC771988AE0A00C44892 /* SettingNavigationValueTableViewCell.swift */ = {isa = PBXFileReference; fileEncoding = 4; lastKnownFileType = sourcecode.swift; path = SettingNavigationValueTableViewCell.swift; sourceTree = "<group>"; };
		7B1151FF1974340900869E15 /* DubsarServer.h */ = {isa = PBXFileReference; fileEncoding = 4; lastKnownFileType = sourcecode.c.h; path = DubsarServer.h; sourceTree = "<group>"; };
		7B1152001974340900869E15 /* DubsarServer.m */ = {isa = PBXFileReference; fileEncoding = 4; lastKnownFileType = sourcecode.c.objc; path = DubsarServer.m; sourceTree = "<group>"; };
		7B115202197435C100869E15 /* client_secret.txt */ = {isa = PBXFileReference; fileEncoding = 4; lastKnownFileType = text; path = client_secret.txt; sourceTree = "<group>"; };
		7B1B4E7A19747EB6008F38BF /* WordViewController.swift */ = {isa = PBXFileReference; fileEncoding = 4; lastKnownFileType = sourcecode.swift; path = WordViewController.swift; sourceTree = "<group>"; };
		7B1FDE2D19894E81004519D4 /* SettingSwitchValueTableViewCell.swift */ = {isa = PBXFileReference; fileEncoding = 4; lastKnownFileType = sourcecode.swift; path = SettingSwitchValueTableViewCell.swift; sourceTree = "<group>"; };
		7B2F4640198AEAC500F57D21 /* DownloadButtonImage.h */ = {isa = PBXFileReference; fileEncoding = 4; lastKnownFileType = sourcecode.c.h; path = DownloadButtonImage.h; sourceTree = "<group>"; };
		7B2F4641198AEAC500F57D21 /* DownloadButtonImage.m */ = {isa = PBXFileReference; fileEncoding = 4; lastKnownFileType = sourcecode.c.objc; path = DownloadButtonImage.m; sourceTree = "<group>"; };
		7B2F4643198AF79200F57D21 /* DownloadBarButtonItem.swift */ = {isa = PBXFileReference; fileEncoding = 4; lastKnownFileType = sourcecode.swift; path = DownloadBarButtonItem.swift; sourceTree = "<group>"; };
		7B2F4649198B1CC100F57D21 /* UIApplication+NetworkRefCount.h */ = {isa = PBXFileReference; fileEncoding = 4; lastKnownFileType = sourcecode.c.h; path = "UIApplication+NetworkRefCount.h"; sourceTree = "<group>"; };
		7B2F464A198B1CC100F57D21 /* UIApplication+NetworkRefCount.m */ = {isa = PBXFileReference; fileEncoding = 4; lastKnownFileType = sourcecode.c.objc; path = "UIApplication+NetworkRefCount.m"; sourceTree = "<group>"; };
		7B497C8C1978546000563A4B /* ScrollingSynsetView.swift */ = {isa = PBXFileReference; fileEncoding = 4; lastKnownFileType = sourcecode.swift; path = ScrollingSynsetView.swift; sourceTree = "<group>"; };
		7B497C961978889700563A4B /* SynsetPointerView.swift */ = {isa = PBXFileReference; fileEncoding = 4; lastKnownFileType = sourcecode.swift; path = SynsetPointerView.swift; sourceTree = "<group>"; };
		7B497C981979C3AF00563A4B /* NavButton.swift */ = {isa = PBXFileReference; fileEncoding = 4; lastKnownFileType = sourcecode.swift; path = NavButton.swift; sourceTree = "<group>"; };
		7B62D74E19773272006A797C /* NavButtonImage.h */ = {isa = PBXFileReference; fileEncoding = 4; lastKnownFileType = sourcecode.c.h; path = NavButtonImage.h; sourceTree = "<group>"; };
		7B62D74F19773272006A797C /* NavButtonImage.m */ = {isa = PBXFileReference; fileEncoding = 4; lastKnownFileType = sourcecode.c.objc; path = NavButtonImage.m; sourceTree = "<group>"; };
		7B62D751197782F2006A797C /* SynsetSampleView.swift */ = {isa = PBXFileReference; fileEncoding = 4; lastKnownFileType = sourcecode.swift; path = SynsetSampleView.swift; sourceTree = "<group>"; };
		7B66C018198D3E5200257DDB /* SystemConfiguration.framework */ = {isa = PBXFileReference; lastKnownFileType = wrapper.framework; name = SystemConfiguration.framework; path = System/Library/Frameworks/SystemConfiguration.framework; sourceTree = SDKROOT; };
		7B66C01A198D4D5900257DDB /* CGHelper.h */ = {isa = PBXFileReference; fileEncoding = 4; lastKnownFileType = sourcecode.c.h; path = CGHelper.h; sourceTree = "<group>"; };
		7B66C01B198D4D5900257DDB /* CGHelper.m */ = {isa = PBXFileReference; fileEncoding = 4; lastKnownFileType = sourcecode.c.objc; path = CGHelper.m; sourceTree = "<group>"; };
		7B66C01D198D585B00257DDB /* GradientView.swift */ = {isa = PBXFileReference; fileEncoding = 4; lastKnownFileType = sourcecode.swift; path = GradientView.swift; sourceTree = "<group>"; };
		7B670D0B1973851F00E83937 /* iTunesArtwork */ = {isa = PBXFileReference; lastKnownFileType = file; path = iTunesArtwork; sourceTree = "<group>"; };
		7B670D0C1973851F00E83937 /* iTunesArtwork@2x */ = {isa = PBXFileReference; lastKnownFileType = file; path = "iTunesArtwork@2x"; sourceTree = "<group>"; };
		7B670D0F197398B600E83937 /* Settings.bundle */ = {isa = PBXFileReference; lastKnownFileType = "wrapper.plug-in"; path = Settings.bundle; sourceTree = "<group>"; };
		7B6CC037197E1C3800151799 /* OpenWordTableViewCell.swift */ = {isa = PBXFileReference; fileEncoding = 4; lastKnownFileType = sourcecode.swift; path = OpenWordTableViewCell.swift; sourceTree = "<group>"; };
		7B7382F4198418EA00880CF2 /* AboutViewController.swift */ = {isa = PBXFileReference; fileEncoding = 4; lastKnownFileType = sourcecode.swift; path = AboutViewController.swift; sourceTree = "<group>"; };
		7B7382FA1984700900880CF2 /* FAQViewController.swift */ = {isa = PBXFileReference; fileEncoding = 4; lastKnownFileType = sourcecode.swift; path = FAQViewController.swift; sourceTree = "<group>"; };
		7B7D3E91197DB3DC00619DEA /* KeyboardHelper.h */ = {isa = PBXFileReference; fileEncoding = 4; lastKnownFileType = sourcecode.c.h; path = KeyboardHelper.h; sourceTree = "<group>"; };
		7B7D3E92197DB3DC00619DEA /* KeyboardHelper.m */ = {isa = PBXFileReference; fileEncoding = 4; lastKnownFileType = sourcecode.c.objc; path = KeyboardHelper.m; sourceTree = "<group>"; };
		7B82C93D19760A0E0077D1A0 /* SynsetViewController.swift */ = {isa = PBXFileReference; fileEncoding = 4; lastKnownFileType = sourcecode.swift; path = SynsetViewController.swift; sourceTree = "<group>"; };
		7B82C94019760D5F0077D1A0 /* SynsetHeaderView.swift */ = {isa = PBXFileReference; fileEncoding = 4; lastKnownFileType = sourcecode.swift; path = SynsetHeaderView.swift; sourceTree = "<group>"; };
		7B82C94219760EDC0077D1A0 /* DubsarModelsSynset+ViewSizing.swift */ = {isa = PBXFileReference; fileEncoding = 4; lastKnownFileType = sourcecode.swift; path = "DubsarModelsSynset+ViewSizing.swift"; sourceTree = "<group>"; };
		7B82D29D1974A12400F983F6 /* LoadingTableViewCell.swift */ = {isa = PBXFileReference; fileEncoding = 4; lastKnownFileType = sourcecode.swift; path = LoadingTableViewCell.swift; sourceTree = "<group>"; };
		7B82D29F1974A3A400F983F6 /* SenseTableViewCell.swift */ = {isa = PBXFileReference; fileEncoding = 4; lastKnownFileType = sourcecode.swift; path = SenseTableViewCell.swift; sourceTree = "<group>"; };
		7BA85A5519848DA100222A6D /* AppConfiguration.swift */ = {isa = PBXFileReference; fileEncoding = 4; lastKnownFileType = sourcecode.swift; path = AppConfiguration.swift; sourceTree = "<group>"; };
		7BA90E08197786D400D5C180 /* PushWrapper.h */ = {isa = PBXFileReference; fileEncoding = 4; lastKnownFileType = sourcecode.c.h; path = PushWrapper.h; sourceTree = "<group>"; };
		7BA90E09197786D400D5C180 /* PushWrapper.m */ = {isa = PBXFileReference; fileEncoding = 4; lastKnownFileType = sourcecode.c.objc; path = PushWrapper.m; sourceTree = "<group>"; };
		7BAC225919732D6C00D2AEA4 /* Dubsar.app */ = {isa = PBXFileReference; explicitFileType = wrapper.application; includeInIndex = 0; path = Dubsar.app; sourceTree = BUILT_PRODUCTS_DIR; };
		7BAC225D19732D6C00D2AEA4 /* Info.plist */ = {isa = PBXFileReference; lastKnownFileType = text.plist.xml; path = Info.plist; sourceTree = "<group>"; };
		7BAC225E19732D6C00D2AEA4 /* AppDelegate.swift */ = {isa = PBXFileReference; lastKnownFileType = sourcecode.swift; path = AppDelegate.swift; sourceTree = "<group>"; };
		7BAC226019732D6C00D2AEA4 /* MainViewController.swift */ = {isa = PBXFileReference; lastKnownFileType = sourcecode.swift; path = MainViewController.swift; sourceTree = "<group>"; };
		7BAC226319732D6C00D2AEA4 /* Base */ = {isa = PBXFileReference; lastKnownFileType = file.storyboard; name = Base; path = Base.lproj/Main.storyboard; sourceTree = "<group>"; };
		7BAC226519732D6C00D2AEA4 /* Images.xcassets */ = {isa = PBXFileReference; lastKnownFileType = folder.assetcatalog; path = Images.xcassets; sourceTree = "<group>"; };
		7BAC226B19732D6C00D2AEA4 /* DubsarTests.xctest */ = {isa = PBXFileReference; explicitFileType = wrapper.cfbundle; includeInIndex = 0; path = DubsarTests.xctest; sourceTree = BUILT_PRODUCTS_DIR; };
		7BAC227019732D6C00D2AEA4 /* Info.plist */ = {isa = PBXFileReference; lastKnownFileType = text.plist.xml; path = Info.plist; sourceTree = "<group>"; };
		7BAC227119732D6C00D2AEA4 /* DubsarTests.swift */ = {isa = PBXFileReference; lastKnownFileType = sourcecode.swift; path = DubsarTests.swift; sourceTree = "<group>"; };
		7BAC22891973322F00D2AEA4 /* Dubsar.h */ = {isa = PBXFileReference; fileEncoding = 4; lastKnownFileType = sourcecode.c.h; path = Dubsar.h; sourceTree = "<group>"; };
		7BAC228A1973322F00D2AEA4 /* Dubsar.m */ = {isa = PBXFileReference; fileEncoding = 4; lastKnownFileType = sourcecode.c.objc; path = Dubsar.m; sourceTree = "<group>"; };
		7BAC22B71973343900D2AEA4 /* Dubsar-Bridging-Header.h */ = {isa = PBXFileReference; lastKnownFileType = sourcecode.c.h; path = "Dubsar-Bridging-Header.h"; sourceTree = "<group>"; };
		7BAC22BD19734A9100D2AEA4 /* AutocompleterTest.h */ = {isa = PBXFileReference; fileEncoding = 4; lastKnownFileType = sourcecode.c.h; path = AutocompleterTest.h; sourceTree = "<group>"; };
		7BAC22BE19734A9100D2AEA4 /* AutocompleterTest.m */ = {isa = PBXFileReference; fileEncoding = 4; lastKnownFileType = sourcecode.c.objc; path = AutocompleterTest.m; sourceTree = "<group>"; };
		7BAC22BF19734A9100D2AEA4 /* DailyWordTest.h */ = {isa = PBXFileReference; fileEncoding = 4; lastKnownFileType = sourcecode.c.h; path = DailyWordTest.h; sourceTree = "<group>"; };
		7BAC22C019734A9100D2AEA4 /* DailyWordTest.m */ = {isa = PBXFileReference; fileEncoding = 4; lastKnownFileType = sourcecode.c.objc; path = DailyWordTest.m; sourceTree = "<group>"; };
		7BAC22C119734A9100D2AEA4 /* ModelTestCase.h */ = {isa = PBXFileReference; fileEncoding = 4; lastKnownFileType = sourcecode.c.h; path = ModelTestCase.h; sourceTree = "<group>"; };
		7BAC22C219734A9100D2AEA4 /* ModelTestCase.m */ = {isa = PBXFileReference; fileEncoding = 4; lastKnownFileType = sourcecode.c.objc; path = ModelTestCase.m; sourceTree = "<group>"; };
		7BAC22C319734A9100D2AEA4 /* PartOfSpeechDictionaryTest.h */ = {isa = PBXFileReference; fileEncoding = 4; lastKnownFileType = sourcecode.c.h; path = PartOfSpeechDictionaryTest.h; sourceTree = "<group>"; };
		7BAC22C419734A9100D2AEA4 /* PartOfSpeechDictionaryTest.m */ = {isa = PBXFileReference; fileEncoding = 4; lastKnownFileType = sourcecode.c.objc; path = PartOfSpeechDictionaryTest.m; sourceTree = "<group>"; };
		7BAC22C519734A9100D2AEA4 /* PointerDictionaryTest.h */ = {isa = PBXFileReference; fileEncoding = 4; lastKnownFileType = sourcecode.c.h; path = PointerDictionaryTest.h; sourceTree = "<group>"; };
		7BAC22C619734A9100D2AEA4 /* PointerDictionaryTest.m */ = {isa = PBXFileReference; fileEncoding = 4; lastKnownFileType = sourcecode.c.objc; path = PointerDictionaryTest.m; sourceTree = "<group>"; };
		7BAC22C719734A9100D2AEA4 /* SearchTest.h */ = {isa = PBXFileReference; fileEncoding = 4; lastKnownFileType = sourcecode.c.h; path = SearchTest.h; sourceTree = "<group>"; };
		7BAC22C819734A9100D2AEA4 /* SearchTest.m */ = {isa = PBXFileReference; fileEncoding = 4; lastKnownFileType = sourcecode.c.objc; path = SearchTest.m; sourceTree = "<group>"; };
		7BAC22C919734A9100D2AEA4 /* SenseTest.h */ = {isa = PBXFileReference; fileEncoding = 4; lastKnownFileType = sourcecode.c.h; path = SenseTest.h; sourceTree = "<group>"; };
		7BAC22CA19734A9100D2AEA4 /* SenseTest.m */ = {isa = PBXFileReference; fileEncoding = 4; lastKnownFileType = sourcecode.c.objc; path = SenseTest.m; sourceTree = "<group>"; };
		7BAC22CB19734A9100D2AEA4 /* SynsetTest.h */ = {isa = PBXFileReference; fileEncoding = 4; lastKnownFileType = sourcecode.c.h; path = SynsetTest.h; sourceTree = "<group>"; };
		7BAC22CC19734A9100D2AEA4 /* SynsetTest.m */ = {isa = PBXFileReference; fileEncoding = 4; lastKnownFileType = sourcecode.c.objc; path = SynsetTest.m; sourceTree = "<group>"; };
		7BAC22CD19734A9100D2AEA4 /* WordTest.h */ = {isa = PBXFileReference; fileEncoding = 4; lastKnownFileType = sourcecode.c.h; path = WordTest.h; sourceTree = "<group>"; };
		7BAC22CE19734A9100D2AEA4 /* WordTest.m */ = {isa = PBXFileReference; fileEncoding = 4; lastKnownFileType = sourcecode.c.objc; path = WordTest.m; sourceTree = "<group>"; };
		7BAC23481973639200D2AEA4 /* DubsarModels.framework */ = {isa = PBXFileReference; lastKnownFileType = wrapper.framework; name = DubsarModels.framework; path = "../../../../Library/Developer/Xcode/DerivedData/Dubsar-gtxcrwsszmnigedrmhxqqasmxygq/Build/Products/Debug-iphoneos/DubsarModels.framework"; sourceTree = "<group>"; };
		7BAC23581973753300D2AEA4 /* libsqlite3.0.dylib */ = {isa = PBXFileReference; lastKnownFileType = "compiled.mach-o.dylib"; name = libsqlite3.0.dylib; path = usr/lib/libsqlite3.0.dylib; sourceTree = SDKROOT; };
		7BBBD6D51989B54D0030FDA9 /* DatabaseManager.h */ = {isa = PBXFileReference; fileEncoding = 4; lastKnownFileType = sourcecode.c.h; path = DatabaseManager.h; sourceTree = "<group>"; };
		7BBBD6D61989B54D0030FDA9 /* DatabaseManager.m */ = {isa = PBXFileReference; fileEncoding = 4; lastKnownFileType = sourcecode.c.objc; path = DatabaseManager.m; sourceTree = "<group>"; };
		7BBBD6D91989C8850030FDA9 /* ioapi.c */ = {isa = PBXFileReference; fileEncoding = 4; lastKnownFileType = sourcecode.c.c; path = ioapi.c; sourceTree = "<group>"; };
		7BBBD6DA1989C8850030FDA9 /* ioapi.h */ = {isa = PBXFileReference; fileEncoding = 4; lastKnownFileType = sourcecode.c.h; path = ioapi.h; sourceTree = "<group>"; };
		7BBBD6DB1989C8850030FDA9 /* unzip.c */ = {isa = PBXFileReference; fileEncoding = 4; lastKnownFileType = sourcecode.c.c; path = unzip.c; sourceTree = "<group>"; };
		7BBBD6DC1989C8850030FDA9 /* unzip.h */ = {isa = PBXFileReference; fileEncoding = 4; lastKnownFileType = sourcecode.c.h; path = unzip.h; sourceTree = "<group>"; };
		7BBBD6DF1989C8AA0030FDA9 /* libz.dylib */ = {isa = PBXFileReference; lastKnownFileType = "compiled.mach-o.dylib"; name = libz.dylib; path = usr/lib/libz.dylib; sourceTree = SDKROOT; };
		7BBBD6E11989E6070030FDA9 /* DownloadProgressTableViewCell.swift */ = {isa = PBXFileReference; fileEncoding = 4; lastKnownFileType = sourcecode.swift; path = DownloadProgressTableViewCell.swift; sourceTree = "<group>"; };
		7BBF836F1974D58400969765 /* SearchViewController.swift */ = {isa = PBXFileReference; fileEncoding = 4; lastKnownFileType = sourcecode.swift; path = SearchViewController.swift; sourceTree = "<group>"; };
		7BBF83711974DB8200969765 /* WordTableViewCell.swift */ = {isa = PBXFileReference; fileEncoding = 4; lastKnownFileType = sourcecode.swift; path = WordTableViewCell.swift; sourceTree = "<group>"; };
		7BBF83731975871300969765 /* BaseViewController.swift */ = {isa = PBXFileReference; fileEncoding = 4; lastKnownFileType = sourcecode.swift; path = BaseViewController.swift; sourceTree = "<group>"; };
		7BBF837C1975C8A400969765 /* DubsarModelsWord+ViewSizing.swift */ = {isa = PBXFileReference; fileEncoding = 4; lastKnownFileType = sourcecode.swift; path = "DubsarModelsWord+ViewSizing.swift"; sourceTree = "<group>"; };
		7BBF837E1975CDBD00969765 /* NSString+ViewSizing.swift */ = {isa = PBXFileReference; fileEncoding = 4; lastKnownFileType = sourcecode.swift; path = "NSString+ViewSizing.swift"; sourceTree = "<group>"; };
		7BBF83811975DF0C00969765 /* DubsarModelsSense+ViewSizing.swift */ = {isa = PBXFileReference; fileEncoding = 4; lastKnownFileType = sourcecode.swift; path = "DubsarModelsSense+ViewSizing.swift"; sourceTree = "<group>"; };
		7BCA161D197D6E260016C104 /* AlphabetView.swift */ = {isa = PBXFileReference; fileEncoding = 4; lastKnownFileType = sourcecode.swift; path = AlphabetView.swift; sourceTree = "<group>"; };
		7BD8459C198DD013000C3EA5 /* Router.swift */ = {isa = PBXFileReference; fileEncoding = 4; lastKnownFileType = sourcecode.swift; path = Router.swift; sourceTree = "<group>"; };
		7BD845A919904D2E000C3EA5 /* DMLOG.swift */ = {isa = PBXFileReference; fileEncoding = 4; lastKnownFileType = sourcecode.swift; path = DMLOG.swift; sourceTree = "<group>"; };
		7BDE9B621979FDF8002E7574 /* OpenSenseTableViewCell.swift */ = {isa = PBXFileReference; fileEncoding = 4; lastKnownFileType = sourcecode.swift; path = OpenSenseTableViewCell.swift; sourceTree = "<group>"; };
		7BDE9B64197C6B1E002E7574 /* AutocompleterView.swift */ = {isa = PBXFileReference; fileEncoding = 4; lastKnownFileType = sourcecode.swift; path = AutocompleterView.swift; sourceTree = "<group>"; };
/* End PBXFileReference section */

/* Begin PBXFrameworksBuildPhase section */
		7BAC225619732D6C00D2AEA4 /* Frameworks */ = {
			isa = PBXFrameworksBuildPhase;
			buildActionMask = 2147483647;
			files = (
				7B66C019198D3E5200257DDB /* SystemConfiguration.framework in Frameworks */,
				7BBBD6E01989C8AA0030FDA9 /* libz.dylib in Frameworks */,
				7BAC23591973753300D2AEA4 /* libsqlite3.0.dylib in Frameworks */,
				7BAC23491973639200D2AEA4 /* DubsarModels.framework in Frameworks */,
			);
			runOnlyForDeploymentPostprocessing = 0;
		};
		7BAC226819732D6C00D2AEA4 /* Frameworks */ = {
			isa = PBXFrameworksBuildPhase;
			buildActionMask = 2147483647;
			files = (
				7BAC235E1973754F00D2AEA4 /* libsqlite3.0.dylib in Frameworks */,
				7BAC234F1973698100D2AEA4 /* DubsarModels.framework in Frameworks */,
			);
			runOnlyForDeploymentPostprocessing = 0;
		};
/* End PBXFrameworksBuildPhase section */

/* Begin PBXGroup section */
		7B06EC6D1988794A00C44892 /* IOSKnobControl */ = {
			isa = PBXGroup;
			children = (
				7B06EC6E1988798600C44892 /* IOSKnobControl.h */,
				7B06EC6F1988798600C44892 /* IOSKnobControl.m */,
			);
			path = IOSKnobControl;
			sourceTree = "<group>";
		};
		7B670D1119739B0900E83937 /* Frameworks */ = {
			isa = PBXGroup;
			children = (
				7B66C018198D3E5200257DDB /* SystemConfiguration.framework */,
				7BBBD6DF1989C8AA0030FDA9 /* libz.dylib */,
				7BAC23581973753300D2AEA4 /* libsqlite3.0.dylib */,
				7BAC23481973639200D2AEA4 /* DubsarModels.framework */,
			);
			name = Frameworks;
			path = DubsarTests;
			sourceTree = "<group>";
		};
		7B82C93F19760D1C0077D1A0 /* Cells */ = {
			isa = PBXGroup;
			children = (
				7BBBD6E11989E6070030FDA9 /* DownloadProgressTableViewCell.swift */,
				7B82D29D1974A12400F983F6 /* LoadingTableViewCell.swift */,
				7BDE9B621979FDF8002E7574 /* OpenSenseTableViewCell.swift */,
				7B6CC037197E1C3800151799 /* OpenWordTableViewCell.swift */,
				7B82D29F1974A3A400F983F6 /* SenseTableViewCell.swift */,
				7B06EC731988AC6F00C44892 /* SettingLabelTableViewCell.swift */,
				7B06EC751988AD6E00C44892 /* SettingNavigationTableViewCell.swift */,
				7B06EC771988AE0A00C44892 /* SettingNavigationValueTableViewCell.swift */,
				7B1FDE2D19894E81004519D4 /* SettingSwitchValueTableViewCell.swift */,
				7BBF83711974DB8200969765 /* WordTableViewCell.swift */,
			);
			path = Cells;
			sourceTree = "<group>";
		};
		7BAC225019732D6C00D2AEA4 = {
			isa = PBXGroup;
			children = (
				7B670D0F197398B600E83937 /* Settings.bundle */,
				7B670D0B1973851F00E83937 /* iTunesArtwork */,
				7B670D0C1973851F00E83937 /* iTunesArtwork@2x */,
				7BAC225B19732D6C00D2AEA4 /* Dubsar */,
				7BAC226E19732D6C00D2AEA4 /* DubsarTests */,
				7B670D1119739B0900E83937 /* Frameworks */,
				7B06EC6D1988794A00C44892 /* IOSKnobControl */,
				7BBBD6D81989C8850030FDA9 /* minizip */,
				7BAC225A19732D6C00D2AEA4 /* Products */,
			);
			sourceTree = "<group>";
		};
		7BAC225A19732D6C00D2AEA4 /* Products */ = {
			isa = PBXGroup;
			children = (
				7BAC225919732D6C00D2AEA4 /* Dubsar.app */,
				7BAC226B19732D6C00D2AEA4 /* DubsarTests.xctest */,
			);
			name = Products;
			sourceTree = "<group>";
		};
		7BAC225B19732D6C00D2AEA4 /* Dubsar */ = {
			isa = PBXGroup;
			children = (
				7BAC22891973322F00D2AEA4 /* Dubsar.h */,
				7BAC228A1973322F00D2AEA4 /* Dubsar.m */,
				7BAC225E19732D6C00D2AEA4 /* AppDelegate.swift */,
				7BBF83801975CE7000969765 /* Utilities */,
				7BBF836D1974B53F00969765 /* Views */,
				7BBF836E1974B54A00969765 /* View Controllers */,
				7BAC226219732D6C00D2AEA4 /* Main.storyboard */,
				7BAC226519732D6C00D2AEA4 /* Images.xcassets */,
				7BAC225C19732D6C00D2AEA4 /* Supporting Files */,
			);
			path = Dubsar;
			sourceTree = "<group>";
		};
		7BAC225C19732D6C00D2AEA4 /* Supporting Files */ = {
			isa = PBXGroup;
			children = (
				7B115202197435C100869E15 /* client_secret.txt */,
				7BAC22B71973343900D2AEA4 /* Dubsar-Bridging-Header.h */,
				7BAC225D19732D6C00D2AEA4 /* Info.plist */,
			);
			name = "Supporting Files";
			sourceTree = "<group>";
		};
		7BAC226E19732D6C00D2AEA4 /* DubsarTests */ = {
			isa = PBXGroup;
			children = (
				7BAC227119732D6C00D2AEA4 /* DubsarTests.swift */,
				7BAC22BD19734A9100D2AEA4 /* AutocompleterTest.h */,
				7BAC22BE19734A9100D2AEA4 /* AutocompleterTest.m */,
				7BAC22BF19734A9100D2AEA4 /* DailyWordTest.h */,
				7BAC22C019734A9100D2AEA4 /* DailyWordTest.m */,
				7BAC22C119734A9100D2AEA4 /* ModelTestCase.h */,
				7BAC22C219734A9100D2AEA4 /* ModelTestCase.m */,
				7BAC22C319734A9100D2AEA4 /* PartOfSpeechDictionaryTest.h */,
				7BAC22C419734A9100D2AEA4 /* PartOfSpeechDictionaryTest.m */,
				7BAC22C519734A9100D2AEA4 /* PointerDictionaryTest.h */,
				7BAC22C619734A9100D2AEA4 /* PointerDictionaryTest.m */,
				7BAC22C719734A9100D2AEA4 /* SearchTest.h */,
				7BAC22C819734A9100D2AEA4 /* SearchTest.m */,
				7BAC22C919734A9100D2AEA4 /* SenseTest.h */,
				7BAC22CA19734A9100D2AEA4 /* SenseTest.m */,
				7BAC22CB19734A9100D2AEA4 /* SynsetTest.h */,
				7BAC22CC19734A9100D2AEA4 /* SynsetTest.m */,
				7BAC22CD19734A9100D2AEA4 /* WordTest.h */,
				7BAC22CE19734A9100D2AEA4 /* WordTest.m */,
				7BAC226F19732D6C00D2AEA4 /* Supporting Files */,
			);
			path = DubsarTests;
			sourceTree = "<group>";
		};
		7BAC226F19732D6C00D2AEA4 /* Supporting Files */ = {
			isa = PBXGroup;
			children = (
				7BAC227019732D6C00D2AEA4 /* Info.plist */,
			);
			name = "Supporting Files";
			sourceTree = "<group>";
		};
		7BBBD6D81989C8850030FDA9 /* minizip */ = {
			isa = PBXGroup;
			children = (
				7BBBD6D91989C8850030FDA9 /* ioapi.c */,
				7BBBD6DA1989C8850030FDA9 /* ioapi.h */,
				7BBBD6DB1989C8850030FDA9 /* unzip.c */,
				7BBBD6DC1989C8850030FDA9 /* unzip.h */,
			);
			path = minizip;
			sourceTree = "<group>";
		};
		7BBF836D1974B53F00969765 /* Views */ = {
			isa = PBXGroup;
			children = (
				7B82C93F19760D1C0077D1A0 /* Cells */,
				7BCA161D197D6E260016C104 /* AlphabetView.swift */,
				7BDE9B64197C6B1E002E7574 /* AutocompleterView.swift */,
				7B66C01D198D585B00257DDB /* GradientView.swift */,
				7B497C8C1978546000563A4B /* ScrollingSynsetView.swift */,
				7B82C94019760D5F0077D1A0 /* SynsetHeaderView.swift */,
				7B497C961978889700563A4B /* SynsetPointerView.swift */,
				7B62D751197782F2006A797C /* SynsetSampleView.swift */,
			);
			path = Views;
			sourceTree = "<group>";
		};
		7BBF836E1974B54A00969765 /* View Controllers */ = {
			isa = PBXGroup;
			children = (
				7B7382F4198418EA00880CF2 /* AboutViewController.swift */,
				7BBF83731975871300969765 /* BaseViewController.swift */,
				7B7382FA1984700900880CF2 /* FAQViewController.swift */,
				7B06EC71198879C500C44892 /* ThemeViewController.swift */,
				7BAC226019732D6C00D2AEA4 /* MainViewController.swift */,
				7BBF836F1974D58400969765 /* SearchViewController.swift */,
				7B06EC6B19886FCE00C44892 /* SettingsViewController.swift */,
				7B82C93D19760A0E0077D1A0 /* SynsetViewController.swift */,
				7B1B4E7A19747EB6008F38BF /* WordViewController.swift */,
			);
			name = "View Controllers";
			path = ViewControllers;
			sourceTree = "<group>";
		};
		7BBF83801975CE7000969765 /* Utilities */ = {
			isa = PBXGroup;
			children = (
				7BA85A5519848DA100222A6D /* AppConfiguration.swift */,
				7B66C01A198D4D5900257DDB /* CGHelper.h */,
				7B66C01B198D4D5900257DDB /* CGHelper.m */,
				7BD845A919904D2E000C3EA5 /* DMLOG.swift */,
				7BBBD6D51989B54D0030FDA9 /* DatabaseManager.h */,
				7BBBD6D61989B54D0030FDA9 /* DatabaseManager.m */,
				7B2F4643198AF79200F57D21 /* DownloadBarButtonItem.swift */,
				7B2F4640198AEAC500F57D21 /* DownloadButtonImage.h */,
				7B2F4641198AEAC500F57D21 /* DownloadButtonImage.m */,
				7B1151FF1974340900869E15 /* DubsarServer.h */,
				7B1152001974340900869E15 /* DubsarServer.m */,
				7B7D3E91197DB3DC00619DEA /* KeyboardHelper.h */,
				7B7D3E92197DB3DC00619DEA /* KeyboardHelper.m */,
				7B497C981979C3AF00563A4B /* NavButton.swift */,
				7B62D74E19773272006A797C /* NavButtonImage.h */,
				7B62D74F19773272006A797C /* NavButtonImage.m */,
				7BA90E08197786D400D5C180 /* PushWrapper.h */,
				7BA90E09197786D400D5C180 /* PushWrapper.m */,
				7BD8459C198DD013000C3EA5 /* Router.swift */,
				7B2F4649198B1CC100F57D21 /* UIApplication+NetworkRefCount.h */,
				7B2F464A198B1CC100F57D21 /* UIApplication+NetworkRefCount.m */,
				7BBF83831975E87B00969765 /* View Sizing */,
			);
			path = Utilities;
			sourceTree = "<group>";
		};
		7BBF83831975E87B00969765 /* View Sizing */ = {
			isa = PBXGroup;
			children = (
				7BBF83811975DF0C00969765 /* DubsarModelsSense+ViewSizing.swift */,
				7B82C94219760EDC0077D1A0 /* DubsarModelsSynset+ViewSizing.swift */,
				7BBF837C1975C8A400969765 /* DubsarModelsWord+ViewSizing.swift */,
				7BBF837E1975CDBD00969765 /* NSString+ViewSizing.swift */,
			);
			name = "View Sizing";
			path = ViewSizing;
			sourceTree = "<group>";
		};
/* End PBXGroup section */

/* Begin PBXNativeTarget section */
		7BAC225819732D6C00D2AEA4 /* Dubsar */ = {
			isa = PBXNativeTarget;
			buildConfigurationList = 7BAC227519732D6C00D2AEA4 /* Build configuration list for PBXNativeTarget "Dubsar" */;
			buildPhases = (
				7BAC225519732D6C00D2AEA4 /* Sources */,
				7BAC225619732D6C00D2AEA4 /* Frameworks */,
				7BAC225719732D6C00D2AEA4 /* Resources */,
			);
			buildRules = (
			);
			dependencies = (
			);
			name = Dubsar;
			productName = Dubsar;
			productReference = 7BAC225919732D6C00D2AEA4 /* Dubsar.app */;
			productType = "com.apple.product-type.application";
		};
		7BAC226A19732D6C00D2AEA4 /* DubsarTests */ = {
			isa = PBXNativeTarget;
			buildConfigurationList = 7BAC227819732D6C00D2AEA4 /* Build configuration list for PBXNativeTarget "DubsarTests" */;
			buildPhases = (
				7BAC226719732D6C00D2AEA4 /* Sources */,
				7BAC226819732D6C00D2AEA4 /* Frameworks */,
				7BAC226919732D6C00D2AEA4 /* Resources */,
			);
			buildRules = (
			);
			dependencies = (
				7BAC226D19732D6C00D2AEA4 /* PBXTargetDependency */,
				7BAC234C1973697600D2AEA4 /* PBXTargetDependency */,
				7BAC234E1973697600D2AEA4 /* PBXTargetDependency */,
				7BAC235B1973754900D2AEA4 /* PBXTargetDependency */,
				7BAC235D1973754900D2AEA4 /* PBXTargetDependency */,
				7B66C015198C8F6F00257DDB /* PBXTargetDependency */,
				7B66C017198C8F7000257DDB /* PBXTargetDependency */,
			);
			name = DubsarTests;
			productName = DubsarTests;
			productReference = 7BAC226B19732D6C00D2AEA4 /* DubsarTests.xctest */;
			productType = "com.apple.product-type.bundle.unit-test";
		};
/* End PBXNativeTarget section */

/* Begin PBXProject section */
		7BAC225119732D6C00D2AEA4 /* Project object */ = {
			isa = PBXProject;
			attributes = {
				CLASSPREFIX = "";
				LastUpgradeCheck = 0600;
				ORGANIZATIONNAME = "Dubsar Dictionary Project";
				TargetAttributes = {
					7BAC225819732D6C00D2AEA4 = {
						CreatedOnToolsVersion = 6.0;
						DevelopmentTeam = RAARD2VX57;
					};
					7BAC226A19732D6C00D2AEA4 = {
						CreatedOnToolsVersion = 6.0;
						TestTargetID = 7BAC225819732D6C00D2AEA4;
					};
				};
			};
			buildConfigurationList = 7BAC225419732D6C00D2AEA4 /* Build configuration list for PBXProject "Dubsar" */;
			compatibilityVersion = "Xcode 3.2";
			developmentRegion = English;
			hasScannedForEncodings = 0;
			knownRegions = (
				en,
				Base,
			);
			mainGroup = 7BAC225019732D6C00D2AEA4;
			productRefGroup = 7BAC225A19732D6C00D2AEA4 /* Products */;
			projectDirPath = "";
			projectRoot = "";
			targets = (
				7BAC225819732D6C00D2AEA4 /* Dubsar */,
				7BAC226A19732D6C00D2AEA4 /* DubsarTests */,
			);
		};
/* End PBXProject section */

/* Begin PBXResourcesBuildPhase section */
		7BAC225719732D6C00D2AEA4 /* Resources */ = {
			isa = PBXResourcesBuildPhase;
			buildActionMask = 2147483647;
			files = (
				7B1B4E79197450F5008F38BF /* Main.storyboard in Resources */,
				7B670D0E1973851F00E83937 /* iTunesArtwork@2x in Resources */,
				7B115203197435C100869E15 /* client_secret.txt in Resources */,
				7BAC226619732D6C00D2AEA4 /* Images.xcassets in Resources */,
				7B670D10197398B600E83937 /* Settings.bundle in Resources */,
				7B670D0D1973851F00E83937 /* iTunesArtwork in Resources */,
			);
			runOnlyForDeploymentPostprocessing = 0;
		};
		7BAC226919732D6C00D2AEA4 /* Resources */ = {
			isa = PBXResourcesBuildPhase;
			buildActionMask = 2147483647;
			files = (
			);
			runOnlyForDeploymentPostprocessing = 0;
		};
/* End PBXResourcesBuildPhase section */

/* Begin PBXSourcesBuildPhase section */
		7BAC225519732D6C00D2AEA4 /* Sources */ = {
			isa = PBXSourcesBuildPhase;
			buildActionMask = 2147483647;
			files = (
				7B82C94319760EDC0077D1A0 /* DubsarModelsSynset+ViewSizing.swift in Sources */,
				7B06EC701988798600C44892 /* IOSKnobControl.m in Sources */,
				7B1B4E7B19747EB6008F38BF /* WordViewController.swift in Sources */,
				7B1152011974340900869E15 /* DubsarServer.m in Sources */,
				7BBF83741975871300969765 /* BaseViewController.swift in Sources */,
				7B497C971978889700563A4B /* SynsetPointerView.swift in Sources */,
				7BBBD6DE1989C8850030FDA9 /* unzip.c in Sources */,
				7B2F464B198B1CC100F57D21 /* UIApplication+NetworkRefCount.m in Sources */,
				7B06EC761988AD6E00C44892 /* SettingNavigationTableViewCell.swift in Sources */,
				7BAC226119732D6C00D2AEA4 /* MainViewController.swift in Sources */,
				7BA85A5619848DA100222A6D /* AppConfiguration.swift in Sources */,
				7B7D3E93197DB3DC00619DEA /* KeyboardHelper.m in Sources */,
				7BBF83701974D58400969765 /* SearchViewController.swift in Sources */,
				7B1FDE2E19894E81004519D4 /* SettingSwitchValueTableViewCell.swift in Sources */,
				7B82D29E1974A12400F983F6 /* LoadingTableViewCell.swift in Sources */,
				7B7382FB1984700900880CF2 /* FAQViewController.swift in Sources */,
				7B6CC038197E1C3800151799 /* OpenWordTableViewCell.swift in Sources */,
				7B7382F5198418EA00880CF2 /* AboutViewController.swift in Sources */,
				7BBF83821975DF0C00969765 /* DubsarModelsSense+ViewSizing.swift in Sources */,
				7B82C93E19760A0E0077D1A0 /* SynsetViewController.swift in Sources */,
				7BA90E0A197786D400D5C180 /* PushWrapper.m in Sources */,
				7B497C8D1978546000563A4B /* ScrollingSynsetView.swift in Sources */,
				7B82D2A01974A3A400F983F6 /* SenseTableViewCell.swift in Sources */,
				7B62D752197782F2006A797C /* SynsetSampleView.swift in Sources */,
				7B66C01E198D585B00257DDB /* GradientView.swift in Sources */,
				7BDE9B631979FDF8002E7574 /* OpenSenseTableViewCell.swift in Sources */,
				7B06EC6C19886FCE00C44892 /* SettingsViewController.swift in Sources */,
				7B2F4644198AF79200F57D21 /* DownloadBarButtonItem.swift in Sources */,
				7BBBD6D71989B54D0030FDA9 /* DatabaseManager.m in Sources */,
				7BBF837D1975C8A400969765 /* DubsarModelsWord+ViewSizing.swift in Sources */,
				7B2F4642198AEAC500F57D21 /* DownloadButtonImage.m in Sources */,
				7B06EC741988AC6F00C44892 /* SettingLabelTableViewCell.swift in Sources */,
				7BD8459D198DD013000C3EA5 /* Router.swift in Sources */,
				7BBBD6DD1989C8850030FDA9 /* ioapi.c in Sources */,
				7BCA161E197D6E260016C104 /* AlphabetView.swift in Sources */,
				7B06EC781988AE0A00C44892 /* SettingNavigationValueTableViewCell.swift in Sources */,
				7B82C94119760D5F0077D1A0 /* SynsetHeaderView.swift in Sources */,
				7BDE9B65197C6B1E002E7574 /* AutocompleterView.swift in Sources */,
				7BAC229C1973322F00D2AEA4 /* Dubsar.m in Sources */,
				7BBBD6E21989E6070030FDA9 /* DownloadProgressTableViewCell.swift in Sources */,
				7B497C991979C3AF00563A4B /* NavButton.swift in Sources */,
				7BD845AA19904D2E000C3EA5 /* DMLOG.swift in Sources */,
				7BAC225F19732D6C00D2AEA4 /* AppDelegate.swift in Sources */,
				7B66C01C198D4D5900257DDB /* CGHelper.m in Sources */,
				7BBF837F1975CDBD00969765 /* NSString+ViewSizing.swift in Sources */,
				7BBF83721974DB8200969765 /* WordTableViewCell.swift in Sources */,
				7B06EC72198879C500C44892 /* ThemeViewController.swift in Sources */,
				7B62D75019773272006A797C /* NavButtonImage.m in Sources */,
			);
			runOnlyForDeploymentPostprocessing = 0;
		};
		7BAC226719732D6C00D2AEA4 /* Sources */ = {
			isa = PBXSourcesBuildPhase;
			buildActionMask = 2147483647;
			files = (
				7BAC22D419734A9100D2AEA4 /* SearchTest.m in Sources */,
				7BAC22CF19734A9100D2AEA4 /* AutocompleterTest.m in Sources */,
				7BAC22D019734A9100D2AEA4 /* DailyWordTest.m in Sources */,
				7BAC227219732D6C00D2AEA4 /* DubsarTests.swift in Sources */,
				7BAC22D519734A9100D2AEA4 /* SenseTest.m in Sources */,
				7BAC22D119734A9100D2AEA4 /* ModelTestCase.m in Sources */,
				7BAC22D219734A9100D2AEA4 /* PartOfSpeechDictionaryTest.m in Sources */,
				7BAC22D719734A9100D2AEA4 /* WordTest.m in Sources */,
				7BAC22D319734A9100D2AEA4 /* PointerDictionaryTest.m in Sources */,
				7BAC22D619734A9100D2AEA4 /* SynsetTest.m in Sources */,
			);
			runOnlyForDeploymentPostprocessing = 0;
		};
/* End PBXSourcesBuildPhase section */

/* Begin PBXTargetDependency section */
		7B66C015198C8F6F00257DDB /* PBXTargetDependency */ = {
			isa = PBXTargetDependency;
			target = 7BAC225819732D6C00D2AEA4 /* Dubsar */;
			targetProxy = 7B66C014198C8F6F00257DDB /* PBXContainerItemProxy */;
		};
		7B66C017198C8F7000257DDB /* PBXTargetDependency */ = {
			isa = PBXTargetDependency;
			target = 7BAC225819732D6C00D2AEA4 /* Dubsar */;
			targetProxy = 7B66C016198C8F7000257DDB /* PBXContainerItemProxy */;
		};
		7BAC226D19732D6C00D2AEA4 /* PBXTargetDependency */ = {
			isa = PBXTargetDependency;
			target = 7BAC225819732D6C00D2AEA4 /* Dubsar */;
			targetProxy = 7BAC226C19732D6C00D2AEA4 /* PBXContainerItemProxy */;
		};
		7BAC234C1973697600D2AEA4 /* PBXTargetDependency */ = {
			isa = PBXTargetDependency;
			target = 7BAC225819732D6C00D2AEA4 /* Dubsar */;
			targetProxy = 7BAC234B1973697600D2AEA4 /* PBXContainerItemProxy */;
		};
		7BAC234E1973697600D2AEA4 /* PBXTargetDependency */ = {
			isa = PBXTargetDependency;
			target = 7BAC225819732D6C00D2AEA4 /* Dubsar */;
			targetProxy = 7BAC234D1973697600D2AEA4 /* PBXContainerItemProxy */;
		};
		7BAC235B1973754900D2AEA4 /* PBXTargetDependency */ = {
			isa = PBXTargetDependency;
			target = 7BAC225819732D6C00D2AEA4 /* Dubsar */;
			targetProxy = 7BAC235A1973754900D2AEA4 /* PBXContainerItemProxy */;
		};
		7BAC235D1973754900D2AEA4 /* PBXTargetDependency */ = {
			isa = PBXTargetDependency;
			target = 7BAC225819732D6C00D2AEA4 /* Dubsar */;
			targetProxy = 7BAC235C1973754900D2AEA4 /* PBXContainerItemProxy */;
		};
/* End PBXTargetDependency section */

/* Begin PBXVariantGroup section */
		7BAC226219732D6C00D2AEA4 /* Main.storyboard */ = {
			isa = PBXVariantGroup;
			children = (
				7BAC226319732D6C00D2AEA4 /* Base */,
			);
			name = Main.storyboard;
			sourceTree = "<group>";
		};
/* End PBXVariantGroup section */

/* Begin XCBuildConfiguration section */
		7BAC227319732D6C00D2AEA4 /* Debug */ = {
			isa = XCBuildConfiguration;
			buildSettings = {
				ALWAYS_SEARCH_USER_PATHS = NO;
				CLANG_ALLOW_NON_MODULAR_INCLUDES_IN_FRAMEWORK_MODULES = YES;
				CLANG_CXX_LANGUAGE_STANDARD = "gnu++0x";
				CLANG_CXX_LIBRARY = "libc++";
				CLANG_ENABLE_MODULES = YES;
				CLANG_ENABLE_OBJC_ARC = YES;
				CLANG_WARN_BOOL_CONVERSION = YES;
				CLANG_WARN_CONSTANT_CONVERSION = YES;
				CLANG_WARN_DIRECT_OBJC_ISA_USAGE = YES_ERROR;
				CLANG_WARN_EMPTY_BODY = YES;
				CLANG_WARN_ENUM_CONVERSION = YES;
				CLANG_WARN_INT_CONVERSION = YES;
				CLANG_WARN_OBJC_ROOT_CLASS = YES_ERROR;
				CLANG_WARN_UNREACHABLE_CODE = YES;
				CLANG_WARN__DUPLICATE_METHOD_MATCH = YES;
				"CODE_SIGN_IDENTITY[sdk=iphoneos*]" = "iPhone Developer";
				COPY_PHASE_STRIP = NO;
				ENABLE_STRICT_OBJC_MSGSEND = YES;
				GCC_C_LANGUAGE_STANDARD = gnu99;
				GCC_DYNAMIC_NO_PIC = NO;
				GCC_OPTIMIZATION_LEVEL = 0;
				GCC_PREPROCESSOR_DEFINITIONS = (
					"DEBUG=1",
					"$(inherited)",
					DUBSAR_DEVELOPMENT,
				);
				GCC_SYMBOLS_PRIVATE_EXTERN = NO;
				GCC_WARN_64_TO_32_BIT_CONVERSION = YES;
				GCC_WARN_ABOUT_RETURN_TYPE = YES_ERROR;
				GCC_WARN_UNDECLARED_SELECTOR = YES;
				GCC_WARN_UNINITIALIZED_AUTOS = YES_AGGRESSIVE;
				GCC_WARN_UNUSED_FUNCTION = YES;
				GCC_WARN_UNUSED_VARIABLE = YES;
				IPHONEOS_DEPLOYMENT_TARGET = 7.0;
				METAL_ENABLE_DEBUG_INFO = YES;
				ONLY_ACTIVE_ARCH = YES;
				OTHER_SWIFT_FLAGS = "-DDEBUG";
				SDKROOT = iphoneos;
				SWIFT_OPTIMIZATION_LEVEL = "-Onone";
				TARGETED_DEVICE_FAMILY = "1,2";
			};
			name = Debug;
		};
		7BAC227419732D6C00D2AEA4 /* Release */ = {
			isa = XCBuildConfiguration;
			buildSettings = {
				ALWAYS_SEARCH_USER_PATHS = NO;
				CLANG_ALLOW_NON_MODULAR_INCLUDES_IN_FRAMEWORK_MODULES = YES;
				CLANG_CXX_LANGUAGE_STANDARD = "gnu++0x";
				CLANG_CXX_LIBRARY = "libc++";
				CLANG_ENABLE_MODULES = YES;
				CLANG_ENABLE_OBJC_ARC = YES;
				CLANG_WARN_BOOL_CONVERSION = YES;
				CLANG_WARN_CONSTANT_CONVERSION = YES;
				CLANG_WARN_DIRECT_OBJC_ISA_USAGE = YES_ERROR;
				CLANG_WARN_EMPTY_BODY = YES;
				CLANG_WARN_ENUM_CONVERSION = YES;
				CLANG_WARN_INT_CONVERSION = YES;
				CLANG_WARN_OBJC_ROOT_CLASS = YES_ERROR;
				CLANG_WARN_UNREACHABLE_CODE = YES;
				CLANG_WARN__DUPLICATE_METHOD_MATCH = YES;
				"CODE_SIGN_IDENTITY[sdk=iphoneos*]" = "iPhone Developer";
				COPY_PHASE_STRIP = YES;
				ENABLE_NS_ASSERTIONS = NO;
				ENABLE_STRICT_OBJC_MSGSEND = YES;
				GCC_C_LANGUAGE_STANDARD = gnu99;
				GCC_WARN_64_TO_32_BIT_CONVERSION = YES;
				GCC_WARN_ABOUT_RETURN_TYPE = YES_ERROR;
				GCC_WARN_UNDECLARED_SELECTOR = YES;
				GCC_WARN_UNINITIALIZED_AUTOS = YES_AGGRESSIVE;
				GCC_WARN_UNUSED_FUNCTION = YES;
				GCC_WARN_UNUSED_VARIABLE = YES;
				IPHONEOS_DEPLOYMENT_TARGET = 7.0;
				METAL_ENABLE_DEBUG_INFO = NO;
				SDKROOT = iphoneos;
				TARGETED_DEVICE_FAMILY = "1,2";
				VALIDATE_PRODUCT = YES;
			};
			name = Release;
		};
		7BAC227619732D6C00D2AEA4 /* Debug */ = {
			isa = XCBuildConfiguration;
			buildSettings = {
				ASSETCATALOG_COMPILER_APPICON_NAME = AppIcon;
				ASSETCATALOG_COMPILER_LAUNCHIMAGE_NAME = LaunchImage;
				CODE_SIGN_IDENTITY = "iPhone Developer";
				FRAMEWORK_SEARCH_PATHS = (
					"$(inherited)",
					"$(USER_LIBRARY_DIR)/Developer/Xcode/DerivedData/Dubsar-gtxcrwsszmnigedrmhxqqasmxygq/Build/Products/Debug-iphoneos",
				);
				INFOPLIST_FILE = Dubsar/Info.plist;
				LD_RUNPATH_SEARCH_PATHS = "$(inherited) @executable_path/Frameworks";
				PRODUCT_NAME = "$(TARGET_NAME)";
				SWIFT_OBJC_BRIDGING_HEADER = "Dubsar/Dubsar-Bridging-Header.h";
				TARGETED_DEVICE_FAMILY = "1,2";
			};
			name = Debug;
		};
		7BAC227719732D6C00D2AEA4 /* Release */ = {
			isa = XCBuildConfiguration;
			buildSettings = {
				ASSETCATALOG_COMPILER_APPICON_NAME = AppIcon;
				ASSETCATALOG_COMPILER_LAUNCHIMAGE_NAME = LaunchImage;
				CODE_SIGN_IDENTITY = "iPhone Developer";
				FRAMEWORK_SEARCH_PATHS = (
					"$(inherited)",
					"$(USER_LIBRARY_DIR)/Developer/Xcode/DerivedData/Dubsar-gtxcrwsszmnigedrmhxqqasmxygq/Build/Products/Debug-iphoneos",
				);
				INFOPLIST_FILE = Dubsar/Info.plist;
				LD_RUNPATH_SEARCH_PATHS = "$(inherited) @executable_path/Frameworks";
				PRODUCT_NAME = "$(TARGET_NAME)";
				SWIFT_OBJC_BRIDGING_HEADER = "Dubsar/Dubsar-Bridging-Header.h";
				TARGETED_DEVICE_FAMILY = "1,2";
			};
			name = Release;
		};
		7BAC227919732D6C00D2AEA4 /* Debug */ = {
			isa = XCBuildConfiguration;
			buildSettings = {
				BUNDLE_LOADER = "$(BUILT_PRODUCTS_DIR)/Dubsar.app/Dubsar";
				FRAMEWORK_SEARCH_PATHS = (
					"$(SDKROOT)/Developer/Library/Frameworks",
					"$(inherited)",
					"$(USER_LIBRARY_DIR)/Developer/Xcode/DerivedData/Dubsar-gtxcrwsszmnigedrmhxqqasmxygq/Build/Products/Debug-iphoneos",
				);
				GCC_PREPROCESSOR_DEFINITIONS = (
					"DEBUG=1",
					"$(inherited)",
				);
				INFOPLIST_FILE = DubsarTests/Info.plist;
				LD_RUNPATH_SEARCH_PATHS = "$(inherited) @executable_path/Frameworks @loader_path/Frameworks";
				METAL_ENABLE_DEBUG_INFO = YES;
				PRODUCT_NAME = "$(TARGET_NAME)";
				TEST_HOST = "$(BUNDLE_LOADER)";
			};
			name = Debug;
		};
		7BAC227A19732D6C00D2AEA4 /* Release */ = {
			isa = XCBuildConfiguration;
			buildSettings = {
				BUNDLE_LOADER = "$(BUILT_PRODUCTS_DIR)/Dubsar.app/Dubsar";
				FRAMEWORK_SEARCH_PATHS = (
					"$(SDKROOT)/Developer/Library/Frameworks",
					"$(inherited)",
					"$(USER_LIBRARY_DIR)/Developer/Xcode/DerivedData/Dubsar-gtxcrwsszmnigedrmhxqqasmxygq/Build/Products/Debug-iphoneos",
				);
				INFOPLIST_FILE = DubsarTests/Info.plist;
				LD_RUNPATH_SEARCH_PATHS = "$(inherited) @executable_path/Frameworks @loader_path/Frameworks";
				METAL_ENABLE_DEBUG_INFO = NO;
				PRODUCT_NAME = "$(TARGET_NAME)";
				TEST_HOST = "$(BUNDLE_LOADER)";
			};
			name = Release;
		};
/* End XCBuildConfiguration section */

/* Begin XCConfigurationList section */
		7BAC225419732D6C00D2AEA4 /* Build configuration list for PBXProject "Dubsar" */ = {
			isa = XCConfigurationList;
			buildConfigurations = (
				7BAC227319732D6C00D2AEA4 /* Debug */,
				7BAC227419732D6C00D2AEA4 /* Release */,
			);
			defaultConfigurationIsVisible = 0;
			defaultConfigurationName = Release;
		};
		7BAC227519732D6C00D2AEA4 /* Build configuration list for PBXNativeTarget "Dubsar" */ = {
			isa = XCConfigurationList;
			buildConfigurations = (
				7BAC227619732D6C00D2AEA4 /* Debug */,
				7BAC227719732D6C00D2AEA4 /* Release */,
			);
			defaultConfigurationIsVisible = 0;
			defaultConfigurationName = Release;
		};
		7BAC227819732D6C00D2AEA4 /* Build configuration list for PBXNativeTarget "DubsarTests" */ = {
			isa = XCConfigurationList;
			buildConfigurations = (
				7BAC227919732D6C00D2AEA4 /* Debug */,
				7BAC227A19732D6C00D2AEA4 /* Release */,
			);
			defaultConfigurationIsVisible = 0;
			defaultConfigurationName = Release;
		};
/* End XCConfigurationList section */
	};
	rootObject = 7BAC225119732D6C00D2AEA4 /* Project object */;
}
