// !$*UTF8*$!
{
	archiveVersion = 1;
	classes = {
	};
	objectVersion = 46;
	objects = {

/* Begin PBXBuildFile section */
		7B08976A13DB3FA900660C51 /* Synset.m in Sources */ = {isa = PBXBuildFile; fileRef = 7B08976913DB3FA900660C51 /* Synset.m */; };
		7B08976F13DB418200660C51 /* SynsetViewController_iPhone.m in Sources */ = {isa = PBXBuildFile; fileRef = 7B08976D13DB418100660C51 /* SynsetViewController_iPhone.m */; };
		7B08977013DB418200660C51 /* SynsetViewController_iPhone.xib in Resources */ = {isa = PBXBuildFile; fileRef = 7B08976E13DB418100660C51 /* SynsetViewController_iPhone.xib */; };
		7B08977213DB4C0A00660C51 /* dubsar-link.png in Resources */ = {isa = PBXBuildFile; fileRef = 7B08977113DB4C0A00660C51 /* dubsar-link.png */; };
		7B0ACD5313DCF15C0098DC02 /* Autocompleter.m in Sources */ = {isa = PBXBuildFile; fileRef = 7B0ACD5213DCF15C0098DC02 /* Autocompleter.m */; };
		7B0ACD6113DD0BDF0098DC02 /* AutocompleterView.xib in Resources */ = {isa = PBXBuildFile; fileRef = 7B0ACD6013DD0BDE0098DC02 /* AutocompleterView.xib */; };
		7B22254413DB1FDA003B7322 /* SenseViewController_iPhone.m in Sources */ = {isa = PBXBuildFile; fileRef = 7B22254213DB1FDA003B7322 /* SenseViewController_iPhone.m */; };
		7B22254513DB1FDA003B7322 /* SenseViewController_iPhone.xib in Resources */ = {isa = PBXBuildFile; fileRef = 7B22254313DB1FDA003B7322 /* SenseViewController_iPhone.xib */; };
		7B3F874813D73B0B009C390B /* dubsar.png in Resources */ = {isa = PBXBuildFile; fileRef = 7B3F874713D73B0B009C390B /* dubsar.png */; };
		7B3F874A13D73B15009C390B /* dubsar-ipad.png in Resources */ = {isa = PBXBuildFile; fileRef = 7B3F874913D73B15009C390B /* dubsar-ipad.png */; };
		7B3F875C13D7443D009C390B /* DubsarViewController_iPhone.m in Sources */ = {isa = PBXBuildFile; fileRef = 7B3F875A13D7443D009C390B /* DubsarViewController_iPhone.m */; };
		7B3F875D13D7443D009C390B /* DubsarViewController_iPhone.xib in Resources */ = {isa = PBXBuildFile; fileRef = 7B3F875B13D7443D009C390B /* DubsarViewController_iPhone.xib */; };
		7B3F876613D74474009C390B /* DubsarViewController_iPad.m in Sources */ = {isa = PBXBuildFile; fileRef = 7B3F876413D74474009C390B /* DubsarViewController_iPad.m */; };
		7B3F876713D74474009C390B /* DubsarViewController_iPad.xib in Resources */ = {isa = PBXBuildFile; fileRef = 7B3F876513D74474009C390B /* DubsarViewController_iPad.xib */; };
		7B3F876913D74CA9009C390B /* dubsar-full.png in Resources */ = {isa = PBXBuildFile; fileRef = 7B3F876813D74CA9009C390B /* dubsar-full.png */; };
		7B3F877513D7599F009C390B /* LicenseViewController_iPhone.m in Sources */ = {isa = PBXBuildFile; fileRef = 7B3F877313D7599E009C390B /* LicenseViewController_iPhone.m */; };
		7B3F877613D7599F009C390B /* LicenseViewController_iPhone.xib in Resources */ = {isa = PBXBuildFile; fileRef = 7B3F877413D7599F009C390B /* LicenseViewController_iPhone.xib */; };
		7B4B2EC813D7CD3300A0B98F /* SearchViewController_iPhone.m in Sources */ = {isa = PBXBuildFile; fileRef = 7B4B2EC613D7CD3200A0B98F /* SearchViewController_iPhone.m */; };
		7B4B2EC913D7CD3300A0B98F /* SearchViewController_iPhone.xib in Resources */ = {isa = PBXBuildFile; fileRef = 7B4B2EC713D7CD3200A0B98F /* SearchViewController_iPhone.xib */; };
		7B8FF4F713DDF68500DD3612 /* DetailView.xib in Resources */ = {isa = PBXBuildFile; fileRef = 7B8FF4F613DDF68500DD3612 /* DetailView.xib */; };
		7B92A42F13DE2337001F662E /* dubsar-hr.png in Resources */ = {isa = PBXBuildFile; fileRef = 7B92A42B13DE2337001F662E /* dubsar-hr.png */; };
		7B92A43013DE2337001F662E /* dubsar-search-ipad.png in Resources */ = {isa = PBXBuildFile; fileRef = 7B92A42C13DE2337001F662E /* dubsar-search-ipad.png */; };
		7B92A43113DE2337001F662E /* dubsar-spotlight-hr.png in Resources */ = {isa = PBXBuildFile; fileRef = 7B92A42D13DE2337001F662E /* dubsar-spotlight-hr.png */; };
		7B92A43213DE2337001F662E /* dubsar-spotlight.png in Resources */ = {isa = PBXBuildFile; fileRef = 7B92A42E13DE2337001F662E /* dubsar-spotlight.png */; };
		7BA48CFC13D738E00056D61A /* UIKit.framework in Frameworks */ = {isa = PBXBuildFile; fileRef = 7BA48CFB13D738E00056D61A /* UIKit.framework */; };
		7BA48CFE13D738E00056D61A /* Foundation.framework in Frameworks */ = {isa = PBXBuildFile; fileRef = 7BA48CFD13D738E00056D61A /* Foundation.framework */; };
		7BA48D0013D738E00056D61A /* CoreGraphics.framework in Frameworks */ = {isa = PBXBuildFile; fileRef = 7BA48CFF13D738E00056D61A /* CoreGraphics.framework */; };
		7BA48D0613D738E00056D61A /* InfoPlist.strings in Resources */ = {isa = PBXBuildFile; fileRef = 7BA48D0413D738E00056D61A /* InfoPlist.strings */; };
		7BA48D0913D738E00056D61A /* main.m in Sources */ = {isa = PBXBuildFile; fileRef = 7BA48D0813D738E00056D61A /* main.m */; };
		7BA48D0C13D738E00056D61A /* DubsarAppDelegate.m in Sources */ = {isa = PBXBuildFile; fileRef = 7BA48D0B13D738E00056D61A /* DubsarAppDelegate.m */; };
		7BA48D1013D738E00056D61A /* DubsarAppDelegate_iPhone.m in Sources */ = {isa = PBXBuildFile; fileRef = 7BA48D0F13D738E00056D61A /* DubsarAppDelegate_iPhone.m */; };
		7BA48D1313D738E00056D61A /* MainWindow_iPhone.xib in Resources */ = {isa = PBXBuildFile; fileRef = 7BA48D1113D738E00056D61A /* MainWindow_iPhone.xib */; };
		7BA48D1713D738E00056D61A /* DubsarAppDelegate_iPad.m in Sources */ = {isa = PBXBuildFile; fileRef = 7BA48D1613D738E00056D61A /* DubsarAppDelegate_iPad.m */; };
		7BA48D1A13D738E10056D61A /* MainWindow_iPad.xib in Resources */ = {isa = PBXBuildFile; fileRef = 7BA48D1813D738E10056D61A /* MainWindow_iPad.xib */; };
		7BA48D2113D738E10056D61A /* UIKit.framework in Frameworks */ = {isa = PBXBuildFile; fileRef = 7BA48CFB13D738E00056D61A /* UIKit.framework */; };
		7BA48D2213D738E10056D61A /* Foundation.framework in Frameworks */ = {isa = PBXBuildFile; fileRef = 7BA48CFD13D738E00056D61A /* Foundation.framework */; };
		7BA48D2313D738E10056D61A /* CoreGraphics.framework in Frameworks */ = {isa = PBXBuildFile; fileRef = 7BA48CFF13D738E00056D61A /* CoreGraphics.framework */; };
		7BA48D2B13D738E10056D61A /* InfoPlist.strings in Resources */ = {isa = PBXBuildFile; fileRef = 7BA48D2913D738E10056D61A /* InfoPlist.strings */; };
		7BA48D2E13D738E10056D61A /* DubsarTests.h in Resources */ = {isa = PBXBuildFile; fileRef = 7BA48D2D13D738E10056D61A /* DubsarTests.h */; };
		7BA48D3013D738E10056D61A /* DubsarTests.m in Sources */ = {isa = PBXBuildFile; fileRef = 7BA48D2F13D738E10056D61A /* DubsarTests.m */; };
		7BA54C3C13DD3D8A00D00620 /* URLEncoding.m in Sources */ = {isa = PBXBuildFile; fileRef = 7BA54C3B13DD3D8A00D00620 /* URLEncoding.m */; };
		7BDD677813D9B76C00A9E94B /* Search.m in Sources */ = {isa = PBXBuildFile; fileRef = 7BDD677713D9B76C00A9E94B /* Search.m */; };
		7BDD677B13D9B98D00A9E94B /* Word.m in Sources */ = {isa = PBXBuildFile; fileRef = 7BDD677A13D9B98C00A9E94B /* Word.m */; };
		7BDD67A513DA43D900A9E94B /* JSONKit.m in Sources */ = {isa = PBXBuildFile; fileRef = 7BDD67A413DA43D900A9E94B /* JSONKit.m */; };
		7BDD67A913DA5B3000A9E94B /* WordViewController_iPhone.m in Sources */ = {isa = PBXBuildFile; fileRef = 7BDD67A713DA5B2C00A9E94B /* WordViewController_iPhone.m */; };
		7BDD67AA13DA5B3000A9E94B /* WordViewController_iPhone.xib in Resources */ = {isa = PBXBuildFile; fileRef = 7BDD67A813DA5B2D00A9E94B /* WordViewController_iPhone.xib */; };
		7BDD67B313DA68F600A9E94B /* Dubsar.m in Sources */ = {isa = PBXBuildFile; fileRef = 7BDD67B213DA68F400A9E94B /* Dubsar.m */; };
		7BDD67C013DA8DC100A9E94B /* Model.m in Sources */ = {isa = PBXBuildFile; fileRef = 7BDD67BF13DA8DC100A9E94B /* Model.m */; };
		7BDD67C413DA933600A9E94B /* Sense.m in Sources */ = {isa = PBXBuildFile; fileRef = 7BDD67C313DA933500A9E94B /* Sense.m */; };
		7BF7AD3513DC541B0006D948 /* SearchBarViewController_iPhone.m in Sources */ = {isa = PBXBuildFile; fileRef = 7BF7AD3313DC541B0006D948 /* SearchBarViewController_iPhone.m */; };
/* End PBXBuildFile section */

/* Begin PBXContainerItemProxy section */
		7BA48D2413D738E10056D61A /* PBXContainerItemProxy */ = {
			isa = PBXContainerItemProxy;
			containerPortal = 7BA48CEE13D738E00056D61A /* Project object */;
			proxyType = 1;
			remoteGlobalIDString = 7BA48CF613D738E00056D61A;
			remoteInfo = Dubsar;
		};
/* End PBXContainerItemProxy section */

/* Begin PBXFileReference section */
		7B08976813DB3FA900660C51 /* Synset.h */ = {isa = PBXFileReference; fileEncoding = 4; lastKnownFileType = sourcecode.c.h; path = Synset.h; sourceTree = "<group>"; };
		7B08976913DB3FA900660C51 /* Synset.m */ = {isa = PBXFileReference; fileEncoding = 4; lastKnownFileType = sourcecode.c.objc; path = Synset.m; sourceTree = "<group>"; };
		7B08976C13DB418000660C51 /* SynsetViewController_iPhone.h */ = {isa = PBXFileReference; fileEncoding = 4; lastKnownFileType = sourcecode.c.h; path = SynsetViewController_iPhone.h; sourceTree = "<group>"; };
		7B08976D13DB418100660C51 /* SynsetViewController_iPhone.m */ = {isa = PBXFileReference; fileEncoding = 4; lastKnownFileType = sourcecode.c.objc; path = SynsetViewController_iPhone.m; sourceTree = "<group>"; };
		7B08976E13DB418100660C51 /* SynsetViewController_iPhone.xib */ = {isa = PBXFileReference; fileEncoding = 4; lastKnownFileType = file.xib; path = SynsetViewController_iPhone.xib; sourceTree = "<group>"; };
		7B08977113DB4C0A00660C51 /* dubsar-link.png */ = {isa = PBXFileReference; lastKnownFileType = image.png; path = "dubsar-link.png"; sourceTree = "<group>"; };
		7B0ACD5113DCF15C0098DC02 /* Autocompleter.h */ = {isa = PBXFileReference; fileEncoding = 4; lastKnownFileType = sourcecode.c.h; path = Autocompleter.h; sourceTree = "<group>"; };
		7B0ACD5213DCF15C0098DC02 /* Autocompleter.m */ = {isa = PBXFileReference; fileEncoding = 4; lastKnownFileType = sourcecode.c.objc; path = Autocompleter.m; sourceTree = "<group>"; };
		7B0ACD6013DD0BDE0098DC02 /* AutocompleterView.xib */ = {isa = PBXFileReference; fileEncoding = 4; lastKnownFileType = file.xib; path = AutocompleterView.xib; sourceTree = "<group>"; };
		7B22254113DB1FDA003B7322 /* SenseViewController_iPhone.h */ = {isa = PBXFileReference; fileEncoding = 4; lastKnownFileType = sourcecode.c.h; path = SenseViewController_iPhone.h; sourceTree = "<group>"; };
		7B22254213DB1FDA003B7322 /* SenseViewController_iPhone.m */ = {isa = PBXFileReference; fileEncoding = 4; lastKnownFileType = sourcecode.c.objc; path = SenseViewController_iPhone.m; sourceTree = "<group>"; };
		7B22254313DB1FDA003B7322 /* SenseViewController_iPhone.xib */ = {isa = PBXFileReference; fileEncoding = 4; lastKnownFileType = file.xib; path = SenseViewController_iPhone.xib; sourceTree = "<group>"; };
		7B3F874713D73B0B009C390B /* dubsar.png */ = {isa = PBXFileReference; lastKnownFileType = image.png; path = dubsar.png; sourceTree = "<group>"; };
		7B3F874913D73B15009C390B /* dubsar-ipad.png */ = {isa = PBXFileReference; lastKnownFileType = image.png; path = "dubsar-ipad.png"; sourceTree = "<group>"; };
		7B3F875913D7443D009C390B /* DubsarViewController_iPhone.h */ = {isa = PBXFileReference; fileEncoding = 4; lastKnownFileType = sourcecode.c.h; path = DubsarViewController_iPhone.h; sourceTree = "<group>"; };
		7B3F875A13D7443D009C390B /* DubsarViewController_iPhone.m */ = {isa = PBXFileReference; fileEncoding = 4; lastKnownFileType = sourcecode.c.objc; path = DubsarViewController_iPhone.m; sourceTree = "<group>"; };
		7B3F875B13D7443D009C390B /* DubsarViewController_iPhone.xib */ = {isa = PBXFileReference; fileEncoding = 4; lastKnownFileType = file.xib; path = DubsarViewController_iPhone.xib; sourceTree = "<group>"; };
		7B3F876313D74474009C390B /* DubsarViewController_iPad.h */ = {isa = PBXFileReference; fileEncoding = 4; lastKnownFileType = sourcecode.c.h; path = DubsarViewController_iPad.h; sourceTree = "<group>"; };
		7B3F876413D74474009C390B /* DubsarViewController_iPad.m */ = {isa = PBXFileReference; fileEncoding = 4; lastKnownFileType = sourcecode.c.objc; path = DubsarViewController_iPad.m; sourceTree = "<group>"; };
		7B3F876513D74474009C390B /* DubsarViewController_iPad.xib */ = {isa = PBXFileReference; fileEncoding = 4; lastKnownFileType = file.xib; path = DubsarViewController_iPad.xib; sourceTree = "<group>"; };
		7B3F876813D74CA9009C390B /* dubsar-full.png */ = {isa = PBXFileReference; lastKnownFileType = image.png; path = "dubsar-full.png"; sourceTree = "<group>"; };
		7B3F877213D7599E009C390B /* LicenseViewController_iPhone.h */ = {isa = PBXFileReference; fileEncoding = 4; lastKnownFileType = sourcecode.c.h; path = LicenseViewController_iPhone.h; sourceTree = "<group>"; };
		7B3F877313D7599E009C390B /* LicenseViewController_iPhone.m */ = {isa = PBXFileReference; fileEncoding = 4; lastKnownFileType = sourcecode.c.objc; path = LicenseViewController_iPhone.m; sourceTree = "<group>"; };
		7B3F877413D7599F009C390B /* LicenseViewController_iPhone.xib */ = {isa = PBXFileReference; fileEncoding = 4; lastKnownFileType = file.xib; path = LicenseViewController_iPhone.xib; sourceTree = "<group>"; };
		7B4B2EC513D7CD3100A0B98F /* SearchViewController_iPhone.h */ = {isa = PBXFileReference; fileEncoding = 4; lastKnownFileType = sourcecode.c.h; path = SearchViewController_iPhone.h; sourceTree = "<group>"; };
		7B4B2EC613D7CD3200A0B98F /* SearchViewController_iPhone.m */ = {isa = PBXFileReference; fileEncoding = 4; lastKnownFileType = sourcecode.c.objc; path = SearchViewController_iPhone.m; sourceTree = "<group>"; };
		7B4B2EC713D7CD3200A0B98F /* SearchViewController_iPhone.xib */ = {isa = PBXFileReference; fileEncoding = 4; lastKnownFileType = file.xib; path = SearchViewController_iPhone.xib; sourceTree = "<group>"; };
		7B8FF4F613DDF68500DD3612 /* DetailView.xib */ = {isa = PBXFileReference; fileEncoding = 4; lastKnownFileType = file.xib; path = DetailView.xib; sourceTree = "<group>"; };
		7B92A42B13DE2337001F662E /* dubsar-hr.png */ = {isa = PBXFileReference; lastKnownFileType = image.png; name = "dubsar-hr.png"; path = "Dubsar/dubsar-hr.png"; sourceTree = "<group>"; };
		7B92A42C13DE2337001F662E /* dubsar-search-ipad.png */ = {isa = PBXFileReference; lastKnownFileType = image.png; name = "dubsar-search-ipad.png"; path = "Dubsar/dubsar-search-ipad.png"; sourceTree = "<group>"; };
		7B92A42D13DE2337001F662E /* dubsar-spotlight-hr.png */ = {isa = PBXFileReference; lastKnownFileType = image.png; name = "dubsar-spotlight-hr.png"; path = "Dubsar/dubsar-spotlight-hr.png"; sourceTree = "<group>"; };
		7B92A42E13DE2337001F662E /* dubsar-spotlight.png */ = {isa = PBXFileReference; lastKnownFileType = image.png; name = "dubsar-spotlight.png"; path = "Dubsar/dubsar-spotlight.png"; sourceTree = "<group>"; };
		7BA48CF713D738E00056D61A /* Dubsar.app */ = {isa = PBXFileReference; explicitFileType = wrapper.application; includeInIndex = 0; path = Dubsar.app; sourceTree = BUILT_PRODUCTS_DIR; };
		7BA48CFB13D738E00056D61A /* UIKit.framework */ = {isa = PBXFileReference; lastKnownFileType = wrapper.framework; name = UIKit.framework; path = System/Library/Frameworks/UIKit.framework; sourceTree = SDKROOT; };
		7BA48CFD13D738E00056D61A /* Foundation.framework */ = {isa = PBXFileReference; lastKnownFileType = wrapper.framework; name = Foundation.framework; path = System/Library/Frameworks/Foundation.framework; sourceTree = SDKROOT; };
		7BA48CFF13D738E00056D61A /* CoreGraphics.framework */ = {isa = PBXFileReference; lastKnownFileType = wrapper.framework; name = CoreGraphics.framework; path = System/Library/Frameworks/CoreGraphics.framework; sourceTree = SDKROOT; };
		7BA48D0313D738E00056D61A /* Dubsar-Info.plist */ = {isa = PBXFileReference; lastKnownFileType = text.plist.xml; path = "Dubsar-Info.plist"; sourceTree = "<group>"; };
		7BA48D0513D738E00056D61A /* en */ = {isa = PBXFileReference; lastKnownFileType = text.plist.strings; name = en; path = en.lproj/InfoPlist.strings; sourceTree = "<group>"; };
		7BA48D0713D738E00056D61A /* Dubsar-Prefix.pch */ = {isa = PBXFileReference; lastKnownFileType = sourcecode.c.h; path = "Dubsar-Prefix.pch"; sourceTree = "<group>"; };
		7BA48D0813D738E00056D61A /* main.m */ = {isa = PBXFileReference; lastKnownFileType = sourcecode.c.objc; path = main.m; sourceTree = "<group>"; };
		7BA48D0A13D738E00056D61A /* DubsarAppDelegate.h */ = {isa = PBXFileReference; lastKnownFileType = sourcecode.c.h; path = DubsarAppDelegate.h; sourceTree = "<group>"; };
		7BA48D0B13D738E00056D61A /* DubsarAppDelegate.m */ = {isa = PBXFileReference; lastKnownFileType = sourcecode.c.objc; path = DubsarAppDelegate.m; sourceTree = "<group>"; };
		7BA48D0E13D738E00056D61A /* DubsarAppDelegate_iPhone.h */ = {isa = PBXFileReference; lastKnownFileType = sourcecode.c.h; name = DubsarAppDelegate_iPhone.h; path = iPhone/DubsarAppDelegate_iPhone.h; sourceTree = "<group>"; };
		7BA48D0F13D738E00056D61A /* DubsarAppDelegate_iPhone.m */ = {isa = PBXFileReference; lastKnownFileType = sourcecode.c.objc; name = DubsarAppDelegate_iPhone.m; path = iPhone/DubsarAppDelegate_iPhone.m; sourceTree = "<group>"; };
		7BA48D1213D738E00056D61A /* en */ = {isa = PBXFileReference; lastKnownFileType = file.xib; name = en; path = iPhone/en.lproj/MainWindow_iPhone.xib; sourceTree = "<group>"; };
		7BA48D1513D738E00056D61A /* DubsarAppDelegate_iPad.h */ = {isa = PBXFileReference; lastKnownFileType = sourcecode.c.h; name = DubsarAppDelegate_iPad.h; path = iPad/DubsarAppDelegate_iPad.h; sourceTree = "<group>"; };
		7BA48D1613D738E00056D61A /* DubsarAppDelegate_iPad.m */ = {isa = PBXFileReference; lastKnownFileType = sourcecode.c.objc; name = DubsarAppDelegate_iPad.m; path = iPad/DubsarAppDelegate_iPad.m; sourceTree = "<group>"; };
		7BA48D1913D738E10056D61A /* en */ = {isa = PBXFileReference; lastKnownFileType = file.xib; name = en; path = iPad/en.lproj/MainWindow_iPad.xib; sourceTree = "<group>"; };
		7BA48D2013D738E10056D61A /* DubsarTests.octest */ = {isa = PBXFileReference; explicitFileType = wrapper.cfbundle; includeInIndex = 0; path = DubsarTests.octest; sourceTree = BUILT_PRODUCTS_DIR; };
		7BA48D2813D738E10056D61A /* DubsarTests-Info.plist */ = {isa = PBXFileReference; lastKnownFileType = text.plist.xml; path = "DubsarTests-Info.plist"; sourceTree = "<group>"; };
		7BA48D2A13D738E10056D61A /* en */ = {isa = PBXFileReference; lastKnownFileType = text.plist.strings; name = en; path = en.lproj/InfoPlist.strings; sourceTree = "<group>"; };
		7BA48D2C13D738E10056D61A /* DubsarTests-Prefix.pch */ = {isa = PBXFileReference; lastKnownFileType = sourcecode.c.h; path = "DubsarTests-Prefix.pch"; sourceTree = "<group>"; };
		7BA48D2D13D738E10056D61A /* DubsarTests.h */ = {isa = PBXFileReference; lastKnownFileType = sourcecode.c.h; path = DubsarTests.h; sourceTree = "<group>"; };
		7BA48D2F13D738E10056D61A /* DubsarTests.m */ = {isa = PBXFileReference; lastKnownFileType = sourcecode.c.objc; path = DubsarTests.m; sourceTree = "<group>"; };
		7BA54C3A13DD3D8A00D00620 /* URLEncoding.h */ = {isa = PBXFileReference; fileEncoding = 4; lastKnownFileType = sourcecode.c.h; path = URLEncoding.h; sourceTree = "<group>"; };
		7BA54C3B13DD3D8A00D00620 /* URLEncoding.m */ = {isa = PBXFileReference; fileEncoding = 4; lastKnownFileType = sourcecode.c.objc; path = URLEncoding.m; sourceTree = "<group>"; };
		7BDD677613D9B76B00A9E94B /* Search.h */ = {isa = PBXFileReference; fileEncoding = 4; lastKnownFileType = sourcecode.c.h; path = Search.h; sourceTree = "<group>"; };
		7BDD677713D9B76C00A9E94B /* Search.m */ = {isa = PBXFileReference; fileEncoding = 4; lastKnownFileType = sourcecode.c.objc; path = Search.m; sourceTree = "<group>"; };
		7BDD677913D9B98B00A9E94B /* Word.h */ = {isa = PBXFileReference; fileEncoding = 4; lastKnownFileType = sourcecode.c.h; path = Word.h; sourceTree = "<group>"; };
		7BDD677A13D9B98C00A9E94B /* Word.m */ = {isa = PBXFileReference; fileEncoding = 4; lastKnownFileType = sourcecode.c.objc; path = Word.m; sourceTree = "<group>"; };
		7BDD67A213D9DDA100A9E94B /* LoadDelegate.h */ = {isa = PBXFileReference; fileEncoding = 4; lastKnownFileType = sourcecode.c.h; path = LoadDelegate.h; sourceTree = "<group>"; };
		7BDD67A313DA43D900A9E94B /* JSONKit.h */ = {isa = PBXFileReference; fileEncoding = 4; lastKnownFileType = sourcecode.c.h; path = JSONKit.h; sourceTree = "<group>"; };
		7BDD67A413DA43D900A9E94B /* JSONKit.m */ = {isa = PBXFileReference; fileEncoding = 4; lastKnownFileType = sourcecode.c.objc; path = JSONKit.m; sourceTree = "<group>"; };
		7BDD67A613DA5B2B00A9E94B /* WordViewController_iPhone.h */ = {isa = PBXFileReference; fileEncoding = 4; lastKnownFileType = sourcecode.c.h; path = WordViewController_iPhone.h; sourceTree = "<group>"; };
		7BDD67A713DA5B2C00A9E94B /* WordViewController_iPhone.m */ = {isa = PBXFileReference; fileEncoding = 4; lastKnownFileType = sourcecode.c.objc; path = WordViewController_iPhone.m; sourceTree = "<group>"; };
		7BDD67A813DA5B2D00A9E94B /* WordViewController_iPhone.xib */ = {isa = PBXFileReference; fileEncoding = 4; lastKnownFileType = file.xib; path = WordViewController_iPhone.xib; sourceTree = "<group>"; };
		7BDD67B113DA68F200A9E94B /* Dubsar.h */ = {isa = PBXFileReference; fileEncoding = 4; lastKnownFileType = sourcecode.c.h; path = Dubsar.h; sourceTree = "<group>"; };
		7BDD67B213DA68F400A9E94B /* Dubsar.m */ = {isa = PBXFileReference; fileEncoding = 4; lastKnownFileType = sourcecode.c.objc; path = Dubsar.m; sourceTree = "<group>"; };
		7BDD67BE13DA8DC100A9E94B /* Model.h */ = {isa = PBXFileReference; fileEncoding = 4; lastKnownFileType = sourcecode.c.h; path = Model.h; sourceTree = "<group>"; };
		7BDD67BF13DA8DC100A9E94B /* Model.m */ = {isa = PBXFileReference; fileEncoding = 4; lastKnownFileType = sourcecode.c.objc; path = Model.m; sourceTree = "<group>"; };
		7BDD67C213DA933500A9E94B /* Sense.h */ = {isa = PBXFileReference; fileEncoding = 4; lastKnownFileType = sourcecode.c.h; path = Sense.h; sourceTree = "<group>"; };
		7BDD67C313DA933500A9E94B /* Sense.m */ = {isa = PBXFileReference; fileEncoding = 4; lastKnownFileType = sourcecode.c.objc; path = Sense.m; sourceTree = "<group>"; };
		7BF7AD3213DC541B0006D948 /* SearchBarViewController_iPhone.h */ = {isa = PBXFileReference; fileEncoding = 4; lastKnownFileType = sourcecode.c.h; path = SearchBarViewController_iPhone.h; sourceTree = "<group>"; };
		7BF7AD3313DC541B0006D948 /* SearchBarViewController_iPhone.m */ = {isa = PBXFileReference; fileEncoding = 4; lastKnownFileType = sourcecode.c.objc; path = SearchBarViewController_iPhone.m; sourceTree = "<group>"; };
/* End PBXFileReference section */

/* Begin PBXFrameworksBuildPhase section */
		7BA48CF413D738E00056D61A /* Frameworks */ = {
			isa = PBXFrameworksBuildPhase;
			buildActionMask = 2147483647;
			files = (
				7BA48CFC13D738E00056D61A /* UIKit.framework in Frameworks */,
				7BA48CFE13D738E00056D61A /* Foundation.framework in Frameworks */,
				7BA48D0013D738E00056D61A /* CoreGraphics.framework in Frameworks */,
			);
			runOnlyForDeploymentPostprocessing = 0;
		};
		7BA48D1C13D738E10056D61A /* Frameworks */ = {
			isa = PBXFrameworksBuildPhase;
			buildActionMask = 2147483647;
			files = (
				7BA48D2113D738E10056D61A /* UIKit.framework in Frameworks */,
				7BA48D2213D738E10056D61A /* Foundation.framework in Frameworks */,
				7BA48D2313D738E10056D61A /* CoreGraphics.framework in Frameworks */,
			);
			runOnlyForDeploymentPostprocessing = 0;
		};
/* End PBXFrameworksBuildPhase section */

/* Begin PBXGroup section */
		7B22253C13DB1F18003B7322 /* Models */ = {
			isa = PBXGroup;
			children = (
				7BA54C3A13DD3D8A00D00620 /* URLEncoding.h */,
				7BA54C3B13DD3D8A00D00620 /* URLEncoding.m */,
				7B0ACD5113DCF15C0098DC02 /* Autocompleter.h */,
				7B0ACD5213DCF15C0098DC02 /* Autocompleter.m */,
				7BDD67A213D9DDA100A9E94B /* LoadDelegate.h */,
				7BDD67BE13DA8DC100A9E94B /* Model.h */,
				7BDD67BF13DA8DC100A9E94B /* Model.m */,
				7BDD677613D9B76B00A9E94B /* Search.h */,
				7BDD677713D9B76C00A9E94B /* Search.m */,
				7BDD67C213DA933500A9E94B /* Sense.h */,
				7BDD67C313DA933500A9E94B /* Sense.m */,
				7BDD677913D9B98B00A9E94B /* Word.h */,
				7BDD677A13D9B98C00A9E94B /* Word.m */,
				7B08976813DB3FA900660C51 /* Synset.h */,
				7B08976913DB3FA900660C51 /* Synset.m */,
			);
			name = Models;
			sourceTree = "<group>";
		};
		7BA48CEC13D738E00056D61A = {
			isa = PBXGroup;
			children = (
				7B08977113DB4C0A00660C51 /* dubsar-link.png */,
				7B3F874913D73B15009C390B /* dubsar-ipad.png */,
				7B3F874713D73B0B009C390B /* dubsar.png */,
				7B3F876813D74CA9009C390B /* dubsar-full.png */,
				7B92A42B13DE2337001F662E /* dubsar-hr.png */,
				7B92A42C13DE2337001F662E /* dubsar-search-ipad.png */,
				7B92A42D13DE2337001F662E /* dubsar-spotlight-hr.png */,
				7B92A42E13DE2337001F662E /* dubsar-spotlight.png */,
				7BA48D0113D738E00056D61A /* Dubsar */,
				7BA48D2613D738E10056D61A /* DubsarTests */,
				7BA48CFA13D738E00056D61A /* Frameworks */,
				7BA48CF813D738E00056D61A /* Products */,
			);
			sourceTree = "<group>";
		};
		7BA48CF813D738E00056D61A /* Products */ = {
			isa = PBXGroup;
			children = (
				7BA48CF713D738E00056D61A /* Dubsar.app */,
				7BA48D2013D738E10056D61A /* DubsarTests.octest */,
			);
			name = Products;
			sourceTree = "<group>";
		};
		7BA48CFA13D738E00056D61A /* Frameworks */ = {
			isa = PBXGroup;
			children = (
				7BA48CFB13D738E00056D61A /* UIKit.framework */,
				7BA48CFD13D738E00056D61A /* Foundation.framework */,
				7BA48CFF13D738E00056D61A /* CoreGraphics.framework */,
			);
			name = Frameworks;
			sourceTree = "<group>";
		};
		7BA48D0113D738E00056D61A /* Dubsar */ = {
			isa = PBXGroup;
			children = (
				7BDD67B113DA68F200A9E94B /* Dubsar.h */,
				7BDD67B213DA68F400A9E94B /* Dubsar.m */,
				7BA48D0A13D738E00056D61A /* DubsarAppDelegate.h */,
				7BA48D0B13D738E00056D61A /* DubsarAppDelegate.m */,
				7BDD677C13D9CC6700A9E94B /* JSONKit */,
				7B22253C13DB1F18003B7322 /* Models */,
				7BA48D0D13D738E00056D61A /* iPhone */,
				7BA48D1413D738E00056D61A /* iPad */,
				7BA48D0213D738E00056D61A /* Supporting Files */,
			);
			path = Dubsar;
			sourceTree = "<group>";
		};
		7BA48D0213D738E00056D61A /* Supporting Files */ = {
			isa = PBXGroup;
			children = (
				7BA48D0313D738E00056D61A /* Dubsar-Info.plist */,
				7BA48D0413D738E00056D61A /* InfoPlist.strings */,
				7BA48D0713D738E00056D61A /* Dubsar-Prefix.pch */,
				7BA48D0813D738E00056D61A /* main.m */,
			);
			name = "Supporting Files";
			sourceTree = "<group>";
		};
		7BA48D0D13D738E00056D61A /* iPhone */ = {
			isa = PBXGroup;
			children = (
				7B0ACD6013DD0BDE0098DC02 /* AutocompleterView.xib */,
				7B8FF4F613DDF68500DD3612 /* DetailView.xib */,
				7BA48D0E13D738E00056D61A /* DubsarAppDelegate_iPhone.h */,
				7BA48D0F13D738E00056D61A /* DubsarAppDelegate_iPhone.m */,
				7B3F875913D7443D009C390B /* DubsarViewController_iPhone.h */,
				7B3F875A13D7443D009C390B /* DubsarViewController_iPhone.m */,
				7B3F875B13D7443D009C390B /* DubsarViewController_iPhone.xib */,
				7B3F877213D7599E009C390B /* LicenseViewController_iPhone.h */,
				7B3F877313D7599E009C390B /* LicenseViewController_iPhone.m */,
				7B3F877413D7599F009C390B /* LicenseViewController_iPhone.xib */,
				7BA48D1113D738E00056D61A /* MainWindow_iPhone.xib */,
				7BF7AD3213DC541B0006D948 /* SearchBarViewController_iPhone.h */,
				7BF7AD3313DC541B0006D948 /* SearchBarViewController_iPhone.m */,
				7B4B2EC513D7CD3100A0B98F /* SearchViewController_iPhone.h */,
				7B4B2EC613D7CD3200A0B98F /* SearchViewController_iPhone.m */,
				7B4B2EC713D7CD3200A0B98F /* SearchViewController_iPhone.xib */,
				7B22254113DB1FDA003B7322 /* SenseViewController_iPhone.h */,
				7B22254213DB1FDA003B7322 /* SenseViewController_iPhone.m */,
				7B22254313DB1FDA003B7322 /* SenseViewController_iPhone.xib */,
				7B08976C13DB418000660C51 /* SynsetViewController_iPhone.h */,
				7B08976D13DB418100660C51 /* SynsetViewController_iPhone.m */,
				7B08976E13DB418100660C51 /* SynsetViewController_iPhone.xib */,
				7BDD67A613DA5B2B00A9E94B /* WordViewController_iPhone.h */,
				7BDD67A713DA5B2C00A9E94B /* WordViewController_iPhone.m */,
				7BDD67A813DA5B2D00A9E94B /* WordViewController_iPhone.xib */,
			);
			name = iPhone;
			sourceTree = "<group>";
		};
		7BA48D1413D738E00056D61A /* iPad */ = {
			isa = PBXGroup;
			children = (
				7B3F876313D74474009C390B /* DubsarViewController_iPad.h */,
				7B3F876413D74474009C390B /* DubsarViewController_iPad.m */,
				7B3F876513D74474009C390B /* DubsarViewController_iPad.xib */,
				7BA48D1513D738E00056D61A /* DubsarAppDelegate_iPad.h */,
				7BA48D1613D738E00056D61A /* DubsarAppDelegate_iPad.m */,
				7BA48D1813D738E10056D61A /* MainWindow_iPad.xib */,
			);
			name = iPad;
			sourceTree = "<group>";
		};
		7BA48D2613D738E10056D61A /* DubsarTests */ = {
			isa = PBXGroup;
			children = (
				7BA48D2D13D738E10056D61A /* DubsarTests.h */,
				7BA48D2F13D738E10056D61A /* DubsarTests.m */,
				7BA48D2713D738E10056D61A /* Supporting Files */,
			);
			path = DubsarTests;
			sourceTree = "<group>";
		};
		7BA48D2713D738E10056D61A /* Supporting Files */ = {
			isa = PBXGroup;
			children = (
				7BA48D2813D738E10056D61A /* DubsarTests-Info.plist */,
				7BA48D2913D738E10056D61A /* InfoPlist.strings */,
				7BA48D2C13D738E10056D61A /* DubsarTests-Prefix.pch */,
			);
			name = "Supporting Files";
			sourceTree = "<group>";
		};
		7BDD677C13D9CC6700A9E94B /* JSONKit */ = {
			isa = PBXGroup;
			children = (
				7BDD67A313DA43D900A9E94B /* JSONKit.h */,
				7BDD67A413DA43D900A9E94B /* JSONKit.m */,
			);
			name = JSONKit;
			sourceTree = "<group>";
		};
/* End PBXGroup section */

/* Begin PBXNativeTarget section */
		7BA48CF613D738E00056D61A /* Dubsar */ = {
			isa = PBXNativeTarget;
			buildConfigurationList = 7BA48D3313D738E10056D61A /* Build configuration list for PBXNativeTarget "Dubsar" */;
			buildPhases = (
				7BA48CF313D738E00056D61A /* Sources */,
				7BA48CF413D738E00056D61A /* Frameworks */,
				7BA48CF513D738E00056D61A /* Resources */,
			);
			buildRules = (
			);
			dependencies = (
			);
			name = Dubsar;
			productName = Dubsar;
			productReference = 7BA48CF713D738E00056D61A /* Dubsar.app */;
			productType = "com.apple.product-type.application";
		};
		7BA48D1F13D738E10056D61A /* DubsarTests */ = {
			isa = PBXNativeTarget;
			buildConfigurationList = 7BA48D3613D738E10056D61A /* Build configuration list for PBXNativeTarget "DubsarTests" */;
			buildPhases = (
				7BA48D1B13D738E10056D61A /* Sources */,
				7BA48D1C13D738E10056D61A /* Frameworks */,
				7BA48D1D13D738E10056D61A /* Resources */,
				7BA48D1E13D738E10056D61A /* ShellScript */,
			);
			buildRules = (
			);
			dependencies = (
				7BA48D2513D738E10056D61A /* PBXTargetDependency */,
			);
			name = DubsarTests;
			productName = DubsarTests;
			productReference = 7BA48D2013D738E10056D61A /* DubsarTests.octest */;
			productType = "com.apple.product-type.bundle";
		};
/* End PBXNativeTarget section */

/* Begin PBXProject section */
		7BA48CEE13D738E00056D61A /* Project object */ = {
			isa = PBXProject;
			attributes = {
				ORGANIZATIONNAME = "Jimmy Dee";
			};
			buildConfigurationList = 7BA48CF113D738E00056D61A /* Build configuration list for PBXProject "Dubsar" */;
			compatibilityVersion = "Xcode 3.2";
			developmentRegion = English;
			hasScannedForEncodings = 0;
			knownRegions = (
				en,
			);
			mainGroup = 7BA48CEC13D738E00056D61A;
			productRefGroup = 7BA48CF813D738E00056D61A /* Products */;
			projectDirPath = "";
			projectRoot = "";
			targets = (
				7BA48CF613D738E00056D61A /* Dubsar */,
				7BA48D1F13D738E10056D61A /* DubsarTests */,
			);
		};
/* End PBXProject section */

/* Begin PBXResourcesBuildPhase section */
		7BA48CF513D738E00056D61A /* Resources */ = {
			isa = PBXResourcesBuildPhase;
			buildActionMask = 2147483647;
			files = (
				7BA48D0613D738E00056D61A /* InfoPlist.strings in Resources */,
				7BA48D1313D738E00056D61A /* MainWindow_iPhone.xib in Resources */,
				7BA48D1A13D738E10056D61A /* MainWindow_iPad.xib in Resources */,
				7B3F874813D73B0B009C390B /* dubsar.png in Resources */,
				7B3F874A13D73B15009C390B /* dubsar-ipad.png in Resources */,
				7B3F875D13D7443D009C390B /* DubsarViewController_iPhone.xib in Resources */,
				7B3F876713D74474009C390B /* DubsarViewController_iPad.xib in Resources */,
				7B3F876913D74CA9009C390B /* dubsar-full.png in Resources */,
				7B3F877613D7599F009C390B /* LicenseViewController_iPhone.xib in Resources */,
				7B4B2EC913D7CD3300A0B98F /* SearchViewController_iPhone.xib in Resources */,
				7BDD67AA13DA5B3000A9E94B /* WordViewController_iPhone.xib in Resources */,
				7B22254513DB1FDA003B7322 /* SenseViewController_iPhone.xib in Resources */,
				7B08977013DB418200660C51 /* SynsetViewController_iPhone.xib in Resources */,
				7B08977213DB4C0A00660C51 /* dubsar-link.png in Resources */,
				7B0ACD6113DD0BDF0098DC02 /* AutocompleterView.xib in Resources */,
				7B8FF4F713DDF68500DD3612 /* DetailView.xib in Resources */,
				7B92A42F13DE2337001F662E /* dubsar-hr.png in Resources */,
				7B92A43013DE2337001F662E /* dubsar-search-ipad.png in Resources */,
				7B92A43113DE2337001F662E /* dubsar-spotlight-hr.png in Resources */,
				7B92A43213DE2337001F662E /* dubsar-spotlight.png in Resources */,
			);
			runOnlyForDeploymentPostprocessing = 0;
		};
		7BA48D1D13D738E10056D61A /* Resources */ = {
			isa = PBXResourcesBuildPhase;
			buildActionMask = 2147483647;
			files = (
				7BA48D2B13D738E10056D61A /* InfoPlist.strings in Resources */,
				7BA48D2E13D738E10056D61A /* DubsarTests.h in Resources */,
			);
			runOnlyForDeploymentPostprocessing = 0;
		};
/* End PBXResourcesBuildPhase section */

/* Begin PBXShellScriptBuildPhase section */
		7BA48D1E13D738E10056D61A /* ShellScript */ = {
			isa = PBXShellScriptBuildPhase;
			buildActionMask = 2147483647;
			files = (
			);
			inputPaths = (
			);
			outputPaths = (
			);
			runOnlyForDeploymentPostprocessing = 0;
			shellPath = /bin/sh;
			shellScript = "# Run the unit tests in this test bundle.\n\"${SYSTEM_DEVELOPER_DIR}/Tools/RunUnitTests\"\n";
		};
/* End PBXShellScriptBuildPhase section */

/* Begin PBXSourcesBuildPhase section */
		7BA48CF313D738E00056D61A /* Sources */ = {
			isa = PBXSourcesBuildPhase;
			buildActionMask = 2147483647;
			files = (
				7BA48D0913D738E00056D61A /* main.m in Sources */,
				7BA48D0C13D738E00056D61A /* DubsarAppDelegate.m in Sources */,
				7BA48D1013D738E00056D61A /* DubsarAppDelegate_iPhone.m in Sources */,
				7BA48D1713D738E00056D61A /* DubsarAppDelegate_iPad.m in Sources */,
				7B3F875C13D7443D009C390B /* DubsarViewController_iPhone.m in Sources */,
				7B3F876613D74474009C390B /* DubsarViewController_iPad.m in Sources */,
				7B3F877513D7599F009C390B /* LicenseViewController_iPhone.m in Sources */,
				7B4B2EC813D7CD3300A0B98F /* SearchViewController_iPhone.m in Sources */,
				7BDD677813D9B76C00A9E94B /* Search.m in Sources */,
				7BDD677B13D9B98D00A9E94B /* Word.m in Sources */,
				7BDD67A513DA43D900A9E94B /* JSONKit.m in Sources */,
				7BDD67A913DA5B3000A9E94B /* WordViewController_iPhone.m in Sources */,
				7BDD67B313DA68F600A9E94B /* Dubsar.m in Sources */,
				7BDD67C013DA8DC100A9E94B /* Model.m in Sources */,
				7BDD67C413DA933600A9E94B /* Sense.m in Sources */,
				7B22254413DB1FDA003B7322 /* SenseViewController_iPhone.m in Sources */,
				7B08976A13DB3FA900660C51 /* Synset.m in Sources */,
				7B08976F13DB418200660C51 /* SynsetViewController_iPhone.m in Sources */,
				7BF7AD3513DC541B0006D948 /* SearchBarViewController_iPhone.m in Sources */,
				7B0ACD5313DCF15C0098DC02 /* Autocompleter.m in Sources */,
				7BA54C3C13DD3D8A00D00620 /* URLEncoding.m in Sources */,
			);
			runOnlyForDeploymentPostprocessing = 0;
		};
		7BA48D1B13D738E10056D61A /* Sources */ = {
			isa = PBXSourcesBuildPhase;
			buildActionMask = 2147483647;
			files = (
				7BA48D3013D738E10056D61A /* DubsarTests.m in Sources */,
			);
			runOnlyForDeploymentPostprocessing = 0;
		};
/* End PBXSourcesBuildPhase section */

/* Begin PBXTargetDependency section */
		7BA48D2513D738E10056D61A /* PBXTargetDependency */ = {
			isa = PBXTargetDependency;
			target = 7BA48CF613D738E00056D61A /* Dubsar */;
			targetProxy = 7BA48D2413D738E10056D61A /* PBXContainerItemProxy */;
		};
/* End PBXTargetDependency section */

/* Begin PBXVariantGroup section */
		7BA48D0413D738E00056D61A /* InfoPlist.strings */ = {
			isa = PBXVariantGroup;
			children = (
				7BA48D0513D738E00056D61A /* en */,
			);
			name = InfoPlist.strings;
			sourceTree = "<group>";
		};
		7BA48D1113D738E00056D61A /* MainWindow_iPhone.xib */ = {
			isa = PBXVariantGroup;
			children = (
				7BA48D1213D738E00056D61A /* en */,
			);
			name = MainWindow_iPhone.xib;
			sourceTree = "<group>";
		};
		7BA48D1813D738E10056D61A /* MainWindow_iPad.xib */ = {
			isa = PBXVariantGroup;
			children = (
				7BA48D1913D738E10056D61A /* en */,
			);
			name = MainWindow_iPad.xib;
			sourceTree = "<group>";
		};
		7BA48D2913D738E10056D61A /* InfoPlist.strings */ = {
			isa = PBXVariantGroup;
			children = (
				7BA48D2A13D738E10056D61A /* en */,
			);
			name = InfoPlist.strings;
			sourceTree = "<group>";
		};
/* End PBXVariantGroup section */

/* Begin XCBuildConfiguration section */
		7BA48D3113D738E10056D61A /* Debug */ = {
			isa = XCBuildConfiguration;
			buildSettings = {
				ARCHS = "$(ARCHS_STANDARD_32_BIT)";
				"CODE_SIGN_IDENTITY[sdk=iphoneos*]" = "iPhone Developer";
				GCC_C_LANGUAGE_STANDARD = gnu99;
				GCC_OPTIMIZATION_LEVEL = 0;
				GCC_PREPROCESSOR_DEFINITIONS = DEBUG;
				GCC_SYMBOLS_PRIVATE_EXTERN = NO;
				GCC_VERSION = com.apple.compilers.llvmgcc42;
				GCC_WARN_ABOUT_RETURN_TYPE = YES;
				GCC_WARN_UNUSED_VARIABLE = YES;
				IPHONEOS_DEPLOYMENT_TARGET = 4.3;
				SDKROOT = iphoneos;
				TARGETED_DEVICE_FAMILY = "1,2";
			};
			name = Debug;
		};
		7BA48D3213D738E10056D61A /* Release */ = {
			isa = XCBuildConfiguration;
			buildSettings = {
				ARCHS = "$(ARCHS_STANDARD_32_BIT)";
				"CODE_SIGN_IDENTITY[sdk=iphoneos*]" = "iPhone Developer";
				GCC_C_LANGUAGE_STANDARD = gnu99;
				GCC_VERSION = com.apple.compilers.llvmgcc42;
				GCC_WARN_ABOUT_RETURN_TYPE = YES;
				GCC_WARN_UNUSED_VARIABLE = YES;
				IPHONEOS_DEPLOYMENT_TARGET = 4.3;
				OTHER_CFLAGS = "-DNS_BLOCK_ASSERTIONS=1";
				SDKROOT = iphoneos;
				TARGETED_DEVICE_FAMILY = "1,2";
			};
			name = Release;
		};
		7BA48D3413D738E10056D61A /* Debug */ = {
			isa = XCBuildConfiguration;
			buildSettings = {
				ALWAYS_SEARCH_USER_PATHS = NO;
				COPY_PHASE_STRIP = NO;
				GCC_DYNAMIC_NO_PIC = NO;
				GCC_PRECOMPILE_PREFIX_HEADER = YES;
				GCC_PREFIX_HEADER = "Dubsar/Dubsar-Prefix.pch";
				INFOPLIST_FILE = "Dubsar/Dubsar-Info.plist";
				PRODUCT_NAME = "$(TARGET_NAME)";
				WRAPPER_EXTENSION = app;
			};
			name = Debug;
		};
		7BA48D3513D738E10056D61A /* Release */ = {
			isa = XCBuildConfiguration;
			buildSettings = {
				ALWAYS_SEARCH_USER_PATHS = NO;
				COPY_PHASE_STRIP = YES;
				GCC_PRECOMPILE_PREFIX_HEADER = YES;
				GCC_PREFIX_HEADER = "Dubsar/Dubsar-Prefix.pch";
				INFOPLIST_FILE = "Dubsar/Dubsar-Info.plist";
				PRODUCT_NAME = "$(TARGET_NAME)";
				VALIDATE_PRODUCT = YES;
				WRAPPER_EXTENSION = app;
			};
			name = Release;
		};
		7BA48D3713D738E10056D61A /* Debug */ = {
			isa = XCBuildConfiguration;
			buildSettings = {
				ALWAYS_SEARCH_USER_PATHS = NO;
				BUNDLE_LOADER = "$(BUILT_PRODUCTS_DIR)/Dubsar.app/Dubsar";
				FRAMEWORK_SEARCH_PATHS = (
					"$(SDKROOT)/Developer/Library/Frameworks",
					"$(DEVELOPER_LIBRARY_DIR)/Frameworks",
				);
				GCC_PRECOMPILE_PREFIX_HEADER = YES;
				GCC_PREFIX_HEADER = "DubsarTests/DubsarTests-Prefix.pch";
				INFOPLIST_FILE = "DubsarTests/DubsarTests-Info.plist";
				OTHER_LDFLAGS = (
					"-framework",
					SenTestingKit,
				);
				PRODUCT_NAME = "$(TARGET_NAME)";
				TEST_HOST = "$(BUNDLE_LOADER)";
				WRAPPER_EXTENSION = octest;
			};
			name = Debug;
		};
		7BA48D3813D738E10056D61A /* Release */ = {
			isa = XCBuildConfiguration;
			buildSettings = {
				ALWAYS_SEARCH_USER_PATHS = NO;
				BUNDLE_LOADER = "$(BUILT_PRODUCTS_DIR)/Dubsar.app/Dubsar";
				FRAMEWORK_SEARCH_PATHS = (
					"$(SDKROOT)/Developer/Library/Frameworks",
					"$(DEVELOPER_LIBRARY_DIR)/Frameworks",
				);
				GCC_PRECOMPILE_PREFIX_HEADER = YES;
				GCC_PREFIX_HEADER = "DubsarTests/DubsarTests-Prefix.pch";
				INFOPLIST_FILE = "DubsarTests/DubsarTests-Info.plist";
				OTHER_LDFLAGS = (
					"-framework",
					SenTestingKit,
				);
				PRODUCT_NAME = "$(TARGET_NAME)";
				TEST_HOST = "$(BUNDLE_LOADER)";
				WRAPPER_EXTENSION = octest;
			};
			name = Release;
		};
/* End XCBuildConfiguration section */

/* Begin XCConfigurationList section */
		7BA48CF113D738E00056D61A /* Build configuration list for PBXProject "Dubsar" */ = {
			isa = XCConfigurationList;
			buildConfigurations = (
				7BA48D3113D738E10056D61A /* Debug */,
				7BA48D3213D738E10056D61A /* Release */,
			);
			defaultConfigurationIsVisible = 0;
			defaultConfigurationName = Release;
		};
		7BA48D3313D738E10056D61A /* Build configuration list for PBXNativeTarget "Dubsar" */ = {
			isa = XCConfigurationList;
			buildConfigurations = (
				7BA48D3413D738E10056D61A /* Debug */,
				7BA48D3513D738E10056D61A /* Release */,
			);
			defaultConfigurationIsVisible = 0;
			defaultConfigurationName = Release;
		};
		7BA48D3613D738E10056D61A /* Build configuration list for PBXNativeTarget "DubsarTests" */ = {
			isa = XCConfigurationList;
			buildConfigurations = (
				7BA48D3713D738E10056D61A /* Debug */,
				7BA48D3813D738E10056D61A /* Release */,
			);
			defaultConfigurationIsVisible = 0;
			defaultConfigurationName = Release;
		};
/* End XCConfigurationList section */
	};
	rootObject = 7BA48CEE13D738E00056D61A /* Project object */;
}
