// !$*UTF8*$!
{
	archiveVersion = 1;
	classes = {
	};
	objectVersion = 46;
	objects = {

/* Begin PBXBuildFile section */
		7B00DF5613E6EEB900E80FCC /* PartOfSpeechDictionaryTest.m in Sources */ = {isa = PBXBuildFile; fileRef = 7B00DF5513E6EEB900E80FCC /* PartOfSpeechDictionaryTest.m */; };
		7B00DF5713E6EFDA00E80FCC /* PartOfSpeechDictionary.m in Sources */ = {isa = PBXBuildFile; fileRef = 7B32809813E38CEE00274E6C /* PartOfSpeechDictionary.m */; };
		7B00DF5813E6EFE300E80FCC /* Dubsar.m in Sources */ = {isa = PBXBuildFile; fileRef = 7B3280AE13E38D9A00274E6C /* Dubsar.m */; };
		7B00DF5B13E6F03C00E80FCC /* AutocompleterTest.m in Sources */ = {isa = PBXBuildFile; fileRef = 7B00DF5A13E6F03C00E80FCC /* AutocompleterTest.m */; };
		7B00DF5C13E6F0A100E80FCC /* JSONKit.m in Sources */ = {isa = PBXBuildFile; fileRef = 7B32808A13E38C9300274E6C /* JSONKit.m */; };
		7B00DF5D13E6F0A100E80FCC /* Autocompleter.m in Sources */ = {isa = PBXBuildFile; fileRef = 7B32809113E38CEE00274E6C /* Autocompleter.m */; };
		7B00DF5E13E6F0A100E80FCC /* Model.m in Sources */ = {isa = PBXBuildFile; fileRef = 7B32809613E38CEE00274E6C /* Model.m */; };
		7B00DF5F13E6F0B800E80FCC /* URLEncoding.m in Sources */ = {isa = PBXBuildFile; fileRef = 7B32808C13E38C9300274E6C /* URLEncoding.m */; };
		7B00DF6213E6F0E200E80FCC /* PointerDictionaryTest.m in Sources */ = {isa = PBXBuildFile; fileRef = 7B00DF6113E6F0E200E80FCC /* PointerDictionaryTest.m */; };
		7B00DF6313E6F11F00E80FCC /* PointerDictionary.m in Sources */ = {isa = PBXBuildFile; fileRef = 7B32809A13E38CEE00274E6C /* PointerDictionary.m */; };
		7B30646413E5A06000B2A1B1 /* AboutViewController_iPad.m in Sources */ = {isa = PBXBuildFile; fileRef = 7B30646213E5A06000B2A1B1 /* AboutViewController_iPad.m */; };
		7B30646513E5A06000B2A1B1 /* AboutViewController_iPad.xib in Resources */ = {isa = PBXBuildFile; fileRef = 7B30646313E5A06000B2A1B1 /* AboutViewController_iPad.xib */; };
		7B327FF213E3875400274E6C /* UIKit.framework in Frameworks */ = {isa = PBXBuildFile; fileRef = 7B327FF113E3875400274E6C /* UIKit.framework */; };
		7B327FF413E3875400274E6C /* Foundation.framework in Frameworks */ = {isa = PBXBuildFile; fileRef = 7B327FF313E3875400274E6C /* Foundation.framework */; };
		7B327FF613E3875400274E6C /* CoreGraphics.framework in Frameworks */ = {isa = PBXBuildFile; fileRef = 7B327FF513E3875400274E6C /* CoreGraphics.framework */; };
		7B327FFC13E3875400274E6C /* InfoPlist.strings in Resources */ = {isa = PBXBuildFile; fileRef = 7B327FFA13E3875400274E6C /* InfoPlist.strings */; };
		7B327FFF13E3875400274E6C /* main.m in Sources */ = {isa = PBXBuildFile; fileRef = 7B327FFE13E3875400274E6C /* main.m */; };
		7B32800213E3875400274E6C /* DubsarAppDelegate.m in Sources */ = {isa = PBXBuildFile; fileRef = 7B32800113E3875400274E6C /* DubsarAppDelegate.m */; };
		7B32800613E3875400274E6C /* DubsarAppDelegate_iPhone.m in Sources */ = {isa = PBXBuildFile; fileRef = 7B32800513E3875400274E6C /* DubsarAppDelegate_iPhone.m */; };
		7B32800913E3875400274E6C /* MainWindow_iPhone.xib in Resources */ = {isa = PBXBuildFile; fileRef = 7B32800713E3875400274E6C /* MainWindow_iPhone.xib */; };
		7B32804013E387BF00274E6C /* dubsar-full.png in Resources */ = {isa = PBXBuildFile; fileRef = 7B32803313E387BF00274E6C /* dubsar-full.png */; };
		7B32804313E387BF00274E6C /* dubsar-link-hr.png in Resources */ = {isa = PBXBuildFile; fileRef = 7B32803613E387BF00274E6C /* dubsar-link-hr.png */; };
		7B32804413E387BF00274E6C /* dubsar-link.png in Resources */ = {isa = PBXBuildFile; fileRef = 7B32803713E387BF00274E6C /* dubsar-link.png */; };
		7B32804513E387BF00274E6C /* dubsar-search-ipad.png in Resources */ = {isa = PBXBuildFile; fileRef = 7B32803813E387BF00274E6C /* dubsar-search-ipad.png */; };
		7B32804613E387BF00274E6C /* dubsar-spotlight-hr.png in Resources */ = {isa = PBXBuildFile; fileRef = 7B32803913E387BF00274E6C /* dubsar-spotlight-hr.png */; };
		7B32804713E387BF00274E6C /* dubsar-spotlight.png in Resources */ = {isa = PBXBuildFile; fileRef = 7B32803A13E387BF00274E6C /* dubsar-spotlight.png */; };
		7B32804A13E387D500274E6C /* dubsar.png in Resources */ = {isa = PBXBuildFile; fileRef = 7B32804913E387D500274E6C /* dubsar.png */; };
		7B32804C13E387E300274E6C /* dubsar-hr.png in Resources */ = {isa = PBXBuildFile; fileRef = 7B32804B13E387E300274E6C /* dubsar-hr.png */; };
		7B32805213E3880700274E6C /* dubsar-ipad.png in Resources */ = {isa = PBXBuildFile; fileRef = 7B32805113E3880700274E6C /* dubsar-ipad.png */; };
		7B32805C13E3899100274E6C /* MainWindow_iPad.xib in Resources */ = {isa = PBXBuildFile; fileRef = 7B32805B13E3899100274E6C /* MainWindow_iPad.xib */; };
		7B32805F13E389C500274E6C /* DubsarAppDelegate_iPad.m in Sources */ = {isa = PBXBuildFile; fileRef = 7B32805E13E389C500274E6C /* DubsarAppDelegate_iPad.m */; };
		7B32806313E38A0D00274E6C /* SearchBarViewController_iPad.m in Sources */ = {isa = PBXBuildFile; fileRef = 7B32806113E38A0D00274E6C /* SearchBarViewController_iPad.m */; };
		7B32806413E38A0D00274E6C /* SearchBarViewController_iPad.xib in Resources */ = {isa = PBXBuildFile; fileRef = 7B32806213E38A0D00274E6C /* SearchBarViewController_iPad.xib */; };
		7B32806813E38AF600274E6C /* DubsarViewController_iPad.m in Sources */ = {isa = PBXBuildFile; fileRef = 7B32806613E38AF500274E6C /* DubsarViewController_iPad.m */; };
		7B32806913E38AF600274E6C /* DubsarViewController_iPad.xib in Resources */ = {isa = PBXBuildFile; fileRef = 7B32806713E38AF600274E6C /* DubsarViewController_iPad.xib */; };
		7B32806D13E38B5600274E6C /* FAQViewController_iPad.m in Sources */ = {isa = PBXBuildFile; fileRef = 7B32806B13E38B5600274E6C /* FAQViewController_iPad.m */; };
		7B32806E13E38B5600274E6C /* FAQViewController_iPad.xib in Resources */ = {isa = PBXBuildFile; fileRef = 7B32806C13E38B5600274E6C /* FAQViewController_iPad.xib */; };
		7B32807213E38B8F00274E6C /* LicenseViewController_iPad.m in Sources */ = {isa = PBXBuildFile; fileRef = 7B32807013E38B8F00274E6C /* LicenseViewController_iPad.m */; };
		7B32807313E38B8F00274E6C /* LicenseViewController_iPad.xib in Resources */ = {isa = PBXBuildFile; fileRef = 7B32807113E38B8F00274E6C /* LicenseViewController_iPad.xib */; };
		7B32807713E38BBE00274E6C /* SearchViewController_iPad.m in Sources */ = {isa = PBXBuildFile; fileRef = 7B32807513E38BBE00274E6C /* SearchViewController_iPad.m */; };
		7B32807813E38BBE00274E6C /* SearchViewController_iPad.xib in Resources */ = {isa = PBXBuildFile; fileRef = 7B32807613E38BBE00274E6C /* SearchViewController_iPad.xib */; };
		7B32807C13E38BDF00274E6C /* WordViewController_iPad.m in Sources */ = {isa = PBXBuildFile; fileRef = 7B32807A13E38BDE00274E6C /* WordViewController_iPad.m */; };
		7B32807D13E38BDF00274E6C /* WordViewController_iPad.xib in Resources */ = {isa = PBXBuildFile; fileRef = 7B32807B13E38BDF00274E6C /* WordViewController_iPad.xib */; };
		7B32808113E38BF300274E6C /* SenseViewController_iPad.m in Sources */ = {isa = PBXBuildFile; fileRef = 7B32807F13E38BF300274E6C /* SenseViewController_iPad.m */; };
		7B32808213E38BF300274E6C /* SenseViewController_iPad.xib in Resources */ = {isa = PBXBuildFile; fileRef = 7B32808013E38BF300274E6C /* SenseViewController_iPad.xib */; };
		7B32808613E38C0400274E6C /* SynsetViewController_iPad.m in Sources */ = {isa = PBXBuildFile; fileRef = 7B32808413E38C0300274E6C /* SynsetViewController_iPad.m */; };
		7B32808713E38C0400274E6C /* SynsetViewController_iPad.xib in Resources */ = {isa = PBXBuildFile; fileRef = 7B32808513E38C0300274E6C /* SynsetViewController_iPad.xib */; };
		7B32808D13E38C9300274E6C /* JSONKit.m in Sources */ = {isa = PBXBuildFile; fileRef = 7B32808A13E38C9300274E6C /* JSONKit.m */; };
		7B32808E13E38C9300274E6C /* URLEncoding.m in Sources */ = {isa = PBXBuildFile; fileRef = 7B32808C13E38C9300274E6C /* URLEncoding.m */; };
		7B3280A313E38CEF00274E6C /* Autocompleter.m in Sources */ = {isa = PBXBuildFile; fileRef = 7B32809113E38CEE00274E6C /* Autocompleter.m */; };
		7B3280A413E38CEF00274E6C /* AutocompleterProxy.m in Sources */ = {isa = PBXBuildFile; fileRef = 7B32809413E38CEE00274E6C /* AutocompleterProxy.m */; };
		7B3280A513E38CEF00274E6C /* Model.m in Sources */ = {isa = PBXBuildFile; fileRef = 7B32809613E38CEE00274E6C /* Model.m */; };
		7B3280A613E38CEF00274E6C /* PartOfSpeechDictionary.m in Sources */ = {isa = PBXBuildFile; fileRef = 7B32809813E38CEE00274E6C /* PartOfSpeechDictionary.m */; };
		7B3280A713E38CEF00274E6C /* PointerDictionary.m in Sources */ = {isa = PBXBuildFile; fileRef = 7B32809A13E38CEE00274E6C /* PointerDictionary.m */; };
		7B3280A813E38CEF00274E6C /* Search.m in Sources */ = {isa = PBXBuildFile; fileRef = 7B32809C13E38CEE00274E6C /* Search.m */; };
		7B3280A913E38CEF00274E6C /* Sense.m in Sources */ = {isa = PBXBuildFile; fileRef = 7B32809E13E38CEE00274E6C /* Sense.m */; };
		7B3280AA13E38CEF00274E6C /* Synset.m in Sources */ = {isa = PBXBuildFile; fileRef = 7B3280A013E38CEE00274E6C /* Synset.m */; };
		7B3280AB13E38CEF00274E6C /* Word.m in Sources */ = {isa = PBXBuildFile; fileRef = 7B3280A213E38CEE00274E6C /* Word.m */; };
		7B3280AF13E38D9B00274E6C /* Dubsar.m in Sources */ = {isa = PBXBuildFile; fileRef = 7B3280AE13E38D9A00274E6C /* Dubsar.m */; };
		7B3280B313E38DDB00274E6C /* WordPopoverViewController_iPad.m in Sources */ = {isa = PBXBuildFile; fileRef = 7B3280B113E38DDA00274E6C /* WordPopoverViewController_iPad.m */; };
		7B3280B413E38DDB00274E6C /* WordPopoverViewController_iPad.xib in Resources */ = {isa = PBXBuildFile; fileRef = 7B3280B213E38DDB00274E6C /* WordPopoverViewController_iPad.xib */; };
		7B3280B813E38EE800274E6C /* DubsarViewController_iPhone.m in Sources */ = {isa = PBXBuildFile; fileRef = 7B3280B613E38EE800274E6C /* DubsarViewController_iPhone.m */; };
		7B3280B913E38EE800274E6C /* DubsarViewController_iPhone.xib in Resources */ = {isa = PBXBuildFile; fileRef = 7B3280B713E38EE800274E6C /* DubsarViewController_iPhone.xib */; };
		7B3280BD13E38EFE00274E6C /* SearchViewController_iPhone.m in Sources */ = {isa = PBXBuildFile; fileRef = 7B3280BB13E38EFE00274E6C /* SearchViewController_iPhone.m */; };
		7B3280BE13E38EFE00274E6C /* SearchViewController_iPhone.xib in Resources */ = {isa = PBXBuildFile; fileRef = 7B3280BC13E38EFE00274E6C /* SearchViewController_iPhone.xib */; };
		7B3280C213E38F0E00274E6C /* WordViewController_iPhone.m in Sources */ = {isa = PBXBuildFile; fileRef = 7B3280C013E38F0E00274E6C /* WordViewController_iPhone.m */; };
		7B3280C313E38F0E00274E6C /* WordViewController_iPhone.xib in Resources */ = {isa = PBXBuildFile; fileRef = 7B3280C113E38F0E00274E6C /* WordViewController_iPhone.xib */; };
		7B3280C713E38F5800274E6C /* SenseViewController_iPhone.m in Sources */ = {isa = PBXBuildFile; fileRef = 7B3280C513E38F5700274E6C /* SenseViewController_iPhone.m */; };
		7B3280C813E38F5800274E6C /* SenseViewController_iPhone.xib in Resources */ = {isa = PBXBuildFile; fileRef = 7B3280C613E38F5700274E6C /* SenseViewController_iPhone.xib */; };
		7B3280CC13E38F6D00274E6C /* SynsetViewController_iPhone.m in Sources */ = {isa = PBXBuildFile; fileRef = 7B3280CA13E38F6D00274E6C /* SynsetViewController_iPhone.m */; };
		7B3280CD13E38F6D00274E6C /* SynsetViewController_iPhone.xib in Resources */ = {isa = PBXBuildFile; fileRef = 7B3280CB13E38F6D00274E6C /* SynsetViewController_iPhone.xib */; };
		7B3280D113E38F8200274E6C /* FAQViewController_iPhone.m in Sources */ = {isa = PBXBuildFile; fileRef = 7B3280CF13E38F8200274E6C /* FAQViewController_iPhone.m */; };
		7B3280D213E38F8200274E6C /* FAQViewController_iPhone.xib in Resources */ = {isa = PBXBuildFile; fileRef = 7B3280D013E38F8200274E6C /* FAQViewController_iPhone.xib */; };
		7B3280DA13E3900700274E6C /* SearchBarViewController_iPhone.m in Sources */ = {isa = PBXBuildFile; fileRef = 7B3280D913E3900700274E6C /* SearchBarViewController_iPhone.m */; };
		7B59C4CE13E8A5E8006F5FDB /* SearchTest.m in Sources */ = {isa = PBXBuildFile; fileRef = 7B59C4CD13E8A5E8006F5FDB /* SearchTest.m */; };
		7B59C4D013E8A74C006F5FDB /* Search.m in Sources */ = {isa = PBXBuildFile; fileRef = 7B32809C13E38CEE00274E6C /* Search.m */; };
		7B59C4D113E8A762006F5FDB /* Word.m in Sources */ = {isa = PBXBuildFile; fileRef = 7B3280A213E38CEE00274E6C /* Word.m */; };
		7B59C4D213E8A76D006F5FDB /* Sense.m in Sources */ = {isa = PBXBuildFile; fileRef = 7B32809E13E38CEE00274E6C /* Sense.m */; };
		7B59C4D313E8A775006F5FDB /* Synset.m in Sources */ = {isa = PBXBuildFile; fileRef = 7B3280A013E38CEE00274E6C /* Synset.m */; };
		7B59C4D613E8A7BE006F5FDB /* ModelTestCase.m in Sources */ = {isa = PBXBuildFile; fileRef = 7B59C4D513E8A7BE006F5FDB /* ModelTestCase.m */; };
		7B59C4D913E8AC9A006F5FDB /* WordTest.m in Sources */ = {isa = PBXBuildFile; fileRef = 7B59C4D813E8AC9A006F5FDB /* WordTest.m */; };
		7B59C4DC13E8B05C006F5FDB /* SenseTest.m in Sources */ = {isa = PBXBuildFile; fileRef = 7B59C4DB13E8B05C006F5FDB /* SenseTest.m */; };
		7B59C4E013E8CAF9006F5FDB /* SynsetTest.m in Sources */ = {isa = PBXBuildFile; fileRef = 7B59C4DF13E8CAF9006F5FDB /* SynsetTest.m */; };
		7B6953B613E6E3CC00B10519 /* SenTestingKit.framework in Frameworks */ = {isa = PBXBuildFile; fileRef = 7B69537B13E6E21700B10519 /* SenTestingKit.framework */; };
		7B6953B713E6E3CC00B10519 /* UIKit.framework in Frameworks */ = {isa = PBXBuildFile; fileRef = 7B327FF113E3875400274E6C /* UIKit.framework */; };
		7B6953B813E6E3CC00B10519 /* Foundation.framework in Frameworks */ = {isa = PBXBuildFile; fileRef = 7B327FF313E3875400274E6C /* Foundation.framework */; };
		7B6953B913E6E3CC00B10519 /* CoreGraphics.framework in Frameworks */ = {isa = PBXBuildFile; fileRef = 7B327FF513E3875400274E6C /* CoreGraphics.framework */; };
		7B6953BF13E6E3CC00B10519 /* InfoPlist.strings in Resources */ = {isa = PBXBuildFile; fileRef = 7B6953BD13E6E3CC00B10519 /* InfoPlist.strings */; };
		7BB2270813E5A747005D454F /* AboutViewController_iPhone.m in Sources */ = {isa = PBXBuildFile; fileRef = 7BB2270613E5A746005D454F /* AboutViewController_iPhone.m */; };
		7BB2270913E5A747005D454F /* AboutViewController_iPhone.xib in Resources */ = {isa = PBXBuildFile; fileRef = 7BB2270713E5A746005D454F /* AboutViewController_iPhone.xib */; };
		7BB2270E13E5B61B005D454F /* Default-Landscape~ipad.png in Resources */ = {isa = PBXBuildFile; fileRef = 7BB2270D13E5B61B005D454F /* Default-Landscape~ipad.png */; };
		7BB2271213E5B68D005D454F /* Default-Portrait~ipad.png in Resources */ = {isa = PBXBuildFile; fileRef = 7BB2271113E5B68C005D454F /* Default-Portrait~ipad.png */; };
		7BB2271813E5B93E005D454F /* Default.png in Resources */ = {isa = PBXBuildFile; fileRef = 7BB2271713E5B93D005D454F /* Default.png */; };
		7BB2271A13E5BA06005D454F /* Default@2x.png in Resources */ = {isa = PBXBuildFile; fileRef = 7BB2271913E5BA05005D454F /* Default@2x.png */; };
		7BCE75EA13E741C900D1CECC /* iTunesArtwork in Resources */ = {isa = PBXBuildFile; fileRef = 7BCE75E913E741C900D1CECC /* iTunesArtwork */; };
		7BE9ABDF13E4C25500FB7402 /* DetailView_iPad.xib in Resources */ = {isa = PBXBuildFile; fileRef = 7BE9ABDD13E4C25500FB7402 /* DetailView_iPad.xib */; };
		7BE9ABE013E4C25500FB7402 /* DetailView_iPhone.xib in Resources */ = {isa = PBXBuildFile; fileRef = 7BE9ABDE13E4C25500FB7402 /* DetailView_iPhone.xib */; };
		7BF4126313E8E6B000BAC92A /* main.m in Sources */ = {isa = PBXBuildFile; fileRef = 7B327FFE13E3875400274E6C /* main.m */; };
		7BF4126413E8E6B000BAC92A /* DubsarAppDelegate.m in Sources */ = {isa = PBXBuildFile; fileRef = 7B32800113E3875400274E6C /* DubsarAppDelegate.m */; };
		7BF4126513E8E6B000BAC92A /* DubsarAppDelegate_iPhone.m in Sources */ = {isa = PBXBuildFile; fileRef = 7B32800513E3875400274E6C /* DubsarAppDelegate_iPhone.m */; };
		7BF4126613E8E6B000BAC92A /* DubsarAppDelegate_iPad.m in Sources */ = {isa = PBXBuildFile; fileRef = 7B32805E13E389C500274E6C /* DubsarAppDelegate_iPad.m */; };
		7BF4126713E8E6B000BAC92A /* SearchBarViewController_iPad.m in Sources */ = {isa = PBXBuildFile; fileRef = 7B32806113E38A0D00274E6C /* SearchBarViewController_iPad.m */; };
		7BF4126813E8E6B000BAC92A /* DubsarViewController_iPad.m in Sources */ = {isa = PBXBuildFile; fileRef = 7B32806613E38AF500274E6C /* DubsarViewController_iPad.m */; };
		7BF4126913E8E6B000BAC92A /* FAQViewController_iPad.m in Sources */ = {isa = PBXBuildFile; fileRef = 7B32806B13E38B5600274E6C /* FAQViewController_iPad.m */; };
		7BF4126A13E8E6B000BAC92A /* LicenseViewController_iPad.m in Sources */ = {isa = PBXBuildFile; fileRef = 7B32807013E38B8F00274E6C /* LicenseViewController_iPad.m */; };
		7BF4126B13E8E6B000BAC92A /* SearchViewController_iPad.m in Sources */ = {isa = PBXBuildFile; fileRef = 7B32807513E38BBE00274E6C /* SearchViewController_iPad.m */; };
		7BF4126C13E8E6B000BAC92A /* WordViewController_iPad.m in Sources */ = {isa = PBXBuildFile; fileRef = 7B32807A13E38BDE00274E6C /* WordViewController_iPad.m */; };
		7BF4126D13E8E6B000BAC92A /* SenseViewController_iPad.m in Sources */ = {isa = PBXBuildFile; fileRef = 7B32807F13E38BF300274E6C /* SenseViewController_iPad.m */; };
		7BF4126E13E8E6B000BAC92A /* SynsetViewController_iPad.m in Sources */ = {isa = PBXBuildFile; fileRef = 7B32808413E38C0300274E6C /* SynsetViewController_iPad.m */; };
		7BF4126F13E8E6B000BAC92A /* JSONKit.m in Sources */ = {isa = PBXBuildFile; fileRef = 7B32808A13E38C9300274E6C /* JSONKit.m */; };
		7BF4127013E8E6B000BAC92A /* URLEncoding.m in Sources */ = {isa = PBXBuildFile; fileRef = 7B32808C13E38C9300274E6C /* URLEncoding.m */; };
		7BF4127113E8E6B000BAC92A /* Autocompleter.m in Sources */ = {isa = PBXBuildFile; fileRef = 7B32809113E38CEE00274E6C /* Autocompleter.m */; };
		7BF4127213E8E6B000BAC92A /* AutocompleterProxy.m in Sources */ = {isa = PBXBuildFile; fileRef = 7B32809413E38CEE00274E6C /* AutocompleterProxy.m */; };
		7BF4127313E8E6B000BAC92A /* Model.m in Sources */ = {isa = PBXBuildFile; fileRef = 7B32809613E38CEE00274E6C /* Model.m */; };
		7BF4127413E8E6B000BAC92A /* PartOfSpeechDictionary.m in Sources */ = {isa = PBXBuildFile; fileRef = 7B32809813E38CEE00274E6C /* PartOfSpeechDictionary.m */; };
		7BF4127513E8E6B000BAC92A /* PointerDictionary.m in Sources */ = {isa = PBXBuildFile; fileRef = 7B32809A13E38CEE00274E6C /* PointerDictionary.m */; };
		7BF4127613E8E6B000BAC92A /* Search.m in Sources */ = {isa = PBXBuildFile; fileRef = 7B32809C13E38CEE00274E6C /* Search.m */; };
		7BF4127713E8E6B000BAC92A /* Sense.m in Sources */ = {isa = PBXBuildFile; fileRef = 7B32809E13E38CEE00274E6C /* Sense.m */; };
		7BF4127813E8E6B000BAC92A /* Synset.m in Sources */ = {isa = PBXBuildFile; fileRef = 7B3280A013E38CEE00274E6C /* Synset.m */; };
		7BF4127913E8E6B000BAC92A /* Word.m in Sources */ = {isa = PBXBuildFile; fileRef = 7B3280A213E38CEE00274E6C /* Word.m */; };
		7BF4127A13E8E6B000BAC92A /* Dubsar.m in Sources */ = {isa = PBXBuildFile; fileRef = 7B3280AE13E38D9A00274E6C /* Dubsar.m */; };
		7BF4127B13E8E6B000BAC92A /* WordPopoverViewController_iPad.m in Sources */ = {isa = PBXBuildFile; fileRef = 7B3280B113E38DDA00274E6C /* WordPopoverViewController_iPad.m */; };
		7BF4127C13E8E6B000BAC92A /* DubsarViewController_iPhone.m in Sources */ = {isa = PBXBuildFile; fileRef = 7B3280B613E38EE800274E6C /* DubsarViewController_iPhone.m */; };
		7BF4127D13E8E6B000BAC92A /* SearchViewController_iPhone.m in Sources */ = {isa = PBXBuildFile; fileRef = 7B3280BB13E38EFE00274E6C /* SearchViewController_iPhone.m */; };
		7BF4127E13E8E6B000BAC92A /* WordViewController_iPhone.m in Sources */ = {isa = PBXBuildFile; fileRef = 7B3280C013E38F0E00274E6C /* WordViewController_iPhone.m */; };
		7BF4127F13E8E6B000BAC92A /* SenseViewController_iPhone.m in Sources */ = {isa = PBXBuildFile; fileRef = 7B3280C513E38F5700274E6C /* SenseViewController_iPhone.m */; };
		7BF4128013E8E6B000BAC92A /* SynsetViewController_iPhone.m in Sources */ = {isa = PBXBuildFile; fileRef = 7B3280CA13E38F6D00274E6C /* SynsetViewController_iPhone.m */; };
		7BF4128113E8E6B000BAC92A /* FAQViewController_iPhone.m in Sources */ = {isa = PBXBuildFile; fileRef = 7B3280CF13E38F8200274E6C /* FAQViewController_iPhone.m */; };
		7BF4128213E8E6B000BAC92A /* SearchBarViewController_iPhone.m in Sources */ = {isa = PBXBuildFile; fileRef = 7B3280D913E3900700274E6C /* SearchBarViewController_iPhone.m */; };
		7BF4128313E8E6B000BAC92A /* AboutViewController_iPad.m in Sources */ = {isa = PBXBuildFile; fileRef = 7B30646213E5A06000B2A1B1 /* AboutViewController_iPad.m */; };
		7BF4128413E8E6B000BAC92A /* AboutViewController_iPhone.m in Sources */ = {isa = PBXBuildFile; fileRef = 7BB2270613E5A746005D454F /* AboutViewController_iPhone.m */; };
		7BF4128613E8E6B000BAC92A /* UIKit.framework in Frameworks */ = {isa = PBXBuildFile; fileRef = 7B327FF113E3875400274E6C /* UIKit.framework */; };
		7BF4128713E8E6B000BAC92A /* Foundation.framework in Frameworks */ = {isa = PBXBuildFile; fileRef = 7B327FF313E3875400274E6C /* Foundation.framework */; };
		7BF4128813E8E6B000BAC92A /* CoreGraphics.framework in Frameworks */ = {isa = PBXBuildFile; fileRef = 7B327FF513E3875400274E6C /* CoreGraphics.framework */; };
		7BF4128A13E8E6B000BAC92A /* InfoPlist.strings in Resources */ = {isa = PBXBuildFile; fileRef = 7B327FFA13E3875400274E6C /* InfoPlist.strings */; };
		7BF4128B13E8E6B000BAC92A /* MainWindow_iPhone.xib in Resources */ = {isa = PBXBuildFile; fileRef = 7B32800713E3875400274E6C /* MainWindow_iPhone.xib */; };
		7BF4128C13E8E6B000BAC92A /* dubsar-full.png in Resources */ = {isa = PBXBuildFile; fileRef = 7B32803313E387BF00274E6C /* dubsar-full.png */; };
		7BF4128D13E8E6B000BAC92A /* dubsar-link-hr.png in Resources */ = {isa = PBXBuildFile; fileRef = 7B32803613E387BF00274E6C /* dubsar-link-hr.png */; };
		7BF4128E13E8E6B000BAC92A /* dubsar-link.png in Resources */ = {isa = PBXBuildFile; fileRef = 7B32803713E387BF00274E6C /* dubsar-link.png */; };
		7BF4128F13E8E6B000BAC92A /* dubsar-search-ipad.png in Resources */ = {isa = PBXBuildFile; fileRef = 7B32803813E387BF00274E6C /* dubsar-search-ipad.png */; };
		7BF4129013E8E6B000BAC92A /* dubsar-spotlight-hr.png in Resources */ = {isa = PBXBuildFile; fileRef = 7B32803913E387BF00274E6C /* dubsar-spotlight-hr.png */; };
		7BF4129113E8E6B000BAC92A /* dubsar-spotlight.png in Resources */ = {isa = PBXBuildFile; fileRef = 7B32803A13E387BF00274E6C /* dubsar-spotlight.png */; };
		7BF4129213E8E6B000BAC92A /* dubsar.png in Resources */ = {isa = PBXBuildFile; fileRef = 7B32804913E387D500274E6C /* dubsar.png */; };
		7BF4129313E8E6B000BAC92A /* dubsar-hr.png in Resources */ = {isa = PBXBuildFile; fileRef = 7B32804B13E387E300274E6C /* dubsar-hr.png */; };
		7BF4129413E8E6B000BAC92A /* dubsar-ipad.png in Resources */ = {isa = PBXBuildFile; fileRef = 7B32805113E3880700274E6C /* dubsar-ipad.png */; };
		7BF4129513E8E6B000BAC92A /* MainWindow_iPad.xib in Resources */ = {isa = PBXBuildFile; fileRef = 7B32805B13E3899100274E6C /* MainWindow_iPad.xib */; };
		7BF4129613E8E6B000BAC92A /* SearchBarViewController_iPad.xib in Resources */ = {isa = PBXBuildFile; fileRef = 7B32806213E38A0D00274E6C /* SearchBarViewController_iPad.xib */; };
		7BF4129713E8E6B000BAC92A /* DubsarViewController_iPad.xib in Resources */ = {isa = PBXBuildFile; fileRef = 7B32806713E38AF600274E6C /* DubsarViewController_iPad.xib */; };
		7BF4129813E8E6B000BAC92A /* FAQViewController_iPad.xib in Resources */ = {isa = PBXBuildFile; fileRef = 7B32806C13E38B5600274E6C /* FAQViewController_iPad.xib */; };
		7BF4129913E8E6B000BAC92A /* LicenseViewController_iPad.xib in Resources */ = {isa = PBXBuildFile; fileRef = 7B32807113E38B8F00274E6C /* LicenseViewController_iPad.xib */; };
		7BF4129A13E8E6B000BAC92A /* SearchViewController_iPad.xib in Resources */ = {isa = PBXBuildFile; fileRef = 7B32807613E38BBE00274E6C /* SearchViewController_iPad.xib */; };
		7BF4129B13E8E6B000BAC92A /* WordViewController_iPad.xib in Resources */ = {isa = PBXBuildFile; fileRef = 7B32807B13E38BDF00274E6C /* WordViewController_iPad.xib */; };
		7BF4129C13E8E6B000BAC92A /* SenseViewController_iPad.xib in Resources */ = {isa = PBXBuildFile; fileRef = 7B32808013E38BF300274E6C /* SenseViewController_iPad.xib */; };
		7BF4129D13E8E6B000BAC92A /* SynsetViewController_iPad.xib in Resources */ = {isa = PBXBuildFile; fileRef = 7B32808513E38C0300274E6C /* SynsetViewController_iPad.xib */; };
		7BF4129E13E8E6B000BAC92A /* WordPopoverViewController_iPad.xib in Resources */ = {isa = PBXBuildFile; fileRef = 7B3280B213E38DDB00274E6C /* WordPopoverViewController_iPad.xib */; };
		7BF4129F13E8E6B000BAC92A /* DubsarViewController_iPhone.xib in Resources */ = {isa = PBXBuildFile; fileRef = 7B3280B713E38EE800274E6C /* DubsarViewController_iPhone.xib */; };
		7BF412A013E8E6B000BAC92A /* SearchViewController_iPhone.xib in Resources */ = {isa = PBXBuildFile; fileRef = 7B3280BC13E38EFE00274E6C /* SearchViewController_iPhone.xib */; };
		7BF412A113E8E6B000BAC92A /* WordViewController_iPhone.xib in Resources */ = {isa = PBXBuildFile; fileRef = 7B3280C113E38F0E00274E6C /* WordViewController_iPhone.xib */; };
		7BF412A213E8E6B000BAC92A /* SenseViewController_iPhone.xib in Resources */ = {isa = PBXBuildFile; fileRef = 7B3280C613E38F5700274E6C /* SenseViewController_iPhone.xib */; };
		7BF412A313E8E6B000BAC92A /* SynsetViewController_iPhone.xib in Resources */ = {isa = PBXBuildFile; fileRef = 7B3280CB13E38F6D00274E6C /* SynsetViewController_iPhone.xib */; };
		7BF412A413E8E6B000BAC92A /* FAQViewController_iPhone.xib in Resources */ = {isa = PBXBuildFile; fileRef = 7B3280D013E38F8200274E6C /* FAQViewController_iPhone.xib */; };
		7BF412A513E8E6B000BAC92A /* DetailView_iPad.xib in Resources */ = {isa = PBXBuildFile; fileRef = 7BE9ABDD13E4C25500FB7402 /* DetailView_iPad.xib */; };
		7BF412A613E8E6B000BAC92A /* DetailView_iPhone.xib in Resources */ = {isa = PBXBuildFile; fileRef = 7BE9ABDE13E4C25500FB7402 /* DetailView_iPhone.xib */; };
		7BF412A713E8E6B000BAC92A /* AboutViewController_iPad.xib in Resources */ = {isa = PBXBuildFile; fileRef = 7B30646313E5A06000B2A1B1 /* AboutViewController_iPad.xib */; };
		7BF412A813E8E6B000BAC92A /* AboutViewController_iPhone.xib in Resources */ = {isa = PBXBuildFile; fileRef = 7BB2270713E5A746005D454F /* AboutViewController_iPhone.xib */; };
		7BF412A913E8E6B000BAC92A /* Default-Landscape~ipad.png in Resources */ = {isa = PBXBuildFile; fileRef = 7BB2270D13E5B61B005D454F /* Default-Landscape~ipad.png */; };
		7BF412AA13E8E6B000BAC92A /* Default-Portrait~ipad.png in Resources */ = {isa = PBXBuildFile; fileRef = 7BB2271113E5B68C005D454F /* Default-Portrait~ipad.png */; };
		7BF412AB13E8E6B000BAC92A /* Default.png in Resources */ = {isa = PBXBuildFile; fileRef = 7BB2271713E5B93D005D454F /* Default.png */; };
		7BF412AC13E8E6B000BAC92A /* Default@2x.png in Resources */ = {isa = PBXBuildFile; fileRef = 7BB2271913E5BA05005D454F /* Default@2x.png */; };
		7BF412AD13E8E6B000BAC92A /* iTunesArtwork in Resources */ = {isa = PBXBuildFile; fileRef = 7BCE75E913E741C900D1CECC /* iTunesArtwork */; };
		7BF412BB13E8E81E00BAC92A /* SenTestingKit.framework in Frameworks */ = {isa = PBXBuildFile; fileRef = 7B69537B13E6E21700B10519 /* SenTestingKit.framework */; };
		7BF412BC13E8E81E00BAC92A /* UIKit.framework in Frameworks */ = {isa = PBXBuildFile; fileRef = 7B327FF113E3875400274E6C /* UIKit.framework */; };
		7BF412BD13E8E81E00BAC92A /* Foundation.framework in Frameworks */ = {isa = PBXBuildFile; fileRef = 7B327FF313E3875400274E6C /* Foundation.framework */; };
		7BF412BE13E8E81E00BAC92A /* CoreGraphics.framework in Frameworks */ = {isa = PBXBuildFile; fileRef = 7B327FF513E3875400274E6C /* CoreGraphics.framework */; };
		7BF412C413E8E81E00BAC92A /* InfoPlist.strings in Resources */ = {isa = PBXBuildFile; fileRef = 7BF412C213E8E81E00BAC92A /* InfoPlist.strings */; };
		7BF412C613E8E81E00BAC92A /* DubsarApplicationTests.h in Resources */ = {isa = PBXBuildFile; fileRef = 7BF412C513E8E81E00BAC92A /* DubsarApplicationTests.h */; };
		7BF412C813E8E81E00BAC92A /* DubsarApplicationTests.m in Sources */ = {isa = PBXBuildFile; fileRef = 7BF412C713E8E81E00BAC92A /* DubsarApplicationTests.m */; };
		7BF412D113E8E95700BAC92A /* DubsarApplicationTests.octest in Resources */ = {isa = PBXBuildFile; fileRef = 7BF412BA13E8E81E00BAC92A /* DubsarApplicationTests.octest */; };
/* End PBXBuildFile section */

/* Begin PBXContainerItemProxy section */
		7B3DE72413E6E8BA00716A24 /* PBXContainerItemProxy */ = {
			isa = PBXContainerItemProxy;
			containerPortal = 7B327FE413E3875400274E6C /* Project object */;
			proxyType = 1;
			remoteGlobalIDString = 7B327FEC13E3875400274E6C;
			remoteInfo = Dubsar;
		};
		7BF412CF13E8E86900BAC92A /* PBXContainerItemProxy */ = {
			isa = PBXContainerItemProxy;
			containerPortal = 7B327FE413E3875400274E6C /* Project object */;
			proxyType = 1;
			remoteGlobalIDString = 7BF412B913E8E81E00BAC92A;
			remoteInfo = DubsarApplicationTests;
		};
/* End PBXContainerItemProxy section */

/* Begin PBXFileReference section */
		7B00DF5413E6EEB900E80FCC /* PartOfSpeechDictionaryTest.h */ = {isa = PBXFileReference; fileEncoding = 4; lastKnownFileType = sourcecode.c.h; path = PartOfSpeechDictionaryTest.h; sourceTree = "<group>"; };
		7B00DF5513E6EEB900E80FCC /* PartOfSpeechDictionaryTest.m */ = {isa = PBXFileReference; fileEncoding = 4; lastKnownFileType = sourcecode.c.objc; path = PartOfSpeechDictionaryTest.m; sourceTree = "<group>"; };
		7B00DF5913E6F03C00E80FCC /* AutocompleterTest.h */ = {isa = PBXFileReference; fileEncoding = 4; lastKnownFileType = sourcecode.c.h; path = AutocompleterTest.h; sourceTree = "<group>"; };
		7B00DF5A13E6F03C00E80FCC /* AutocompleterTest.m */ = {isa = PBXFileReference; fileEncoding = 4; lastKnownFileType = sourcecode.c.objc; path = AutocompleterTest.m; sourceTree = "<group>"; };
		7B00DF6013E6F0E200E80FCC /* PointerDictionaryTest.h */ = {isa = PBXFileReference; fileEncoding = 4; lastKnownFileType = sourcecode.c.h; path = PointerDictionaryTest.h; sourceTree = "<group>"; };
		7B00DF6113E6F0E200E80FCC /* PointerDictionaryTest.m */ = {isa = PBXFileReference; fileEncoding = 4; lastKnownFileType = sourcecode.c.objc; path = PointerDictionaryTest.m; sourceTree = "<group>"; };
		7B30646113E5A06000B2A1B1 /* AboutViewController_iPad.h */ = {isa = PBXFileReference; fileEncoding = 4; lastKnownFileType = sourcecode.c.h; path = AboutViewController_iPad.h; sourceTree = "<group>"; };
		7B30646213E5A06000B2A1B1 /* AboutViewController_iPad.m */ = {isa = PBXFileReference; fileEncoding = 4; lastKnownFileType = sourcecode.c.objc; path = AboutViewController_iPad.m; sourceTree = "<group>"; };
		7B30646313E5A06000B2A1B1 /* AboutViewController_iPad.xib */ = {isa = PBXFileReference; fileEncoding = 4; lastKnownFileType = file.xib; path = AboutViewController_iPad.xib; sourceTree = "<group>"; };
		7B327FED13E3875400274E6C /* Dubsar.app */ = {isa = PBXFileReference; explicitFileType = wrapper.application; includeInIndex = 0; path = Dubsar.app; sourceTree = BUILT_PRODUCTS_DIR; };
		7B327FF113E3875400274E6C /* UIKit.framework */ = {isa = PBXFileReference; lastKnownFileType = wrapper.framework; name = UIKit.framework; path = System/Library/Frameworks/UIKit.framework; sourceTree = SDKROOT; };
		7B327FF313E3875400274E6C /* Foundation.framework */ = {isa = PBXFileReference; lastKnownFileType = wrapper.framework; name = Foundation.framework; path = System/Library/Frameworks/Foundation.framework; sourceTree = SDKROOT; };
		7B327FF513E3875400274E6C /* CoreGraphics.framework */ = {isa = PBXFileReference; lastKnownFileType = wrapper.framework; name = CoreGraphics.framework; path = System/Library/Frameworks/CoreGraphics.framework; sourceTree = SDKROOT; };
		7B327FF913E3875400274E6C /* Dubsar-Info.plist */ = {isa = PBXFileReference; lastKnownFileType = text.plist.xml; path = "Dubsar-Info.plist"; sourceTree = "<group>"; };
		7B327FFB13E3875400274E6C /* en */ = {isa = PBXFileReference; lastKnownFileType = text.plist.strings; name = en; path = en.lproj/InfoPlist.strings; sourceTree = "<group>"; };
		7B327FFD13E3875400274E6C /* Dubsar-Prefix.pch */ = {isa = PBXFileReference; lastKnownFileType = sourcecode.c.h; path = "Dubsar-Prefix.pch"; sourceTree = "<group>"; };
		7B327FFE13E3875400274E6C /* main.m */ = {isa = PBXFileReference; lastKnownFileType = sourcecode.c.objc; path = main.m; sourceTree = "<group>"; };
		7B32800013E3875400274E6C /* DubsarAppDelegate.h */ = {isa = PBXFileReference; lastKnownFileType = sourcecode.c.h; path = DubsarAppDelegate.h; sourceTree = "<group>"; };
		7B32800113E3875400274E6C /* DubsarAppDelegate.m */ = {isa = PBXFileReference; lastKnownFileType = sourcecode.c.objc; path = DubsarAppDelegate.m; sourceTree = "<group>"; };
		7B32800413E3875400274E6C /* DubsarAppDelegate_iPhone.h */ = {isa = PBXFileReference; lastKnownFileType = sourcecode.c.h; name = DubsarAppDelegate_iPhone.h; path = iPhone/DubsarAppDelegate_iPhone.h; sourceTree = "<group>"; };
		7B32800513E3875400274E6C /* DubsarAppDelegate_iPhone.m */ = {isa = PBXFileReference; lastKnownFileType = sourcecode.c.objc; name = DubsarAppDelegate_iPhone.m; path = iPhone/DubsarAppDelegate_iPhone.m; sourceTree = "<group>"; };
		7B32800813E3875400274E6C /* en */ = {isa = PBXFileReference; lastKnownFileType = file.xib; name = en; path = iPhone/en.lproj/MainWindow_iPhone.xib; sourceTree = "<group>"; };
		7B32803313E387BF00274E6C /* dubsar-full.png */ = {isa = PBXFileReference; lastKnownFileType = image.png; name = "dubsar-full.png"; path = "Dubsar/dubsar-full.png"; sourceTree = "<group>"; };
		7B32803613E387BF00274E6C /* dubsar-link-hr.png */ = {isa = PBXFileReference; lastKnownFileType = image.png; name = "dubsar-link-hr.png"; path = "Dubsar/dubsar-link-hr.png"; sourceTree = "<group>"; };
		7B32803713E387BF00274E6C /* dubsar-link.png */ = {isa = PBXFileReference; lastKnownFileType = image.png; name = "dubsar-link.png"; path = "Dubsar/dubsar-link.png"; sourceTree = "<group>"; };
		7B32803813E387BF00274E6C /* dubsar-search-ipad.png */ = {isa = PBXFileReference; lastKnownFileType = image.png; name = "dubsar-search-ipad.png"; path = "Dubsar/dubsar-search-ipad.png"; sourceTree = "<group>"; };
		7B32803913E387BF00274E6C /* dubsar-spotlight-hr.png */ = {isa = PBXFileReference; lastKnownFileType = image.png; name = "dubsar-spotlight-hr.png"; path = "Dubsar/dubsar-spotlight-hr.png"; sourceTree = "<group>"; };
		7B32803A13E387BF00274E6C /* dubsar-spotlight.png */ = {isa = PBXFileReference; lastKnownFileType = image.png; name = "dubsar-spotlight.png"; path = "Dubsar/dubsar-spotlight.png"; sourceTree = "<group>"; };
		7B32804913E387D500274E6C /* dubsar.png */ = {isa = PBXFileReference; lastKnownFileType = image.png; path = dubsar.png; sourceTree = "<group>"; };
		7B32804B13E387E300274E6C /* dubsar-hr.png */ = {isa = PBXFileReference; lastKnownFileType = image.png; path = "dubsar-hr.png"; sourceTree = "<group>"; };
		7B32805113E3880700274E6C /* dubsar-ipad.png */ = {isa = PBXFileReference; lastKnownFileType = image.png; path = "dubsar-ipad.png"; sourceTree = "<group>"; };
		7B32805B13E3899100274E6C /* MainWindow_iPad.xib */ = {isa = PBXFileReference; fileEncoding = 4; lastKnownFileType = file.xib; path = MainWindow_iPad.xib; sourceTree = "<group>"; };
		7B32805D13E389C500274E6C /* DubsarAppDelegate_iPad.h */ = {isa = PBXFileReference; fileEncoding = 4; lastKnownFileType = sourcecode.c.h; path = DubsarAppDelegate_iPad.h; sourceTree = "<group>"; };
		7B32805E13E389C500274E6C /* DubsarAppDelegate_iPad.m */ = {isa = PBXFileReference; fileEncoding = 4; lastKnownFileType = sourcecode.c.objc; path = DubsarAppDelegate_iPad.m; sourceTree = "<group>"; };
		7B32806013E38A0D00274E6C /* SearchBarViewController_iPad.h */ = {isa = PBXFileReference; fileEncoding = 4; lastKnownFileType = sourcecode.c.h; path = SearchBarViewController_iPad.h; sourceTree = "<group>"; };
		7B32806113E38A0D00274E6C /* SearchBarViewController_iPad.m */ = {isa = PBXFileReference; fileEncoding = 4; lastKnownFileType = sourcecode.c.objc; path = SearchBarViewController_iPad.m; sourceTree = "<group>"; };
		7B32806213E38A0D00274E6C /* SearchBarViewController_iPad.xib */ = {isa = PBXFileReference; fileEncoding = 4; lastKnownFileType = file.xib; path = SearchBarViewController_iPad.xib; sourceTree = "<group>"; };
		7B32806513E38AF500274E6C /* DubsarViewController_iPad.h */ = {isa = PBXFileReference; fileEncoding = 4; lastKnownFileType = sourcecode.c.h; path = DubsarViewController_iPad.h; sourceTree = "<group>"; };
		7B32806613E38AF500274E6C /* DubsarViewController_iPad.m */ = {isa = PBXFileReference; fileEncoding = 4; lastKnownFileType = sourcecode.c.objc; path = DubsarViewController_iPad.m; sourceTree = "<group>"; };
		7B32806713E38AF600274E6C /* DubsarViewController_iPad.xib */ = {isa = PBXFileReference; fileEncoding = 4; lastKnownFileType = file.xib; path = DubsarViewController_iPad.xib; sourceTree = "<group>"; };
		7B32806A13E38B5500274E6C /* FAQViewController_iPad.h */ = {isa = PBXFileReference; fileEncoding = 4; lastKnownFileType = sourcecode.c.h; path = FAQViewController_iPad.h; sourceTree = "<group>"; };
		7B32806B13E38B5600274E6C /* FAQViewController_iPad.m */ = {isa = PBXFileReference; fileEncoding = 4; lastKnownFileType = sourcecode.c.objc; path = FAQViewController_iPad.m; sourceTree = "<group>"; };
		7B32806C13E38B5600274E6C /* FAQViewController_iPad.xib */ = {isa = PBXFileReference; fileEncoding = 4; lastKnownFileType = file.xib; path = FAQViewController_iPad.xib; sourceTree = "<group>"; };
		7B32806F13E38B8F00274E6C /* LicenseViewController_iPad.h */ = {isa = PBXFileReference; fileEncoding = 4; lastKnownFileType = sourcecode.c.h; path = LicenseViewController_iPad.h; sourceTree = "<group>"; };
		7B32807013E38B8F00274E6C /* LicenseViewController_iPad.m */ = {isa = PBXFileReference; fileEncoding = 4; lastKnownFileType = sourcecode.c.objc; path = LicenseViewController_iPad.m; sourceTree = "<group>"; };
		7B32807113E38B8F00274E6C /* LicenseViewController_iPad.xib */ = {isa = PBXFileReference; fileEncoding = 4; lastKnownFileType = file.xib; path = LicenseViewController_iPad.xib; sourceTree = "<group>"; };
		7B32807413E38BBE00274E6C /* SearchViewController_iPad.h */ = {isa = PBXFileReference; fileEncoding = 4; lastKnownFileType = sourcecode.c.h; path = SearchViewController_iPad.h; sourceTree = "<group>"; };
		7B32807513E38BBE00274E6C /* SearchViewController_iPad.m */ = {isa = PBXFileReference; fileEncoding = 4; lastKnownFileType = sourcecode.c.objc; path = SearchViewController_iPad.m; sourceTree = "<group>"; };
		7B32807613E38BBE00274E6C /* SearchViewController_iPad.xib */ = {isa = PBXFileReference; fileEncoding = 4; lastKnownFileType = file.xib; path = SearchViewController_iPad.xib; sourceTree = "<group>"; };
		7B32807913E38BDE00274E6C /* WordViewController_iPad.h */ = {isa = PBXFileReference; fileEncoding = 4; lastKnownFileType = sourcecode.c.h; path = WordViewController_iPad.h; sourceTree = "<group>"; };
		7B32807A13E38BDE00274E6C /* WordViewController_iPad.m */ = {isa = PBXFileReference; fileEncoding = 4; lastKnownFileType = sourcecode.c.objc; path = WordViewController_iPad.m; sourceTree = "<group>"; };
		7B32807B13E38BDF00274E6C /* WordViewController_iPad.xib */ = {isa = PBXFileReference; fileEncoding = 4; lastKnownFileType = file.xib; path = WordViewController_iPad.xib; sourceTree = "<group>"; };
		7B32807E13E38BF200274E6C /* SenseViewController_iPad.h */ = {isa = PBXFileReference; fileEncoding = 4; lastKnownFileType = sourcecode.c.h; path = SenseViewController_iPad.h; sourceTree = "<group>"; };
		7B32807F13E38BF300274E6C /* SenseViewController_iPad.m */ = {isa = PBXFileReference; fileEncoding = 4; lastKnownFileType = sourcecode.c.objc; path = SenseViewController_iPad.m; sourceTree = "<group>"; };
		7B32808013E38BF300274E6C /* SenseViewController_iPad.xib */ = {isa = PBXFileReference; fileEncoding = 4; lastKnownFileType = file.xib; path = SenseViewController_iPad.xib; sourceTree = "<group>"; };
		7B32808313E38C0300274E6C /* SynsetViewController_iPad.h */ = {isa = PBXFileReference; fileEncoding = 4; lastKnownFileType = sourcecode.c.h; path = SynsetViewController_iPad.h; sourceTree = "<group>"; };
		7B32808413E38C0300274E6C /* SynsetViewController_iPad.m */ = {isa = PBXFileReference; fileEncoding = 4; lastKnownFileType = sourcecode.c.objc; path = SynsetViewController_iPad.m; sourceTree = "<group>"; };
		7B32808513E38C0300274E6C /* SynsetViewController_iPad.xib */ = {isa = PBXFileReference; fileEncoding = 4; lastKnownFileType = file.xib; path = SynsetViewController_iPad.xib; sourceTree = "<group>"; };
		7B32808913E38C9300274E6C /* JSONKit.h */ = {isa = PBXFileReference; fileEncoding = 4; lastKnownFileType = sourcecode.c.h; path = JSONKit.h; sourceTree = "<group>"; };
		7B32808A13E38C9300274E6C /* JSONKit.m */ = {isa = PBXFileReference; fileEncoding = 4; lastKnownFileType = sourcecode.c.objc; path = JSONKit.m; sourceTree = "<group>"; };
		7B32808B13E38C9300274E6C /* URLEncoding.h */ = {isa = PBXFileReference; fileEncoding = 4; lastKnownFileType = sourcecode.c.h; path = URLEncoding.h; sourceTree = "<group>"; };
		7B32808C13E38C9300274E6C /* URLEncoding.m */ = {isa = PBXFileReference; fileEncoding = 4; lastKnownFileType = sourcecode.c.objc; path = URLEncoding.m; sourceTree = "<group>"; };
		7B32809013E38CEE00274E6C /* Autocompleter.h */ = {isa = PBXFileReference; fileEncoding = 4; lastKnownFileType = sourcecode.c.h; path = Autocompleter.h; sourceTree = "<group>"; };
		7B32809113E38CEE00274E6C /* Autocompleter.m */ = {isa = PBXFileReference; fileEncoding = 4; lastKnownFileType = sourcecode.c.objc; path = Autocompleter.m; sourceTree = "<group>"; };
		7B32809213E38CEE00274E6C /* AutocompleterDelegate.h */ = {isa = PBXFileReference; fileEncoding = 4; lastKnownFileType = sourcecode.c.h; path = AutocompleterDelegate.h; sourceTree = "<group>"; };
		7B32809313E38CEE00274E6C /* AutocompleterProxy.h */ = {isa = PBXFileReference; fileEncoding = 4; lastKnownFileType = sourcecode.c.h; path = AutocompleterProxy.h; sourceTree = "<group>"; };
		7B32809413E38CEE00274E6C /* AutocompleterProxy.m */ = {isa = PBXFileReference; fileEncoding = 4; lastKnownFileType = sourcecode.c.objc; path = AutocompleterProxy.m; sourceTree = "<group>"; };
		7B32809513E38CEE00274E6C /* Model.h */ = {isa = PBXFileReference; fileEncoding = 4; lastKnownFileType = sourcecode.c.h; path = Model.h; sourceTree = "<group>"; };
		7B32809613E38CEE00274E6C /* Model.m */ = {isa = PBXFileReference; fileEncoding = 4; lastKnownFileType = sourcecode.c.objc; path = Model.m; sourceTree = "<group>"; };
		7B32809713E38CEE00274E6C /* PartOfSpeechDictionary.h */ = {isa = PBXFileReference; fileEncoding = 4; lastKnownFileType = sourcecode.c.h; path = PartOfSpeechDictionary.h; sourceTree = "<group>"; };
		7B32809813E38CEE00274E6C /* PartOfSpeechDictionary.m */ = {isa = PBXFileReference; fileEncoding = 4; lastKnownFileType = sourcecode.c.objc; path = PartOfSpeechDictionary.m; sourceTree = "<group>"; };
		7B32809913E38CEE00274E6C /* PointerDictionary.h */ = {isa = PBXFileReference; fileEncoding = 4; lastKnownFileType = sourcecode.c.h; path = PointerDictionary.h; sourceTree = "<group>"; };
		7B32809A13E38CEE00274E6C /* PointerDictionary.m */ = {isa = PBXFileReference; fileEncoding = 4; lastKnownFileType = sourcecode.c.objc; path = PointerDictionary.m; sourceTree = "<group>"; };
		7B32809B13E38CEE00274E6C /* Search.h */ = {isa = PBXFileReference; fileEncoding = 4; lastKnownFileType = sourcecode.c.h; path = Search.h; sourceTree = "<group>"; };
		7B32809C13E38CEE00274E6C /* Search.m */ = {isa = PBXFileReference; fileEncoding = 4; lastKnownFileType = sourcecode.c.objc; path = Search.m; sourceTree = "<group>"; };
		7B32809D13E38CEE00274E6C /* Sense.h */ = {isa = PBXFileReference; fileEncoding = 4; lastKnownFileType = sourcecode.c.h; path = Sense.h; sourceTree = "<group>"; };
		7B32809E13E38CEE00274E6C /* Sense.m */ = {isa = PBXFileReference; fileEncoding = 4; lastKnownFileType = sourcecode.c.objc; path = Sense.m; sourceTree = "<group>"; };
		7B32809F13E38CEE00274E6C /* Synset.h */ = {isa = PBXFileReference; fileEncoding = 4; lastKnownFileType = sourcecode.c.h; path = Synset.h; sourceTree = "<group>"; };
		7B3280A013E38CEE00274E6C /* Synset.m */ = {isa = PBXFileReference; fileEncoding = 4; lastKnownFileType = sourcecode.c.objc; path = Synset.m; sourceTree = "<group>"; };
		7B3280A113E38CEE00274E6C /* Word.h */ = {isa = PBXFileReference; fileEncoding = 4; lastKnownFileType = sourcecode.c.h; path = Word.h; sourceTree = "<group>"; };
		7B3280A213E38CEE00274E6C /* Word.m */ = {isa = PBXFileReference; fileEncoding = 4; lastKnownFileType = sourcecode.c.objc; path = Word.m; sourceTree = "<group>"; };
		7B3280AC13E38D1700274E6C /* LoadDelegate.h */ = {isa = PBXFileReference; fileEncoding = 4; lastKnownFileType = sourcecode.c.h; path = LoadDelegate.h; sourceTree = "<group>"; };
		7B3280AD13E38D9A00274E6C /* Dubsar.h */ = {isa = PBXFileReference; fileEncoding = 4; lastKnownFileType = sourcecode.c.h; path = Dubsar.h; sourceTree = "<group>"; };
		7B3280AE13E38D9A00274E6C /* Dubsar.m */ = {isa = PBXFileReference; fileEncoding = 4; lastKnownFileType = sourcecode.c.objc; path = Dubsar.m; sourceTree = "<group>"; };
		7B3280B013E38DDA00274E6C /* WordPopoverViewController_iPad.h */ = {isa = PBXFileReference; fileEncoding = 4; lastKnownFileType = sourcecode.c.h; path = WordPopoverViewController_iPad.h; sourceTree = "<group>"; };
		7B3280B113E38DDA00274E6C /* WordPopoverViewController_iPad.m */ = {isa = PBXFileReference; fileEncoding = 4; lastKnownFileType = sourcecode.c.objc; path = WordPopoverViewController_iPad.m; sourceTree = "<group>"; };
		7B3280B213E38DDB00274E6C /* WordPopoverViewController_iPad.xib */ = {isa = PBXFileReference; fileEncoding = 4; lastKnownFileType = file.xib; path = WordPopoverViewController_iPad.xib; sourceTree = "<group>"; };
		7B3280B513E38EE800274E6C /* DubsarViewController_iPhone.h */ = {isa = PBXFileReference; fileEncoding = 4; lastKnownFileType = sourcecode.c.h; path = DubsarViewController_iPhone.h; sourceTree = "<group>"; };
		7B3280B613E38EE800274E6C /* DubsarViewController_iPhone.m */ = {isa = PBXFileReference; fileEncoding = 4; lastKnownFileType = sourcecode.c.objc; path = DubsarViewController_iPhone.m; sourceTree = "<group>"; };
		7B3280B713E38EE800274E6C /* DubsarViewController_iPhone.xib */ = {isa = PBXFileReference; fileEncoding = 4; lastKnownFileType = file.xib; path = DubsarViewController_iPhone.xib; sourceTree = "<group>"; };
		7B3280BA13E38EFE00274E6C /* SearchViewController_iPhone.h */ = {isa = PBXFileReference; fileEncoding = 4; lastKnownFileType = sourcecode.c.h; path = SearchViewController_iPhone.h; sourceTree = "<group>"; };
		7B3280BB13E38EFE00274E6C /* SearchViewController_iPhone.m */ = {isa = PBXFileReference; fileEncoding = 4; lastKnownFileType = sourcecode.c.objc; path = SearchViewController_iPhone.m; sourceTree = "<group>"; };
		7B3280BC13E38EFE00274E6C /* SearchViewController_iPhone.xib */ = {isa = PBXFileReference; fileEncoding = 4; lastKnownFileType = file.xib; path = SearchViewController_iPhone.xib; sourceTree = "<group>"; };
		7B3280BF13E38F0E00274E6C /* WordViewController_iPhone.h */ = {isa = PBXFileReference; fileEncoding = 4; lastKnownFileType = sourcecode.c.h; path = WordViewController_iPhone.h; sourceTree = "<group>"; };
		7B3280C013E38F0E00274E6C /* WordViewController_iPhone.m */ = {isa = PBXFileReference; fileEncoding = 4; lastKnownFileType = sourcecode.c.objc; path = WordViewController_iPhone.m; sourceTree = "<group>"; };
		7B3280C113E38F0E00274E6C /* WordViewController_iPhone.xib */ = {isa = PBXFileReference; fileEncoding = 4; lastKnownFileType = file.xib; path = WordViewController_iPhone.xib; sourceTree = "<group>"; };
		7B3280C413E38F5700274E6C /* SenseViewController_iPhone.h */ = {isa = PBXFileReference; fileEncoding = 4; lastKnownFileType = sourcecode.c.h; path = SenseViewController_iPhone.h; sourceTree = "<group>"; };
		7B3280C513E38F5700274E6C /* SenseViewController_iPhone.m */ = {isa = PBXFileReference; fileEncoding = 4; lastKnownFileType = sourcecode.c.objc; path = SenseViewController_iPhone.m; sourceTree = "<group>"; };
		7B3280C613E38F5700274E6C /* SenseViewController_iPhone.xib */ = {isa = PBXFileReference; fileEncoding = 4; lastKnownFileType = file.xib; path = SenseViewController_iPhone.xib; sourceTree = "<group>"; };
		7B3280C913E38F6C00274E6C /* SynsetViewController_iPhone.h */ = {isa = PBXFileReference; fileEncoding = 4; lastKnownFileType = sourcecode.c.h; path = SynsetViewController_iPhone.h; sourceTree = "<group>"; };
		7B3280CA13E38F6D00274E6C /* SynsetViewController_iPhone.m */ = {isa = PBXFileReference; fileEncoding = 4; lastKnownFileType = sourcecode.c.objc; path = SynsetViewController_iPhone.m; sourceTree = "<group>"; };
		7B3280CB13E38F6D00274E6C /* SynsetViewController_iPhone.xib */ = {isa = PBXFileReference; fileEncoding = 4; lastKnownFileType = file.xib; path = SynsetViewController_iPhone.xib; sourceTree = "<group>"; };
		7B3280CE13E38F8200274E6C /* FAQViewController_iPhone.h */ = {isa = PBXFileReference; fileEncoding = 4; lastKnownFileType = sourcecode.c.h; path = FAQViewController_iPhone.h; sourceTree = "<group>"; };
		7B3280CF13E38F8200274E6C /* FAQViewController_iPhone.m */ = {isa = PBXFileReference; fileEncoding = 4; lastKnownFileType = sourcecode.c.objc; path = FAQViewController_iPhone.m; sourceTree = "<group>"; };
		7B3280D013E38F8200274E6C /* FAQViewController_iPhone.xib */ = {isa = PBXFileReference; fileEncoding = 4; lastKnownFileType = file.xib; path = FAQViewController_iPhone.xib; sourceTree = "<group>"; };
		7B3280D813E3900600274E6C /* SearchBarViewController_iPhone.h */ = {isa = PBXFileReference; fileEncoding = 4; lastKnownFileType = sourcecode.c.h; path = SearchBarViewController_iPhone.h; sourceTree = "<group>"; };
		7B3280D913E3900700274E6C /* SearchBarViewController_iPhone.m */ = {isa = PBXFileReference; fileEncoding = 4; lastKnownFileType = sourcecode.c.objc; path = SearchBarViewController_iPhone.m; sourceTree = "<group>"; };
		7B59C4CC13E8A5E8006F5FDB /* SearchTest.h */ = {isa = PBXFileReference; fileEncoding = 4; lastKnownFileType = sourcecode.c.h; path = SearchTest.h; sourceTree = "<group>"; };
		7B59C4CD13E8A5E8006F5FDB /* SearchTest.m */ = {isa = PBXFileReference; fileEncoding = 4; lastKnownFileType = sourcecode.c.objc; path = SearchTest.m; sourceTree = "<group>"; };
		7B59C4D413E8A7BE006F5FDB /* ModelTestCase.h */ = {isa = PBXFileReference; fileEncoding = 4; lastKnownFileType = sourcecode.c.h; path = ModelTestCase.h; sourceTree = "<group>"; };
		7B59C4D513E8A7BE006F5FDB /* ModelTestCase.m */ = {isa = PBXFileReference; fileEncoding = 4; lastKnownFileType = sourcecode.c.objc; path = ModelTestCase.m; sourceTree = "<group>"; };
		7B59C4D713E8AC9A006F5FDB /* WordTest.h */ = {isa = PBXFileReference; fileEncoding = 4; lastKnownFileType = sourcecode.c.h; path = WordTest.h; sourceTree = "<group>"; };
		7B59C4D813E8AC9A006F5FDB /* WordTest.m */ = {isa = PBXFileReference; fileEncoding = 4; lastKnownFileType = sourcecode.c.objc; path = WordTest.m; sourceTree = "<group>"; };
		7B59C4DA13E8B05B006F5FDB /* SenseTest.h */ = {isa = PBXFileReference; fileEncoding = 4; lastKnownFileType = sourcecode.c.h; path = SenseTest.h; sourceTree = "<group>"; };
		7B59C4DB13E8B05C006F5FDB /* SenseTest.m */ = {isa = PBXFileReference; fileEncoding = 4; lastKnownFileType = sourcecode.c.objc; path = SenseTest.m; sourceTree = "<group>"; };
		7B59C4DE13E8CAF9006F5FDB /* SynsetTest.h */ = {isa = PBXFileReference; fileEncoding = 4; lastKnownFileType = sourcecode.c.h; path = SynsetTest.h; sourceTree = "<group>"; };
		7B59C4DF13E8CAF9006F5FDB /* SynsetTest.m */ = {isa = PBXFileReference; fileEncoding = 4; lastKnownFileType = sourcecode.c.objc; path = SynsetTest.m; sourceTree = "<group>"; };
		7B69537B13E6E21700B10519 /* SenTestingKit.framework */ = {isa = PBXFileReference; lastKnownFileType = wrapper.framework; name = SenTestingKit.framework; path = Library/Frameworks/SenTestingKit.framework; sourceTree = DEVELOPER_DIR; };
		7B6953B513E6E3CC00B10519 /* DubsarTests.octest */ = {isa = PBXFileReference; explicitFileType = wrapper.cfbundle; includeInIndex = 0; path = DubsarTests.octest; sourceTree = BUILT_PRODUCTS_DIR; };
		7B6953BC13E6E3CC00B10519 /* DubsarTests-Info.plist */ = {isa = PBXFileReference; lastKnownFileType = text.plist.xml; path = "DubsarTests-Info.plist"; sourceTree = "<group>"; };
		7B6953BE13E6E3CC00B10519 /* en */ = {isa = PBXFileReference; lastKnownFileType = text.plist.strings; name = en; path = en.lproj/InfoPlist.strings; sourceTree = "<group>"; };
		7B6953C413E6E3CC00B10519 /* DubsarTests-Prefix.pch */ = {isa = PBXFileReference; lastKnownFileType = sourcecode.c.h; path = "DubsarTests-Prefix.pch"; sourceTree = "<group>"; };
		7BB2270513E5A746005D454F /* AboutViewController_iPhone.h */ = {isa = PBXFileReference; fileEncoding = 4; lastKnownFileType = sourcecode.c.h; path = AboutViewController_iPhone.h; sourceTree = "<group>"; };
		7BB2270613E5A746005D454F /* AboutViewController_iPhone.m */ = {isa = PBXFileReference; fileEncoding = 4; lastKnownFileType = sourcecode.c.objc; path = AboutViewController_iPhone.m; sourceTree = "<group>"; };
		7BB2270713E5A746005D454F /* AboutViewController_iPhone.xib */ = {isa = PBXFileReference; fileEncoding = 4; lastKnownFileType = file.xib; path = AboutViewController_iPhone.xib; sourceTree = "<group>"; };
		7BB2270D13E5B61B005D454F /* Default-Landscape~ipad.png */ = {isa = PBXFileReference; lastKnownFileType = image.png; path = "Default-Landscape~ipad.png"; sourceTree = "<group>"; };
		7BB2271113E5B68C005D454F /* Default-Portrait~ipad.png */ = {isa = PBXFileReference; lastKnownFileType = image.png; path = "Default-Portrait~ipad.png"; sourceTree = "<group>"; };
		7BB2271713E5B93D005D454F /* Default.png */ = {isa = PBXFileReference; lastKnownFileType = image.png; path = Default.png; sourceTree = "<group>"; };
		7BB2271913E5BA05005D454F /* Default@2x.png */ = {isa = PBXFileReference; lastKnownFileType = image.png; path = "Default@2x.png"; sourceTree = "<group>"; };
		7BCE75E913E741C900D1CECC /* iTunesArtwork */ = {isa = PBXFileReference; lastKnownFileType = file; path = iTunesArtwork; sourceTree = "<group>"; };
		7BE9ABDD13E4C25500FB7402 /* DetailView_iPad.xib */ = {isa = PBXFileReference; fileEncoding = 4; lastKnownFileType = file.xib; path = DetailView_iPad.xib; sourceTree = "<group>"; };
		7BE9ABDE13E4C25500FB7402 /* DetailView_iPhone.xib */ = {isa = PBXFileReference; fileEncoding = 4; lastKnownFileType = file.xib; path = DetailView_iPhone.xib; sourceTree = "<group>"; };
		7BF412B113E8E6B000BAC92A /* Dubsar copy.app */ = {isa = PBXFileReference; explicitFileType = wrapper.application; includeInIndex = 0; path = "Dubsar copy.app"; sourceTree = BUILT_PRODUCTS_DIR; };
		7BF412B413E8E6B000BAC92A /* Dubsar copy-Info.plist */ = {isa = PBXFileReference; lastKnownFileType = text.plist.xml; name = "Dubsar copy-Info.plist"; path = "/Users/jdee/Projects/Dubsar/Dubsar copy-Info.plist"; sourceTree = "<absolute>"; };
		7BF412BA13E8E81E00BAC92A /* DubsarApplicationTests.octest */ = {isa = PBXFileReference; explicitFileType = wrapper.cfbundle; includeInIndex = 0; path = DubsarApplicationTests.octest; sourceTree = BUILT_PRODUCTS_DIR; };
		7BF412C113E8E81E00BAC92A /* DubsarApplicationTests-Info.plist */ = {isa = PBXFileReference; lastKnownFileType = text.plist.xml; path = "DubsarApplicationTests-Info.plist"; sourceTree = "<group>"; };
		7BF412C313E8E81E00BAC92A /* en */ = {isa = PBXFileReference; lastKnownFileType = text.plist.strings; name = en; path = en.lproj/InfoPlist.strings; sourceTree = "<group>"; };
		7BF412C513E8E81E00BAC92A /* DubsarApplicationTests.h */ = {isa = PBXFileReference; lastKnownFileType = sourcecode.c.h; path = DubsarApplicationTests.h; sourceTree = "<group>"; };
		7BF412C713E8E81E00BAC92A /* DubsarApplicationTests.m */ = {isa = PBXFileReference; lastKnownFileType = sourcecode.c.objc; path = DubsarApplicationTests.m; sourceTree = "<group>"; };
		7BF412C913E8E81E00BAC92A /* DubsarApplicationTests-Prefix.pch */ = {isa = PBXFileReference; lastKnownFileType = sourcecode.c.h; path = "DubsarApplicationTests-Prefix.pch"; sourceTree = "<group>"; };
/* End PBXFileReference section */

/* Begin PBXFrameworksBuildPhase section */
		7B327FEA13E3875400274E6C /* Frameworks */ = {
			isa = PBXFrameworksBuildPhase;
			buildActionMask = 2147483647;
			files = (
				7B327FF213E3875400274E6C /* UIKit.framework in Frameworks */,
				7B327FF413E3875400274E6C /* Foundation.framework in Frameworks */,
				7B327FF613E3875400274E6C /* CoreGraphics.framework in Frameworks */,
			);
			runOnlyForDeploymentPostprocessing = 0;
		};
		7B6953B113E6E3CC00B10519 /* Frameworks */ = {
			isa = PBXFrameworksBuildPhase;
			buildActionMask = 2147483647;
			files = (
				7B6953B613E6E3CC00B10519 /* SenTestingKit.framework in Frameworks */,
				7B6953B713E6E3CC00B10519 /* UIKit.framework in Frameworks */,
				7B6953B813E6E3CC00B10519 /* Foundation.framework in Frameworks */,
				7B6953B913E6E3CC00B10519 /* CoreGraphics.framework in Frameworks */,
			);
			runOnlyForDeploymentPostprocessing = 0;
		};
		7BF4128513E8E6B000BAC92A /* Frameworks */ = {
			isa = PBXFrameworksBuildPhase;
			buildActionMask = 2147483647;
			files = (
				7BF4128613E8E6B000BAC92A /* UIKit.framework in Frameworks */,
				7BF4128713E8E6B000BAC92A /* Foundation.framework in Frameworks */,
				7BF4128813E8E6B000BAC92A /* CoreGraphics.framework in Frameworks */,
			);
			runOnlyForDeploymentPostprocessing = 0;
		};
		7BF412B613E8E81E00BAC92A /* Frameworks */ = {
			isa = PBXFrameworksBuildPhase;
			buildActionMask = 2147483647;
			files = (
				7BF412BB13E8E81E00BAC92A /* SenTestingKit.framework in Frameworks */,
				7BF412BC13E8E81E00BAC92A /* UIKit.framework in Frameworks */,
				7BF412BD13E8E81E00BAC92A /* Foundation.framework in Frameworks */,
				7BF412BE13E8E81E00BAC92A /* CoreGraphics.framework in Frameworks */,
			);
			runOnlyForDeploymentPostprocessing = 0;
		};
/* End PBXFrameworksBuildPhase section */

/* Begin PBXGroup section */
		7B327FE213E3875400274E6C = {
			isa = PBXGroup;
			children = (
				7BCE75E913E741C900D1CECC /* iTunesArtwork */,
				7BB2271913E5BA05005D454F /* Default@2x.png */,
				7BB2271713E5B93D005D454F /* Default.png */,
				7BB2271113E5B68C005D454F /* Default-Portrait~ipad.png */,
				7BB2270D13E5B61B005D454F /* Default-Landscape~ipad.png */,
				7B32805113E3880700274E6C /* dubsar-ipad.png */,
				7B32804B13E387E300274E6C /* dubsar-hr.png */,
				7B32804913E387D500274E6C /* dubsar.png */,
				7B32803313E387BF00274E6C /* dubsar-full.png */,
				7B32803613E387BF00274E6C /* dubsar-link-hr.png */,
				7B32803713E387BF00274E6C /* dubsar-link.png */,
				7B32803813E387BF00274E6C /* dubsar-search-ipad.png */,
				7B32803913E387BF00274E6C /* dubsar-spotlight-hr.png */,
				7B32803A13E387BF00274E6C /* dubsar-spotlight.png */,
				7B327FF713E3875400274E6C /* Dubsar */,
				7B6953BA13E6E3CC00B10519 /* DubsarTests */,
				7BF412BF13E8E81E00BAC92A /* DubsarApplicationTests */,
				7B327FF013E3875400274E6C /* Frameworks */,
				7B327FEE13E3875400274E6C /* Products */,
				7BF412B413E8E6B000BAC92A /* Dubsar copy-Info.plist */,
			);
			sourceTree = "<group>";
		};
		7B327FEE13E3875400274E6C /* Products */ = {
			isa = PBXGroup;
			children = (
				7B327FED13E3875400274E6C /* Dubsar.app */,
				7B6953B513E6E3CC00B10519 /* DubsarTests.octest */,
				7BF412B113E8E6B000BAC92A /* Dubsar copy.app */,
				7BF412BA13E8E81E00BAC92A /* DubsarApplicationTests.octest */,
			);
			name = Products;
			sourceTree = "<group>";
		};
		7B327FF013E3875400274E6C /* Frameworks */ = {
			isa = PBXGroup;
			children = (
				7B327FF113E3875400274E6C /* UIKit.framework */,
				7B327FF313E3875400274E6C /* Foundation.framework */,
				7B327FF513E3875400274E6C /* CoreGraphics.framework */,
				7B69537B13E6E21700B10519 /* SenTestingKit.framework */,
			);
			name = Frameworks;
			sourceTree = "<group>";
		};
		7B327FF713E3875400274E6C /* Dubsar */ = {
			isa = PBXGroup;
			children = (
				7B3280AD13E38D9A00274E6C /* Dubsar.h */,
				7B3280AE13E38D9A00274E6C /* Dubsar.m */,
				7B32800013E3875400274E6C /* DubsarAppDelegate.h */,
				7B32800113E3875400274E6C /* DubsarAppDelegate.m */,
				7B32808813E38C4200274E6C /* External */,
				7B32808F13E38C9B00274E6C /* Models */,
				7B32800313E3875400274E6C /* iPhone */,
				7B32800A13E3875400274E6C /* iPad */,
				7B327FF813E3875400274E6C /* Supporting Files */,
			);
			path = Dubsar;
			sourceTree = "<group>";
		};
		7B327FF813E3875400274E6C /* Supporting Files */ = {
			isa = PBXGroup;
			children = (
				7B327FF913E3875400274E6C /* Dubsar-Info.plist */,
				7B327FFA13E3875400274E6C /* InfoPlist.strings */,
				7B327FFD13E3875400274E6C /* Dubsar-Prefix.pch */,
				7B327FFE13E3875400274E6C /* main.m */,
			);
			name = "Supporting Files";
			sourceTree = "<group>";
		};
		7B32800313E3875400274E6C /* iPhone */ = {
			isa = PBXGroup;
			children = (
				7BE9ABDE13E4C25500FB7402 /* DetailView_iPhone.xib */,
				7BB2270513E5A746005D454F /* AboutViewController_iPhone.h */,
				7BB2270613E5A746005D454F /* AboutViewController_iPhone.m */,
				7BB2270713E5A746005D454F /* AboutViewController_iPhone.xib */,
				7B32800413E3875400274E6C /* DubsarAppDelegate_iPhone.h */,
				7B32800513E3875400274E6C /* DubsarAppDelegate_iPhone.m */,
				7B3280B513E38EE800274E6C /* DubsarViewController_iPhone.h */,
				7B3280B613E38EE800274E6C /* DubsarViewController_iPhone.m */,
				7B3280B713E38EE800274E6C /* DubsarViewController_iPhone.xib */,
				7B3280CE13E38F8200274E6C /* FAQViewController_iPhone.h */,
				7B3280CF13E38F8200274E6C /* FAQViewController_iPhone.m */,
				7B3280D013E38F8200274E6C /* FAQViewController_iPhone.xib */,
				7B32800713E3875400274E6C /* MainWindow_iPhone.xib */,
				7B3280D813E3900600274E6C /* SearchBarViewController_iPhone.h */,
				7B3280D913E3900700274E6C /* SearchBarViewController_iPhone.m */,
				7B3280BA13E38EFE00274E6C /* SearchViewController_iPhone.h */,
				7B3280BB13E38EFE00274E6C /* SearchViewController_iPhone.m */,
				7B3280BC13E38EFE00274E6C /* SearchViewController_iPhone.xib */,
				7B3280C413E38F5700274E6C /* SenseViewController_iPhone.h */,
				7B3280C513E38F5700274E6C /* SenseViewController_iPhone.m */,
				7B3280C613E38F5700274E6C /* SenseViewController_iPhone.xib */,
				7B3280C913E38F6C00274E6C /* SynsetViewController_iPhone.h */,
				7B3280CA13E38F6D00274E6C /* SynsetViewController_iPhone.m */,
				7B3280CB13E38F6D00274E6C /* SynsetViewController_iPhone.xib */,
				7B3280BF13E38F0E00274E6C /* WordViewController_iPhone.h */,
				7B3280C013E38F0E00274E6C /* WordViewController_iPhone.m */,
				7B3280C113E38F0E00274E6C /* WordViewController_iPhone.xib */,
			);
			name = iPhone;
			sourceTree = "<group>";
		};
		7B32800A13E3875400274E6C /* iPad */ = {
			isa = PBXGroup;
			children = (
				7B30646113E5A06000B2A1B1 /* AboutViewController_iPad.h */,
				7B30646213E5A06000B2A1B1 /* AboutViewController_iPad.m */,
				7B30646313E5A06000B2A1B1 /* AboutViewController_iPad.xib */,
				7BE9ABDD13E4C25500FB7402 /* DetailView_iPad.xib */,
				7B32805D13E389C500274E6C /* DubsarAppDelegate_iPad.h */,
				7B32805E13E389C500274E6C /* DubsarAppDelegate_iPad.m */,
				7B32806513E38AF500274E6C /* DubsarViewController_iPad.h */,
				7B32806613E38AF500274E6C /* DubsarViewController_iPad.m */,
				7B32806713E38AF600274E6C /* DubsarViewController_iPad.xib */,
				7B32806A13E38B5500274E6C /* FAQViewController_iPad.h */,
				7B32806B13E38B5600274E6C /* FAQViewController_iPad.m */,
				7B32806C13E38B5600274E6C /* FAQViewController_iPad.xib */,
				7B32806F13E38B8F00274E6C /* LicenseViewController_iPad.h */,
				7B32807013E38B8F00274E6C /* LicenseViewController_iPad.m */,
				7B32807113E38B8F00274E6C /* LicenseViewController_iPad.xib */,
				7B32805B13E3899100274E6C /* MainWindow_iPad.xib */,
				7B32806013E38A0D00274E6C /* SearchBarViewController_iPad.h */,
				7B32806113E38A0D00274E6C /* SearchBarViewController_iPad.m */,
				7B32806213E38A0D00274E6C /* SearchBarViewController_iPad.xib */,
				7B32807413E38BBE00274E6C /* SearchViewController_iPad.h */,
				7B32807513E38BBE00274E6C /* SearchViewController_iPad.m */,
				7B32807613E38BBE00274E6C /* SearchViewController_iPad.xib */,
				7B32807E13E38BF200274E6C /* SenseViewController_iPad.h */,
				7B32807F13E38BF300274E6C /* SenseViewController_iPad.m */,
				7B32808013E38BF300274E6C /* SenseViewController_iPad.xib */,
				7B32808313E38C0300274E6C /* SynsetViewController_iPad.h */,
				7B32808413E38C0300274E6C /* SynsetViewController_iPad.m */,
				7B32808513E38C0300274E6C /* SynsetViewController_iPad.xib */,
				7B32807913E38BDE00274E6C /* WordViewController_iPad.h */,
				7B32807A13E38BDE00274E6C /* WordViewController_iPad.m */,
				7B32807B13E38BDF00274E6C /* WordViewController_iPad.xib */,
				7B3280B013E38DDA00274E6C /* WordPopoverViewController_iPad.h */,
				7B3280B113E38DDA00274E6C /* WordPopoverViewController_iPad.m */,
				7B3280B213E38DDB00274E6C /* WordPopoverViewController_iPad.xib */,
			);
			name = iPad;
			sourceTree = "<group>";
		};
		7B32808813E38C4200274E6C /* External */ = {
			isa = PBXGroup;
			children = (
				7B32808913E38C9300274E6C /* JSONKit.h */,
				7B32808A13E38C9300274E6C /* JSONKit.m */,
				7B32808B13E38C9300274E6C /* URLEncoding.h */,
				7B32808C13E38C9300274E6C /* URLEncoding.m */,
			);
			name = External;
			sourceTree = "<group>";
		};
		7B32808F13E38C9B00274E6C /* Models */ = {
			isa = PBXGroup;
			children = (
				7B32809013E38CEE00274E6C /* Autocompleter.h */,
				7B32809113E38CEE00274E6C /* Autocompleter.m */,
				7B32809213E38CEE00274E6C /* AutocompleterDelegate.h */,
				7B32809313E38CEE00274E6C /* AutocompleterProxy.h */,
				7B32809413E38CEE00274E6C /* AutocompleterProxy.m */,
				7B3280AC13E38D1700274E6C /* LoadDelegate.h */,
				7B32809513E38CEE00274E6C /* Model.h */,
				7B32809613E38CEE00274E6C /* Model.m */,
				7B32809713E38CEE00274E6C /* PartOfSpeechDictionary.h */,
				7B32809813E38CEE00274E6C /* PartOfSpeechDictionary.m */,
				7B32809913E38CEE00274E6C /* PointerDictionary.h */,
				7B32809A13E38CEE00274E6C /* PointerDictionary.m */,
				7B32809B13E38CEE00274E6C /* Search.h */,
				7B32809C13E38CEE00274E6C /* Search.m */,
				7B32809D13E38CEE00274E6C /* Sense.h */,
				7B32809E13E38CEE00274E6C /* Sense.m */,
				7B32809F13E38CEE00274E6C /* Synset.h */,
				7B3280A013E38CEE00274E6C /* Synset.m */,
				7B3280A113E38CEE00274E6C /* Word.h */,
				7B3280A213E38CEE00274E6C /* Word.m */,
			);
			name = Models;
			sourceTree = "<group>";
		};
		7B59C4DD13E8CAB3006F5FDB /* Model Tests */ = {
			isa = PBXGroup;
			children = (
				7B00DF5913E6F03C00E80FCC /* AutocompleterTest.h */,
				7B00DF5A13E6F03C00E80FCC /* AutocompleterTest.m */,
				7B59C4D413E8A7BE006F5FDB /* ModelTestCase.h */,
				7B59C4D513E8A7BE006F5FDB /* ModelTestCase.m */,
				7B00DF5413E6EEB900E80FCC /* PartOfSpeechDictionaryTest.h */,
				7B00DF5513E6EEB900E80FCC /* PartOfSpeechDictionaryTest.m */,
				7B00DF6013E6F0E200E80FCC /* PointerDictionaryTest.h */,
				7B00DF6113E6F0E200E80FCC /* PointerDictionaryTest.m */,
				7B59C4CC13E8A5E8006F5FDB /* SearchTest.h */,
				7B59C4CD13E8A5E8006F5FDB /* SearchTest.m */,
				7B59C4DA13E8B05B006F5FDB /* SenseTest.h */,
				7B59C4DB13E8B05C006F5FDB /* SenseTest.m */,
				7B59C4DE13E8CAF9006F5FDB /* SynsetTest.h */,
				7B59C4DF13E8CAF9006F5FDB /* SynsetTest.m */,
				7B59C4D713E8AC9A006F5FDB /* WordTest.h */,
				7B59C4D813E8AC9A006F5FDB /* WordTest.m */,
			);
			name = "Model Tests";
			sourceTree = "<group>";
		};
		7B6953BA13E6E3CC00B10519 /* DubsarTests */ = {
			isa = PBXGroup;
			children = (
				7B59C4DD13E8CAB3006F5FDB /* Model Tests */,
				7B6953BB13E6E3CC00B10519 /* Supporting Files */,
			);
			path = DubsarTests;
			sourceTree = "<group>";
		};
		7B6953BB13E6E3CC00B10519 /* Supporting Files */ = {
			isa = PBXGroup;
			children = (
				7B6953BC13E6E3CC00B10519 /* DubsarTests-Info.plist */,
				7B6953BD13E6E3CC00B10519 /* InfoPlist.strings */,
				7B6953C413E6E3CC00B10519 /* DubsarTests-Prefix.pch */,
			);
			name = "Supporting Files";
			sourceTree = "<group>";
		};
		7BF412BF13E8E81E00BAC92A /* DubsarApplicationTests */ = {
			isa = PBXGroup;
			children = (
				7BF412C513E8E81E00BAC92A /* DubsarApplicationTests.h */,
				7BF412C713E8E81E00BAC92A /* DubsarApplicationTests.m */,
				7BF412C013E8E81E00BAC92A /* Supporting Files */,
			);
			path = DubsarApplicationTests;
			sourceTree = "<group>";
		};
		7BF412C013E8E81E00BAC92A /* Supporting Files */ = {
			isa = PBXGroup;
			children = (
				7BF412C113E8E81E00BAC92A /* DubsarApplicationTests-Info.plist */,
				7BF412C213E8E81E00BAC92A /* InfoPlist.strings */,
				7BF412C913E8E81E00BAC92A /* DubsarApplicationTests-Prefix.pch */,
			);
			name = "Supporting Files";
			sourceTree = "<group>";
		};
/* End PBXGroup section */

/* Begin PBXNativeTarget section */
		7B327FEC13E3875400274E6C /* Dubsar */ = {
			isa = PBXNativeTarget;
			buildConfigurationList = 7B32802913E3875400274E6C /* Build configuration list for PBXNativeTarget "Dubsar" */;
			buildPhases = (
				7B327FE913E3875400274E6C /* Sources */,
				7B327FEA13E3875400274E6C /* Frameworks */,
				7B327FEB13E3875400274E6C /* Resources */,
			);
			buildRules = (
			);
			dependencies = (
			);
			name = Dubsar;
			productName = Dubsar;
			productReference = 7B327FED13E3875400274E6C /* Dubsar.app */;
			productType = "com.apple.product-type.application";
		};
		7B6953B413E6E3CC00B10519 /* DubsarTests */ = {
			isa = PBXNativeTarget;
			buildConfigurationList = 7B6953C513E6E3CC00B10519 /* Build configuration list for PBXNativeTarget "DubsarTests" */;
			buildPhases = (
				7B6953B013E6E3CC00B10519 /* Sources */,
				7B6953B113E6E3CC00B10519 /* Frameworks */,
				7B6953B213E6E3CC00B10519 /* Resources */,
				7B6953B313E6E3CC00B10519 /* ShellScript */,
			);
			buildRules = (
			);
			dependencies = (
				7B3DE72513E6E8BA00716A24 /* PBXTargetDependency */,
			);
			name = DubsarTests;
			productName = DubsarTests;
			productReference = 7B6953B513E6E3CC00B10519 /* DubsarTests.octest */;
			productType = "com.apple.product-type.bundle";
		};
		7BF4126113E8E6B000BAC92A /* DubsarTesting */ = {
			isa = PBXNativeTarget;
			buildConfigurationList = 7BF412AE13E8E6B000BAC92A /* Build configuration list for PBXNativeTarget "DubsarTesting" */;
			buildPhases = (
				7BF4126213E8E6B000BAC92A /* Sources */,
				7BF4128513E8E6B000BAC92A /* Frameworks */,
				7BF4128913E8E6B000BAC92A /* Resources */,
			);
			buildRules = (
			);
			dependencies = (
				7BF412D013E8E86900BAC92A /* PBXTargetDependency */,
			);
			name = DubsarTesting;
			productName = Dubsar;
			productReference = 7BF412B113E8E6B000BAC92A /* Dubsar copy.app */;
			productType = "com.apple.product-type.application";
		};
		7BF412B913E8E81E00BAC92A /* DubsarApplicationTests */ = {
			isa = PBXNativeTarget;
			buildConfigurationList = 7BF412CA13E8E81E00BAC92A /* Build configuration list for PBXNativeTarget "DubsarApplicationTests" */;
			buildPhases = (
				7BF412B513E8E81E00BAC92A /* Sources */,
				7BF412B613E8E81E00BAC92A /* Frameworks */,
				7BF412B713E8E81E00BAC92A /* Resources */,
				7BF412B813E8E81E00BAC92A /* ShellScript */,
			);
			buildRules = (
			);
			dependencies = (
			);
			name = DubsarApplicationTests;
			productName = DubsarApplicationTests;
			productReference = 7BF412BA13E8E81E00BAC92A /* DubsarApplicationTests.octest */;
			productType = "com.apple.product-type.bundle";
		};
/* End PBXNativeTarget section */

/* Begin PBXProject section */
		7B327FE413E3875400274E6C /* Project object */ = {
			isa = PBXProject;
			buildConfigurationList = 7B327FE713E3875400274E6C /* Build configuration list for PBXProject "Dubsar" */;
			compatibilityVersion = "Xcode 3.2";
			developmentRegion = English;
			hasScannedForEncodings = 0;
			knownRegions = (
				en,
			);
			mainGroup = 7B327FE213E3875400274E6C;
			productRefGroup = 7B327FEE13E3875400274E6C /* Products */;
			projectDirPath = "";
			projectRoot = "";
			targets = (
				7B327FEC13E3875400274E6C /* Dubsar */,
				7B6953B413E6E3CC00B10519 /* DubsarTests */,
				7BF4126113E8E6B000BAC92A /* DubsarTesting */,
				7BF412B913E8E81E00BAC92A /* DubsarApplicationTests */,
			);
		};
/* End PBXProject section */

/* Begin PBXResourcesBuildPhase section */
		7B327FEB13E3875400274E6C /* Resources */ = {
			isa = PBXResourcesBuildPhase;
			buildActionMask = 2147483647;
			files = (
				7B327FFC13E3875400274E6C /* InfoPlist.strings in Resources */,
				7B32800913E3875400274E6C /* MainWindow_iPhone.xib in Resources */,
				7B32804013E387BF00274E6C /* dubsar-full.png in Resources */,
				7B32804313E387BF00274E6C /* dubsar-link-hr.png in Resources */,
				7B32804413E387BF00274E6C /* dubsar-link.png in Resources */,
				7B32804513E387BF00274E6C /* dubsar-search-ipad.png in Resources */,
				7B32804613E387BF00274E6C /* dubsar-spotlight-hr.png in Resources */,
				7B32804713E387BF00274E6C /* dubsar-spotlight.png in Resources */,
				7B32804A13E387D500274E6C /* dubsar.png in Resources */,
				7B32804C13E387E300274E6C /* dubsar-hr.png in Resources */,
				7B32805213E3880700274E6C /* dubsar-ipad.png in Resources */,
				7B32805C13E3899100274E6C /* MainWindow_iPad.xib in Resources */,
				7B32806413E38A0D00274E6C /* SearchBarViewController_iPad.xib in Resources */,
				7B32806913E38AF600274E6C /* DubsarViewController_iPad.xib in Resources */,
				7B32806E13E38B5600274E6C /* FAQViewController_iPad.xib in Resources */,
				7B32807313E38B8F00274E6C /* LicenseViewController_iPad.xib in Resources */,
				7B32807813E38BBE00274E6C /* SearchViewController_iPad.xib in Resources */,
				7B32807D13E38BDF00274E6C /* WordViewController_iPad.xib in Resources */,
				7B32808213E38BF300274E6C /* SenseViewController_iPad.xib in Resources */,
				7B32808713E38C0400274E6C /* SynsetViewController_iPad.xib in Resources */,
				7B3280B413E38DDB00274E6C /* WordPopoverViewController_iPad.xib in Resources */,
				7B3280B913E38EE800274E6C /* DubsarViewController_iPhone.xib in Resources */,
				7B3280BE13E38EFE00274E6C /* SearchViewController_iPhone.xib in Resources */,
				7B3280C313E38F0E00274E6C /* WordViewController_iPhone.xib in Resources */,
				7B3280C813E38F5800274E6C /* SenseViewController_iPhone.xib in Resources */,
				7B3280CD13E38F6D00274E6C /* SynsetViewController_iPhone.xib in Resources */,
				7B3280D213E38F8200274E6C /* FAQViewController_iPhone.xib in Resources */,
				7BE9ABDF13E4C25500FB7402 /* DetailView_iPad.xib in Resources */,
				7BE9ABE013E4C25500FB7402 /* DetailView_iPhone.xib in Resources */,
				7B30646513E5A06000B2A1B1 /* AboutViewController_iPad.xib in Resources */,
				7BB2270913E5A747005D454F /* AboutViewController_iPhone.xib in Resources */,
				7BB2270E13E5B61B005D454F /* Default-Landscape~ipad.png in Resources */,
				7BB2271213E5B68D005D454F /* Default-Portrait~ipad.png in Resources */,
				7BB2271813E5B93E005D454F /* Default.png in Resources */,
				7BB2271A13E5BA06005D454F /* Default@2x.png in Resources */,
				7BCE75EA13E741C900D1CECC /* iTunesArtwork in Resources */,
			);
			runOnlyForDeploymentPostprocessing = 0;
		};
		7B6953B213E6E3CC00B10519 /* Resources */ = {
			isa = PBXResourcesBuildPhase;
			buildActionMask = 2147483647;
			files = (
				7B6953BF13E6E3CC00B10519 /* InfoPlist.strings in Resources */,
			);
			runOnlyForDeploymentPostprocessing = 0;
		};
		7BF4128913E8E6B000BAC92A /* Resources */ = {
			isa = PBXResourcesBuildPhase;
			buildActionMask = 2147483647;
			files = (
				7BF412D113E8E95700BAC92A /* DubsarApplicationTests.octest in Resources */,
				7BF4128A13E8E6B000BAC92A /* InfoPlist.strings in Resources */,
				7BF4128B13E8E6B000BAC92A /* MainWindow_iPhone.xib in Resources */,
				7BF4128C13E8E6B000BAC92A /* dubsar-full.png in Resources */,
				7BF4128D13E8E6B000BAC92A /* dubsar-link-hr.png in Resources */,
				7BF4128E13E8E6B000BAC92A /* dubsar-link.png in Resources */,
				7BF4128F13E8E6B000BAC92A /* dubsar-search-ipad.png in Resources */,
				7BF4129013E8E6B000BAC92A /* dubsar-spotlight-hr.png in Resources */,
				7BF4129113E8E6B000BAC92A /* dubsar-spotlight.png in Resources */,
				7BF4129213E8E6B000BAC92A /* dubsar.png in Resources */,
				7BF4129313E8E6B000BAC92A /* dubsar-hr.png in Resources */,
				7BF4129413E8E6B000BAC92A /* dubsar-ipad.png in Resources */,
				7BF4129513E8E6B000BAC92A /* MainWindow_iPad.xib in Resources */,
				7BF4129613E8E6B000BAC92A /* SearchBarViewController_iPad.xib in Resources */,
				7BF4129713E8E6B000BAC92A /* DubsarViewController_iPad.xib in Resources */,
				7BF4129813E8E6B000BAC92A /* FAQViewController_iPad.xib in Resources */,
				7BF4129913E8E6B000BAC92A /* LicenseViewController_iPad.xib in Resources */,
				7BF4129A13E8E6B000BAC92A /* SearchViewController_iPad.xib in Resources */,
				7BF4129B13E8E6B000BAC92A /* WordViewController_iPad.xib in Resources */,
				7BF4129C13E8E6B000BAC92A /* SenseViewController_iPad.xib in Resources */,
				7BF4129D13E8E6B000BAC92A /* SynsetViewController_iPad.xib in Resources */,
				7BF4129E13E8E6B000BAC92A /* WordPopoverViewController_iPad.xib in Resources */,
				7BF4129F13E8E6B000BAC92A /* DubsarViewController_iPhone.xib in Resources */,
				7BF412A013E8E6B000BAC92A /* SearchViewController_iPhone.xib in Resources */,
				7BF412A113E8E6B000BAC92A /* WordViewController_iPhone.xib in Resources */,
				7BF412A213E8E6B000BAC92A /* SenseViewController_iPhone.xib in Resources */,
				7BF412A313E8E6B000BAC92A /* SynsetViewController_iPhone.xib in Resources */,
				7BF412A413E8E6B000BAC92A /* FAQViewController_iPhone.xib in Resources */,
				7BF412A513E8E6B000BAC92A /* DetailView_iPad.xib in Resources */,
				7BF412A613E8E6B000BAC92A /* DetailView_iPhone.xib in Resources */,
				7BF412A713E8E6B000BAC92A /* AboutViewController_iPad.xib in Resources */,
				7BF412A813E8E6B000BAC92A /* AboutViewController_iPhone.xib in Resources */,
				7BF412A913E8E6B000BAC92A /* Default-Landscape~ipad.png in Resources */,
				7BF412AA13E8E6B000BAC92A /* Default-Portrait~ipad.png in Resources */,
				7BF412AB13E8E6B000BAC92A /* Default.png in Resources */,
				7BF412AC13E8E6B000BAC92A /* Default@2x.png in Resources */,
				7BF412AD13E8E6B000BAC92A /* iTunesArtwork in Resources */,
			);
			runOnlyForDeploymentPostprocessing = 0;
		};
		7BF412B713E8E81E00BAC92A /* Resources */ = {
			isa = PBXResourcesBuildPhase;
			buildActionMask = 2147483647;
			files = (
				7BF412C413E8E81E00BAC92A /* InfoPlist.strings in Resources */,
				7BF412C613E8E81E00BAC92A /* DubsarApplicationTests.h in Resources */,
			);
			runOnlyForDeploymentPostprocessing = 0;
		};
/* End PBXResourcesBuildPhase section */

/* Begin PBXShellScriptBuildPhase section */
		7B6953B313E6E3CC00B10519 /* ShellScript */ = {
			isa = PBXShellScriptBuildPhase;
			buildActionMask = 2147483647;
			files = (
			);
			inputPaths = (
			);
			outputPaths = (
			);
			runOnlyForDeploymentPostprocessing = 0;
			shellPath = /bin/sh;
			shellScript = "# Run the unit tests in this test bundle.\n\"${SYSTEM_DEVELOPER_DIR}/Tools/RunUnitTests\"\n";
		};
		7BF412B813E8E81E00BAC92A /* ShellScript */ = {
			isa = PBXShellScriptBuildPhase;
			buildActionMask = 2147483647;
			files = (
			);
			inputPaths = (
			);
			outputPaths = (
			);
			runOnlyForDeploymentPostprocessing = 0;
			shellPath = /bin/sh;
			shellScript = "# Run the unit tests in this test bundle.\n\"${SYSTEM_DEVELOPER_DIR}/Tools/RunUnitTests\"\n";
		};
/* End PBXShellScriptBuildPhase section */

/* Begin PBXSourcesBuildPhase section */
		7B327FE913E3875400274E6C /* Sources */ = {
			isa = PBXSourcesBuildPhase;
			buildActionMask = 2147483647;
			files = (
				7B327FFF13E3875400274E6C /* main.m in Sources */,
				7B32800213E3875400274E6C /* DubsarAppDelegate.m in Sources */,
				7B32800613E3875400274E6C /* DubsarAppDelegate_iPhone.m in Sources */,
				7B32805F13E389C500274E6C /* DubsarAppDelegate_iPad.m in Sources */,
				7B32806313E38A0D00274E6C /* SearchBarViewController_iPad.m in Sources */,
				7B32806813E38AF600274E6C /* DubsarViewController_iPad.m in Sources */,
				7B32806D13E38B5600274E6C /* FAQViewController_iPad.m in Sources */,
				7B32807213E38B8F00274E6C /* LicenseViewController_iPad.m in Sources */,
				7B32807713E38BBE00274E6C /* SearchViewController_iPad.m in Sources */,
				7B32807C13E38BDF00274E6C /* WordViewController_iPad.m in Sources */,
				7B32808113E38BF300274E6C /* SenseViewController_iPad.m in Sources */,
				7B32808613E38C0400274E6C /* SynsetViewController_iPad.m in Sources */,
				7B32808D13E38C9300274E6C /* JSONKit.m in Sources */,
				7B32808E13E38C9300274E6C /* URLEncoding.m in Sources */,
				7B3280A313E38CEF00274E6C /* Autocompleter.m in Sources */,
				7B3280A413E38CEF00274E6C /* AutocompleterProxy.m in Sources */,
				7B3280A513E38CEF00274E6C /* Model.m in Sources */,
				7B3280A613E38CEF00274E6C /* PartOfSpeechDictionary.m in Sources */,
				7B3280A713E38CEF00274E6C /* PointerDictionary.m in Sources */,
				7B3280A813E38CEF00274E6C /* Search.m in Sources */,
				7B3280A913E38CEF00274E6C /* Sense.m in Sources */,
				7B3280AA13E38CEF00274E6C /* Synset.m in Sources */,
				7B3280AB13E38CEF00274E6C /* Word.m in Sources */,
				7B3280AF13E38D9B00274E6C /* Dubsar.m in Sources */,
				7B3280B313E38DDB00274E6C /* WordPopoverViewController_iPad.m in Sources */,
				7B3280B813E38EE800274E6C /* DubsarViewController_iPhone.m in Sources */,
				7B3280BD13E38EFE00274E6C /* SearchViewController_iPhone.m in Sources */,
				7B3280C213E38F0E00274E6C /* WordViewController_iPhone.m in Sources */,
				7B3280C713E38F5800274E6C /* SenseViewController_iPhone.m in Sources */,
				7B3280CC13E38F6D00274E6C /* SynsetViewController_iPhone.m in Sources */,
				7B3280D113E38F8200274E6C /* FAQViewController_iPhone.m in Sources */,
				7B3280DA13E3900700274E6C /* SearchBarViewController_iPhone.m in Sources */,
				7B30646413E5A06000B2A1B1 /* AboutViewController_iPad.m in Sources */,
				7BB2270813E5A747005D454F /* AboutViewController_iPhone.m in Sources */,
			);
			runOnlyForDeploymentPostprocessing = 0;
		};
		7B6953B013E6E3CC00B10519 /* Sources */ = {
			isa = PBXSourcesBuildPhase;
			buildActionMask = 2147483647;
			files = (
				7B59C4D313E8A775006F5FDB /* Synset.m in Sources */,
				7B59C4D213E8A76D006F5FDB /* Sense.m in Sources */,
				7B59C4D113E8A762006F5FDB /* Word.m in Sources */,
				7B59C4D013E8A74C006F5FDB /* Search.m in Sources */,
				7B00DF6313E6F11F00E80FCC /* PointerDictionary.m in Sources */,
				7B00DF5F13E6F0B800E80FCC /* URLEncoding.m in Sources */,
				7B00DF5C13E6F0A100E80FCC /* JSONKit.m in Sources */,
				7B00DF5D13E6F0A100E80FCC /* Autocompleter.m in Sources */,
				7B00DF5E13E6F0A100E80FCC /* Model.m in Sources */,
				7B00DF5813E6EFE300E80FCC /* Dubsar.m in Sources */,
				7B00DF5713E6EFDA00E80FCC /* PartOfSpeechDictionary.m in Sources */,
				7B00DF5613E6EEB900E80FCC /* PartOfSpeechDictionaryTest.m in Sources */,
				7B00DF5B13E6F03C00E80FCC /* AutocompleterTest.m in Sources */,
				7B00DF6213E6F0E200E80FCC /* PointerDictionaryTest.m in Sources */,
				7B59C4CE13E8A5E8006F5FDB /* SearchTest.m in Sources */,
				7B59C4D613E8A7BE006F5FDB /* ModelTestCase.m in Sources */,
				7B59C4D913E8AC9A006F5FDB /* WordTest.m in Sources */,
				7B59C4DC13E8B05C006F5FDB /* SenseTest.m in Sources */,
				7B59C4E013E8CAF9006F5FDB /* SynsetTest.m in Sources */,
			);
			runOnlyForDeploymentPostprocessing = 0;
		};
		7BF4126213E8E6B000BAC92A /* Sources */ = {
			isa = PBXSourcesBuildPhase;
			buildActionMask = 2147483647;
			files = (
				7BF4126313E8E6B000BAC92A /* main.m in Sources */,
				7BF4126413E8E6B000BAC92A /* DubsarAppDelegate.m in Sources */,
				7BF4126513E8E6B000BAC92A /* DubsarAppDelegate_iPhone.m in Sources */,
				7BF4126613E8E6B000BAC92A /* DubsarAppDelegate_iPad.m in Sources */,
				7BF4126713E8E6B000BAC92A /* SearchBarViewController_iPad.m in Sources */,
				7BF4126813E8E6B000BAC92A /* DubsarViewController_iPad.m in Sources */,
				7BF4126913E8E6B000BAC92A /* FAQViewController_iPad.m in Sources */,
				7BF4126A13E8E6B000BAC92A /* LicenseViewController_iPad.m in Sources */,
				7BF4126B13E8E6B000BAC92A /* SearchViewController_iPad.m in Sources */,
				7BF4126C13E8E6B000BAC92A /* WordViewController_iPad.m in Sources */,
				7BF4126D13E8E6B000BAC92A /* SenseViewController_iPad.m in Sources */,
				7BF4126E13E8E6B000BAC92A /* SynsetViewController_iPad.m in Sources */,
				7BF4126F13E8E6B000BAC92A /* JSONKit.m in Sources */,
				7BF4127013E8E6B000BAC92A /* URLEncoding.m in Sources */,
				7BF4127113E8E6B000BAC92A /* Autocompleter.m in Sources */,
				7BF4127213E8E6B000BAC92A /* AutocompleterProxy.m in Sources */,
				7BF4127313E8E6B000BAC92A /* Model.m in Sources */,
				7BF4127413E8E6B000BAC92A /* PartOfSpeechDictionary.m in Sources */,
				7BF4127513E8E6B000BAC92A /* PointerDictionary.m in Sources */,
				7BF4127613E8E6B000BAC92A /* Search.m in Sources */,
				7BF4127713E8E6B000BAC92A /* Sense.m in Sources */,
				7BF4127813E8E6B000BAC92A /* Synset.m in Sources */,
				7BF4127913E8E6B000BAC92A /* Word.m in Sources */,
				7BF4127A13E8E6B000BAC92A /* Dubsar.m in Sources */,
				7BF4127B13E8E6B000BAC92A /* WordPopoverViewController_iPad.m in Sources */,
				7BF4127C13E8E6B000BAC92A /* DubsarViewController_iPhone.m in Sources */,
				7BF4127D13E8E6B000BAC92A /* SearchViewController_iPhone.m in Sources */,
				7BF4127E13E8E6B000BAC92A /* WordViewController_iPhone.m in Sources */,
				7BF4127F13E8E6B000BAC92A /* SenseViewController_iPhone.m in Sources */,
				7BF4128013E8E6B000BAC92A /* SynsetViewController_iPhone.m in Sources */,
				7BF4128113E8E6B000BAC92A /* FAQViewController_iPhone.m in Sources */,
				7BF4128213E8E6B000BAC92A /* SearchBarViewController_iPhone.m in Sources */,
				7BF4128313E8E6B000BAC92A /* AboutViewController_iPad.m in Sources */,
				7BF4128413E8E6B000BAC92A /* AboutViewController_iPhone.m in Sources */,
			);
			runOnlyForDeploymentPostprocessing = 0;
		};
		7BF412B513E8E81E00BAC92A /* Sources */ = {
			isa = PBXSourcesBuildPhase;
			buildActionMask = 2147483647;
			files = (
				7BF412C813E8E81E00BAC92A /* DubsarApplicationTests.m in Sources */,
			);
			runOnlyForDeploymentPostprocessing = 0;
		};
/* End PBXSourcesBuildPhase section */

/* Begin PBXTargetDependency section */
		7B3DE72513E6E8BA00716A24 /* PBXTargetDependency */ = {
			isa = PBXTargetDependency;
			target = 7B327FEC13E3875400274E6C /* Dubsar */;
			targetProxy = 7B3DE72413E6E8BA00716A24 /* PBXContainerItemProxy */;
		};
		7BF412D013E8E86900BAC92A /* PBXTargetDependency */ = {
			isa = PBXTargetDependency;
			target = 7BF412B913E8E81E00BAC92A /* DubsarApplicationTests */;
			targetProxy = 7BF412CF13E8E86900BAC92A /* PBXContainerItemProxy */;
		};
/* End PBXTargetDependency section */

/* Begin PBXVariantGroup section */
		7B327FFA13E3875400274E6C /* InfoPlist.strings */ = {
			isa = PBXVariantGroup;
			children = (
				7B327FFB13E3875400274E6C /* en */,
			);
			name = InfoPlist.strings;
			sourceTree = "<group>";
		};
		7B32800713E3875400274E6C /* MainWindow_iPhone.xib */ = {
			isa = PBXVariantGroup;
			children = (
				7B32800813E3875400274E6C /* en */,
			);
			name = MainWindow_iPhone.xib;
			sourceTree = "<group>";
		};
		7B6953BD13E6E3CC00B10519 /* InfoPlist.strings */ = {
			isa = PBXVariantGroup;
			children = (
				7B6953BE13E6E3CC00B10519 /* en */,
			);
			name = InfoPlist.strings;
			sourceTree = "<group>";
		};
		7BF412C213E8E81E00BAC92A /* InfoPlist.strings */ = {
			isa = PBXVariantGroup;
			children = (
				7BF412C313E8E81E00BAC92A /* en */,
			);
			name = InfoPlist.strings;
			sourceTree = "<group>";
		};
/* End PBXVariantGroup section */

/* Begin XCBuildConfiguration section */
		7B32802713E3875400274E6C /* Debug */ = {
			isa = XCBuildConfiguration;
			buildSettings = {
				ARCHS = "$(ARCHS_STANDARD_32_BIT)";
				CODE_SIGN_IDENTITY = "iPhone Distribution: James Dee";
				"CODE_SIGN_IDENTITY[sdk=iphoneos*]" = "iPhone Distribution: James Dee";
				GCC_C_LANGUAGE_STANDARD = gnu99;
				GCC_OPTIMIZATION_LEVEL = 0;
				GCC_PREPROCESSOR_DEFINITIONS = DEBUG;
				GCC_SYMBOLS_PRIVATE_EXTERN = NO;
				GCC_VERSION = com.apple.compilers.llvmgcc42;
				GCC_WARN_ABOUT_RETURN_TYPE = YES;
				GCC_WARN_UNUSED_VARIABLE = YES;
				IPHONEOS_DEPLOYMENT_TARGET = 4.3;
				PROVISIONING_PROFILE = "7DC472D4-A856-4387-8DF4-E32F07D43E73";
				"PROVISIONING_PROFILE[sdk=iphoneos*]" = "7DC472D4-A856-4387-8DF4-E32F07D43E73";
				SDKROOT = iphoneos;
				TARGETED_DEVICE_FAMILY = "1,2";
			};
			name = Debug;
		};
		7B32802813E3875400274E6C /* Release */ = {
			isa = XCBuildConfiguration;
			buildSettings = {
				ARCHS = "$(ARCHS_STANDARD_32_BIT)";
				CODE_SIGN_IDENTITY = "iPhone Distribution: James Dee";
				"CODE_SIGN_IDENTITY[sdk=iphoneos*]" = "iPhone Distribution: James Dee";
				GCC_C_LANGUAGE_STANDARD = gnu99;
				GCC_VERSION = com.apple.compilers.llvmgcc42;
				GCC_WARN_ABOUT_RETURN_TYPE = YES;
				GCC_WARN_UNUSED_VARIABLE = YES;
				IPHONEOS_DEPLOYMENT_TARGET = 4.3;
				OTHER_CFLAGS = "-DNS_BLOCK_ASSERTIONS=1";
				PROVISIONING_PROFILE = "7DC472D4-A856-4387-8DF4-E32F07D43E73";
				"PROVISIONING_PROFILE[sdk=iphoneos*]" = "7DC472D4-A856-4387-8DF4-E32F07D43E73";
				SDKROOT = iphoneos;
				TARGETED_DEVICE_FAMILY = "1,2";
			};
			name = Release;
		};
		7B32802A13E3875400274E6C /* Debug */ = {
			isa = XCBuildConfiguration;
			buildSettings = {
				ALWAYS_SEARCH_USER_PATHS = NO;
				CODE_SIGN_IDENTITY = "iPhone Developer: Jimmy Dee (492446EY7H)";
				"CODE_SIGN_IDENTITY[sdk=iphoneos*]" = "iPhone Developer: Jimmy Dee (492446EY7H)";
				COPY_PHASE_STRIP = NO;
				GCC_DYNAMIC_NO_PIC = NO;
				GCC_PRECOMPILE_PREFIX_HEADER = YES;
				GCC_PREFIX_HEADER = "Dubsar/Dubsar-Prefix.pch";
				INFOPLIST_FILE = "Dubsar/Dubsar-Info.plist";
				PRODUCT_NAME = "$(TARGET_NAME)";
				PROVISIONING_PROFILE = "23D65F2F-95B5-4595-89A4-5E6632933D4E";
				"PROVISIONING_PROFILE[sdk=iphoneos*]" = "23D65F2F-95B5-4595-89A4-5E6632933D4E";
				WRAPPER_EXTENSION = app;
			};
			name = Debug;
		};
		7B32802B13E3875400274E6C /* Release */ = {
			isa = XCBuildConfiguration;
			buildSettings = {
				ALWAYS_SEARCH_USER_PATHS = NO;
				CODE_SIGN_IDENTITY = "iPhone Developer: Jimmy Dee (492446EY7H)";
				"CODE_SIGN_IDENTITY[sdk=iphoneos*]" = "iPhone Developer: Jimmy Dee (492446EY7H)";
				COPY_PHASE_STRIP = YES;
				GCC_PRECOMPILE_PREFIX_HEADER = YES;
				GCC_PREFIX_HEADER = "Dubsar/Dubsar-Prefix.pch";
				INFOPLIST_FILE = "Dubsar/Dubsar-Info.plist";
				PRODUCT_NAME = "$(TARGET_NAME)";
				PROVISIONING_PROFILE = "23D65F2F-95B5-4595-89A4-5E6632933D4E";
				"PROVISIONING_PROFILE[sdk=iphoneos*]" = "23D65F2F-95B5-4595-89A4-5E6632933D4E";
				VALIDATE_PRODUCT = YES;
				WRAPPER_EXTENSION = app;
			};
			name = Release;
		};
		7B6953C613E6E3CC00B10519 /* Debug */ = {
			isa = XCBuildConfiguration;
			buildSettings = {
				ALWAYS_SEARCH_USER_PATHS = NO;
				COPY_PHASE_STRIP = NO;
				FRAMEWORK_SEARCH_PATHS = (
					"$(SDKROOT)/Developer/Library/Frameworks",
					"$(DEVELOPER_LIBRARY_DIR)/Frameworks",
				);
				GCC_DYNAMIC_NO_PIC = NO;
				GCC_PRECOMPILE_PREFIX_HEADER = YES;
				GCC_PREFIX_HEADER = "DubsarTests/DubsarTests-Prefix.pch";
				GCC_PREPROCESSOR_DEFINITIONS = (
					"DEBUG=1",
					"$(inherited)",
				);
				GCC_WARN_ABOUT_MISSING_PROTOTYPES = YES;
				INFOPLIST_FILE = "DubsarTests/DubsarTests-Info.plist";
				PRODUCT_NAME = "$(TARGET_NAME)";
				WRAPPER_EXTENSION = octest;
			};
			name = Debug;
		};
		7B6953C713E6E3CC00B10519 /* Release */ = {
			isa = XCBuildConfiguration;
			buildSettings = {
				ALWAYS_SEARCH_USER_PATHS = NO;
				COPY_PHASE_STRIP = YES;
				FRAMEWORK_SEARCH_PATHS = (
					"$(SDKROOT)/Developer/Library/Frameworks",
					"$(DEVELOPER_LIBRARY_DIR)/Frameworks",
				);
				GCC_PRECOMPILE_PREFIX_HEADER = YES;
				GCC_PREFIX_HEADER = "DubsarTests/DubsarTests-Prefix.pch";
				GCC_WARN_ABOUT_MISSING_PROTOTYPES = YES;
				INFOPLIST_FILE = "DubsarTests/DubsarTests-Info.plist";
				PRODUCT_NAME = "$(TARGET_NAME)";
				VALIDATE_PRODUCT = YES;
				WRAPPER_EXTENSION = octest;
			};
			name = Release;
		};
		7BF412AF13E8E6B000BAC92A /* Debug */ = {
			isa = XCBuildConfiguration;
			buildSettings = {
				ALWAYS_SEARCH_USER_PATHS = NO;
				CODE_SIGN_IDENTITY = "iPhone Developer: Jimmy Dee (492446EY7H)";
				"CODE_SIGN_IDENTITY[sdk=iphoneos*]" = "iPhone Developer: Jimmy Dee (492446EY7H)";
				COPY_PHASE_STRIP = NO;
				GCC_DYNAMIC_NO_PIC = NO;
				GCC_PRECOMPILE_PREFIX_HEADER = YES;
				GCC_PREFIX_HEADER = "Dubsar/Dubsar-Prefix.pch";
				INFOPLIST_FILE = "Dubsar copy-Info.plist";
				PRODUCT_NAME = "Dubsar copy";
				PROVISIONING_PROFILE = "23D65F2F-95B5-4595-89A4-5E6632933D4E";
				"PROVISIONING_PROFILE[sdk=iphoneos*]" = "23D65F2F-95B5-4595-89A4-5E6632933D4E";
				WRAPPER_EXTENSION = app;
			};
			name = Debug;
		};
		7BF412B013E8E6B000BAC92A /* Release */ = {
			isa = XCBuildConfiguration;
			buildSettings = {
				ALWAYS_SEARCH_USER_PATHS = NO;
				CODE_SIGN_IDENTITY = "iPhone Developer: Jimmy Dee (492446EY7H)";
				"CODE_SIGN_IDENTITY[sdk=iphoneos*]" = "iPhone Developer: Jimmy Dee (492446EY7H)";
				COPY_PHASE_STRIP = YES;
				GCC_PRECOMPILE_PREFIX_HEADER = YES;
				GCC_PREFIX_HEADER = "Dubsar/Dubsar-Prefix.pch";
				INFOPLIST_FILE = "Dubsar copy-Info.plist";
				PRODUCT_NAME = "Dubsar copy";
				PROVISIONING_PROFILE = "23D65F2F-95B5-4595-89A4-5E6632933D4E";
				"PROVISIONING_PROFILE[sdk=iphoneos*]" = "23D65F2F-95B5-4595-89A4-5E6632933D4E";
				VALIDATE_PRODUCT = YES;
				WRAPPER_EXTENSION = app;
			};
			name = Release;
		};
		7BF412CB13E8E81E00BAC92A /* Debug */ = {
			isa = XCBuildConfiguration;
			buildSettings = {
				ALWAYS_SEARCH_USER_PATHS = NO;
				COPY_PHASE_STRIP = NO;
				FRAMEWORK_SEARCH_PATHS = (
					"$(SDKROOT)/Developer/Library/Frameworks",
					"$(DEVELOPER_LIBRARY_DIR)/Frameworks",
				);
				GCC_DYNAMIC_NO_PIC = NO;
				GCC_PRECOMPILE_PREFIX_HEADER = YES;
				GCC_PREFIX_HEADER = "DubsarApplicationTests/DubsarApplicationTests-Prefix.pch";
				GCC_PREPROCESSOR_DEFINITIONS = (
					"DEBUG=1",
					"$(inherited)",
				);
				GCC_WARN_ABOUT_MISSING_PROTOTYPES = YES;
				INFOPLIST_FILE = "DubsarApplicationTests/DubsarApplicationTests-Info.plist";
				PRODUCT_NAME = "$(TARGET_NAME)";
				WRAPPER_EXTENSION = octest;
			};
			name = Debug;
		};
		7BF412CC13E8E81E00BAC92A /* Release */ = {
			isa = XCBuildConfiguration;
			buildSettings = {
				ALWAYS_SEARCH_USER_PATHS = NO;
				COPY_PHASE_STRIP = YES;
				FRAMEWORK_SEARCH_PATHS = (
					"$(SDKROOT)/Developer/Library/Frameworks",
					"$(DEVELOPER_LIBRARY_DIR)/Frameworks",
				);
				GCC_PRECOMPILE_PREFIX_HEADER = YES;
				GCC_PREFIX_HEADER = "DubsarApplicationTests/DubsarApplicationTests-Prefix.pch";
				GCC_WARN_ABOUT_MISSING_PROTOTYPES = YES;
				INFOPLIST_FILE = "DubsarApplicationTests/DubsarApplicationTests-Info.plist";
				PRODUCT_NAME = "$(TARGET_NAME)";
				VALIDATE_PRODUCT = YES;
				WRAPPER_EXTENSION = octest;
			};
			name = Release;
		};
/* End XCBuildConfiguration section */

/* Begin XCConfigurationList section */
		7B327FE713E3875400274E6C /* Build configuration list for PBXProject "Dubsar" */ = {
			isa = XCConfigurationList;
			buildConfigurations = (
				7B32802713E3875400274E6C /* Debug */,
				7B32802813E3875400274E6C /* Release */,
			);
			defaultConfigurationIsVisible = 0;
			defaultConfigurationName = Release;
		};
		7B32802913E3875400274E6C /* Build configuration list for PBXNativeTarget "Dubsar" */ = {
			isa = XCConfigurationList;
			buildConfigurations = (
				7B32802A13E3875400274E6C /* Debug */,
				7B32802B13E3875400274E6C /* Release */,
			);
			defaultConfigurationIsVisible = 0;
			defaultConfigurationName = Release;
		};
		7B6953C513E6E3CC00B10519 /* Build configuration list for PBXNativeTarget "DubsarTests" */ = {
			isa = XCConfigurationList;
			buildConfigurations = (
				7B6953C613E6E3CC00B10519 /* Debug */,
				7B6953C713E6E3CC00B10519 /* Release */,
			);
			defaultConfigurationIsVisible = 0;
			defaultConfigurationName = Release;
		};
		7BF412AE13E8E6B000BAC92A /* Build configuration list for PBXNativeTarget "DubsarTesting" */ = {
			isa = XCConfigurationList;
			buildConfigurations = (
				7BF412AF13E8E6B000BAC92A /* Debug */,
				7BF412B013E8E6B000BAC92A /* Release */,
			);
			defaultConfigurationIsVisible = 0;
			defaultConfigurationName = Release;
		};
		7BF412CA13E8E81E00BAC92A /* Build configuration list for PBXNativeTarget "DubsarApplicationTests" */ = {
			isa = XCConfigurationList;
			buildConfigurations = (
				7BF412CB13E8E81E00BAC92A /* Debug */,
				7BF412CC13E8E81E00BAC92A /* Release */,
			);
			defaultConfigurationIsVisible = 0;
			defaultConfigurationName = Release;
		};
/* End XCConfigurationList section */
	};
	rootObject = 7B327FE413E3875400274E6C /* Project object */;
}
